# Generated by cargo-scarlet — do not edit

[sections.initramfs]
hash = "sha256:653841927adbcd30a627604a1c1fc14f2f1eea21921fb85c86530d8842af9bcb"

[[sections.initramfs.layers]]
kind = "cargo"
package = "userprogram"
bin = "init"
default-features = false
to = "/init"
hash = "sha256:e447177b51a59c58d249263e43d6eae9f9aac6e050d3e139dad58587c576af85"

[sections.initramfs.layers.source]
type = "path"
path = "../../user/bin"

[[sections.initramfs.layers]]
kind = "cargo"
package = "userprogram"
bin = "login"
default-features = false
to = "/bin/login"
hash = "sha256:8f7a15383ac6683f56f28416db714e4ccb18aa2ee46cb91cfdd28dbaf11af3ac"

[sections.initramfs.layers.source]
type = "path"
path = "../../user/bin"

[[sections.initramfs.layers]]
kind = "cargo"
package = "userprogram"
bin = "sh"
default-features = false
to = "/bin/sh"
hash = "sha256:651eeb03879934b1d814a2d9db902fbd389fe1b9a1925ae3ccf715afda7a3f7e"

[sections.initramfs.layers.source]
type = "path"
path = "../../user/bin"

[[sections.initramfs.layers]]
kind = "cargo"
package = "userprogram"
bin = "ps"
default-features = false
to = "/bin/ps"
hash = "sha256:c80fef59d2173c8b88c33d0b43e381631c9bdc386bb2e0c847d4122a0f9276d2"

[sections.initramfs.layers.source]
type = "path"
path = "../../user/bin"

[[sections.initramfs.layers]]
kind = "cargo"
package = "userprogram"
bin = "pty-smoke"
default-features = false
to = "/bin/pty-smoke"
hash = "sha256:8e064acb6556156499eb7f5ade1d27eb64a7322138f55f9def8168fe5da56c59"

[sections.initramfs.layers.source]
type = "path"
path = "../../user/bin"
