# This file is automatically @generated by Cargo.
# It is not intended for manual editing.
version = 4

[[package]]
name = "scarlet-abi"
version = "1.0.0"

[[package]]
name = "scarlet-dl"
version = "0.1.0"
dependencies = [
 "scarlet-loader-core",
 "scarlet-sys",
]

[[package]]
name = "scarlet-loader-core"
version = "0.1.0"

[[package]]
name = "scarlet-sys"
version = "1.0.0"
dependencies = [
 "scarlet-abi",
]
