{
  "nodes": {
    "nixpkgs": {
      "locked": {
        "lastModified": 1780930886,
        "narHash": "sha256-rppURzHviaQN131F+nLiLdGfcb0uCd9gGP0E5+iw9MI=",
        "owner": "NixOS",
        "repo": "nixpkgs",
        "rev": "8c3cede7ddc26bd659d2d383b5610efbd2c7a16e",
        "type": "github"
      },
      "original": {
        "owner": "NixOS",
        "ref": "nixpkgs-unstable",
        "repo": "nixpkgs",
        "type": "github"
      }
    },
    "nixpkgs_2": {
      "locked": {
        "lastModified": 1780365719,
        "narHash": "sha256-QfWfccTN+70ZQ4m2qlU9PiKfz2Yppq94058iJyARNwc=",
        "owner": "NixOS",
        "repo": "nixpkgs",
        "rev": "ffa10e26ae11d676b2db836259889f1f571cb14f",
        "type": "github"
      },
      "original": {
        "owner": "NixOS",
        "ref": "nixpkgs-unstable",
        "repo": "nixpkgs",
        "type": "github"
      }
    },
    "root": {
      "inputs": {
        "nixpkgs": "nixpkgs",
        "scarlet-rust-toolchain": "scarlet-rust-toolchain",
        "scarlet-sdk": "scarlet-sdk"
      }
    },
    "rust-overlay": {
      "inputs": {
        "nixpkgs": [
          "scarlet-rust-toolchain",
          "nixpkgs"
        ]
      },
      "locked": {
        "lastModified": 1780715792,
        "narHash": "sha256-4+8gPeiPeud89mjo865RwpqmKwa1MThRsq2SvRxo7mg=",
        "owner": "oxalica",
        "repo": "rust-overlay",
        "rev": "27b7e78c6935293ee868469cc4172e9b8b17823b",
        "type": "github"
      },
      "original": {
        "owner": "oxalica",
        "repo": "rust-overlay",
        "type": "github"
      }
    },
    "scarlet-rust-toolchain": {
      "inputs": {
        "nixpkgs": "nixpkgs_2",
        "rust-overlay": "rust-overlay"
      },
      "locked": {
        "lastModified": 1780929267,
        "narHash": "sha256-DwSNLzzZkEVteJDY12Ue17GDysHLn051wnKcsFuvJa4=",
        "owner": "petitstrawberry",
        "repo": "scarlet-rust-nix",
        "rev": "059a8e8381ef6914d032f3a415a1903fadb3fbe0",
        "type": "github"
      },
      "original": {
        "owner": "petitstrawberry",
        "repo": "scarlet-rust-nix",
        "type": "github"
      }
    },
    "scarlet-sdk": {
      "flake": false,
      "locked": {
        "lastModified": 1781189756,
        "narHash": "sha256-ktK3Ds1y5ahy/bHffMRvxyWC9xXDSkfegAtJc4brfUA=",
        "owner": "petitstrawberry",
        "repo": "scarlet-sdk",
        "rev": "93e0f245c4294235c08a921846b7106db9871447",
        "type": "github"
      },
      "original": {
        "owner": "petitstrawberry",
        "repo": "scarlet-sdk",
        "type": "github"
      }
    }
  },
  "root": "root",
  "version": 7
}
