# This file is automatically @generated by Cargo.
# It is not intended for manual editing.
version = 4

[[package]]
name = "bitflags"
version = "2.11.1"
source = "registry+https://github.com/rust-lang/crates.io-index"
checksum = "c4512299f36f043ab09a583e57bceb5a5aab7a73db1805848e8fef3c9e8c78b3"

[[package]]
name = "jit-assembler"
version = "0.3.0"
source = "registry+https://github.com/rust-lang/crates.io-index"
checksum = "563f1984653575362f2665a4b1803164a9183f0dff27ddea1dba2fcae2ee3890"

[[package]]
name = "libm"
version = "0.2.16"
source = "registry+https://github.com/rust-lang/crates.io-index"
checksum = "b6d2cec3eae94f9f509c767b45932f1ada8350c4bdb85af2fcab4a3c14807981"

[[package]]
name = "wasm_jit"
version = "0.1.0"
dependencies = [
 "jit-assembler",
 "libm",
 "wasmparser",
]

[[package]]
name = "wasmparser"
version = "0.225.0"
source = "registry+https://github.com/rust-lang/crates.io-index"
checksum = "36e5456165f81e64cb9908a0fe9b9d852c2c74582aa3fe2be3c2da57f937d3ae"
dependencies = [
 "bitflags",
]
