# Generated by cargo-scarlet — do not edit

[sections.boot]
hash = "sha256:9d8537515423c66e6480b4c976059f29c89cc855c0d57a09d6f7d891a465ad85"
layers = []

[sections.initramfs]
hash = "sha256:3fd1758c35c6cad757986e1a50d720ee689da1c44df9ad290bf4ba1c7c0a817d"

[[sections.initramfs.layers]]
kind = "cargo"
package = "user-bin"
bin = "init"
to = "/system/scarlet/bin/init"
hash = "sha256:0d442e9123ed5e8ea70942d4b0efe0f6b7bfb278424da1c0786f4ecc832791ba"

[sections.initramfs.layers.source]
type = "path"
path = "../../user/bin"

[[sections.initramfs.layers]]
kind = "cargo"
package = "user-bin"
bin = "sh"
to = "/system/scarlet/bin/sh"
hash = "sha256:ce9893506f4dc690b9f8b2399e68698a62bb6469e32fa2a80b702e53cbd40506"

[sections.initramfs.layers.source]
type = "path"
path = "../../user/bin"

[[sections.initramfs.layers]]
kind = "cargo"
package = "user-bin"
bin = "login"
to = "/system/scarlet/bin/login"
hash = "sha256:833a8f4eaa08457b4161238ac6f42ad3b4fa2b37353e292c8cf9e724a26f6a8f"

[sections.initramfs.layers.source]
type = "path"
path = "../../user/bin"

[[sections.initramfs.layers]]
kind = "cargo"
package = "user-bin"
bin = "stemd"
to = "/system/scarlet/bin/stemd"
hash = "sha256:4e461181d0444f31c2914a8fd13d26502bc993e198ecf68c47445734344e9eee"

[sections.initramfs.layers.source]
type = "path"
path = "../../user/bin"

[[sections.initramfs.layers]]
kind = "cargo"
package = "user-bin"
bin = "sbusd"
to = "/system/scarlet/bin/sbusd"
hash = "sha256:395ddbfe70374541e47bb309dd68e1aa7c5f033d4dfd9ad45ec9558366798e6e"

[sections.initramfs.layers.source]
type = "path"
path = "../../user/bin"

[[sections.initramfs.layers]]
kind = "cargo"
bin = "hello"
to = "/system/scarlet/bin/hello"
hash = "sha256:db39a518685da8cafa1833cc0709b0cd3fa7699dd2c1d1e4b9051ac5fd01a37e"

[sections.initramfs.layers.source]
type = "path"
path = "../../user/std-bin"

[[sections.initramfs.layers]]
kind = "cargo"
package = "user-bin"
bin = "ps"
to = "/system/scarlet/bin/ps"
hash = "sha256:e3544f9ce2f81309ab1402db368293218e8a439b60bed690dbd01f38828d75f6"

[sections.initramfs.layers.source]
type = "path"
path = "../../user/bin"

[[sections.initramfs.layers]]
kind = "cargo"
package = "user-bin"
bin = "shutdown"
to = "/system/scarlet/bin/shutdown"
hash = "sha256:e6b6bb4a16cb80089f269b9e63096a447f1fa2b539839967cf8489535a251836"

[sections.initramfs.layers.source]
type = "path"
path = "../../user/bin"

[[sections.initramfs.layers]]
kind = "cargo"
package = "scarlet-std-bin"
bin = "top"
to = "/system/scarlet/bin/top"
hash = "sha256:0a743666cb920da402652fb629db9789bb2285fe87934558a5c115c02062664f"

[sections.initramfs.layers.source]
type = "path"
path = "../../user/std-bin"

[[sections.initramfs.layers]]
kind = "cargo"
package = "user-bin"
bin = "scpm"
to = "/system/scarlet/bin/scpm"
hash = "sha256:0d97fd2e0ace49c9addea45ec7a8b5b64785260e30c87827a3a08171ccbe961c"

[sections.initramfs.layers.source]
type = "path"
path = "../../user/bin"

[[sections.initramfs.layers]]
kind = "cargo"
package = "user-bin"
bin = "netcfgd"
to = "/system/scarlet/bin/netcfgd"
hash = "sha256:79ae13af49dbb7e07423e5df1fabdb3f3e57999a44b61811d17bd747ea5876d6"

[sections.initramfs.layers.source]
type = "path"
path = "../../user/bin"

[[sections.initramfs.layers]]
kind = "cargo"
bin = "resolverd"
to = "/system/scarlet/bin/resolverd"
hash = "sha256:b4a33d2c97fbd89ffe07f3d89540e7790ffd23c3684d94b565e2922871b6968b"

[sections.initramfs.layers.source]
type = "path"
path = "../../user/std-bin"

[[sections.initramfs.layers]]
kind = "cargo"
package = "user-bin"
bin = "microvm_init"
to = "/system/scarlet/bin/init"
hash = "sha256:0e52cc7e6c580e907b6cd6a8104d85db739f777aa345711b7638c309fa0e0cfb"

[sections.initramfs.layers.source]
type = "path"
path = "../../user/bin"

[sections.rootfs]
hash = "sha256:c0a068b152edbd8b7398687498c1a6b5532e4306bdfd7da1c2f92cd541054da4"

[[sections.rootfs.layers]]
kind = "cargo"
package = "user-bin"
bin = "init"
to = "/system/scarlet/bin/init"
hash = "sha256:0d442e9123ed5e8ea70942d4b0efe0f6b7bfb278424da1c0786f4ecc832791ba"

[sections.rootfs.layers.source]
type = "path"
path = "../../user/bin"

[[sections.rootfs.layers]]
kind = "cargo"
package = "user-bin"
bin = "sh"
to = "/system/scarlet/bin/sh"
hash = "sha256:ce9893506f4dc690b9f8b2399e68698a62bb6469e32fa2a80b702e53cbd40506"

[sections.rootfs.layers.source]
type = "path"
path = "../../user/bin"

[[sections.rootfs.layers]]
kind = "cargo"
package = "user-bin"
bin = "login"
to = "/system/scarlet/bin/login"
hash = "sha256:833a8f4eaa08457b4161238ac6f42ad3b4fa2b37353e292c8cf9e724a26f6a8f"

[sections.rootfs.layers.source]
type = "path"
path = "../../user/bin"

[[sections.rootfs.layers]]
kind = "cargo"
package = "user-bin"
bin = "stemd"
to = "/system/scarlet/bin/stemd"
hash = "sha256:4e461181d0444f31c2914a8fd13d26502bc993e198ecf68c47445734344e9eee"

[sections.rootfs.layers.source]
type = "path"
path = "../../user/bin"

[[sections.rootfs.layers]]
kind = "cargo"
package = "user-bin"
bin = "sbusd"
to = "/system/scarlet/bin/sbusd"
hash = "sha256:395ddbfe70374541e47bb309dd68e1aa7c5f033d4dfd9ad45ec9558366798e6e"

[sections.rootfs.layers.source]
type = "path"
path = "../../user/bin"

[[sections.rootfs.layers]]
kind = "cargo"
bin = "hello"
to = "/system/scarlet/bin/hello"
hash = "sha256:db39a518685da8cafa1833cc0709b0cd3fa7699dd2c1d1e4b9051ac5fd01a37e"

[sections.rootfs.layers.source]
type = "path"
path = "../../user/std-bin"

[[sections.rootfs.layers]]
kind = "cargo"
package = "user-bin"
bin = "ps"
to = "/system/scarlet/bin/ps"
hash = "sha256:e3544f9ce2f81309ab1402db368293218e8a439b60bed690dbd01f38828d75f6"

[sections.rootfs.layers.source]
type = "path"
path = "../../user/bin"

[[sections.rootfs.layers]]
kind = "cargo"
package = "user-bin"
bin = "shutdown"
to = "/system/scarlet/bin/shutdown"
hash = "sha256:e6b6bb4a16cb80089f269b9e63096a447f1fa2b539839967cf8489535a251836"

[sections.rootfs.layers.source]
type = "path"
path = "../../user/bin"

[[sections.rootfs.layers]]
kind = "cargo"
package = "scarlet-std-bin"
bin = "top"
to = "/system/scarlet/bin/top"
hash = "sha256:0a743666cb920da402652fb629db9789bb2285fe87934558a5c115c02062664f"

[sections.rootfs.layers.source]
type = "path"
path = "../../user/std-bin"

[[sections.rootfs.layers]]
kind = "cargo"
package = "user-bin"
bin = "scpm"
to = "/system/scarlet/bin/scpm"
hash = "sha256:0d97fd2e0ace49c9addea45ec7a8b5b64785260e30c87827a3a08171ccbe961c"

[sections.rootfs.layers.source]
type = "path"
path = "../../user/bin"

[[sections.rootfs.layers]]
kind = "cargo"
package = "user-bin"
bin = "netcfgd"
to = "/system/scarlet/bin/netcfgd"
hash = "sha256:79ae13af49dbb7e07423e5df1fabdb3f3e57999a44b61811d17bd747ea5876d6"

[sections.rootfs.layers.source]
type = "path"
path = "../../user/bin"

[[sections.rootfs.layers]]
kind = "cargo"
bin = "resolverd"
to = "/system/scarlet/bin/resolverd"
hash = "sha256:b4a33d2c97fbd89ffe07f3d89540e7790ffd23c3684d94b565e2922871b6968b"

[sections.rootfs.layers.source]
type = "path"
path = "../../user/std-bin"

[[sections.rootfs.layers]]
kind = "cargo"
package = "user-bin"
bin = "microvm_init"
to = "/system/scarlet/bin/init"
hash = "sha256:0e52cc7e6c580e907b6cd6a8104d85db739f777aa345711b7638c309fa0e0cfb"

[sections.rootfs.layers.source]
type = "path"
path = "../../user/bin"
