# Generated by cargo-scarlet — do not edit

[sections.boot]
hash = "sha256:5d4ab5a02ee820fcd6f321de6620ad6969890cc45ad7963fb47d9829488aff6e"
files = []
packages = []

[sections.initramfs]
hash = "sha256:b697809b15f285dd370bac71643e9fc52a483d7349671268f0471bad732608f7"
files = []

[[sections.initramfs.packages]]
kind = "cargo"
bin = "microvm_init"
hash = "sha256:c3a77d50c1516b1bc803083a1343c991e54acecf281d15d567f67fc271825101"

[sections.initramfs.packages.source]
type = "path"
path = "../../user/bin"

[[sections.initramfs.packages]]
kind = "cargo"
bin = "init"
hash = "sha256:6947049909c3faa3955d6383b5c02dc1731a5a17f18b8466ab985bc2471ba1f8"

[sections.initramfs.packages.source]
type = "path"
path = "../../user/bin"

[[sections.initramfs.packages]]
kind = "cargo"
bin = "sh"
hash = "sha256:0915afeff9aad60ec85bda574942f34c3073fac48f6fd22c02ff6f7e5f302d19"

[sections.initramfs.packages.source]
type = "path"
path = "../../user/bin"

[[sections.initramfs.packages]]
kind = "cargo"
bin = "login"
hash = "sha256:7bb5a759e9faf0776f4cef310aab99f2d49225755fb534ce81a94c240efcc643"

[sections.initramfs.packages.source]
type = "path"
path = "../../user/bin"

[[sections.initramfs.packages]]
kind = "cargo"
bin = "stemd"
hash = "sha256:30d4fdf6eb1d4433a22c37b66c3a79a18d6316617b41cf48262fffcd6812e7a0"

[sections.initramfs.packages.source]
type = "path"
path = "../../user/bin"

[[sections.initramfs.packages]]
kind = "cargo"
bin = "sbusd"
hash = "sha256:7bad028a7475cba51eff3c07bb02662c96b3766beb6be75b5f2594b4d113b57c"

[sections.initramfs.packages.source]
type = "path"
path = "../../user/bin"

[[sections.initramfs.packages]]
kind = "cargo"
bin = "hello"
hash = "sha256:004dbaa18cb89830fd3e3a9e0a84a229fdc02932082d01bfe5fd3821f72eaa15"

[sections.initramfs.packages.source]
type = "path"
path = "../../user/std-bin"

[[sections.initramfs.packages]]
kind = "cargo"
bin = "ps"
hash = "sha256:97f805f770116d80856a1359cd7a8fb954f97d25f7937c6ac32d358524972f2a"

[sections.initramfs.packages.source]
type = "path"
path = "../../user/bin"

[[sections.initramfs.packages]]
kind = "cargo"
bin = "shutdown"
hash = "sha256:f310a73d23e3eddd185ed2d5960400f185cc1afb0205e5b52ca924d3c157d1d9"

[sections.initramfs.packages.source]
type = "path"
path = "../../user/bin"

[[sections.initramfs.packages]]
kind = "cargo"
bin = "top"
hash = "sha256:cc360ca268969f54494d77330fd29905c5f05704fca440575ea05a6758ea8bec"

[sections.initramfs.packages.source]
type = "path"
path = "../../user/bin"

[[sections.initramfs.packages]]
kind = "cargo"
bin = "scpm"
hash = "sha256:f7eb09eaa27f8da0a5ec62f6a7326a1389d53ded66457e4102d2e264fb039616"

[sections.initramfs.packages.source]
type = "path"
path = "../../user/bin"

[[sections.initramfs.packages]]
kind = "cargo"
bin = "netcfgd"
hash = "sha256:3ea4dcc909f773df828597a0012ecc224ca54c8b758c184bec9a0f143297040f"

[sections.initramfs.packages.source]
type = "path"
path = "../../user/bin"

[[sections.initramfs.packages]]
kind = "cargo"
bin = "resolverd"
hash = "sha256:c21e2e1fd4cf39cf7c4b715dcbb43c8e4d2cda54e51fd690690518ce3cf39404"

[sections.initramfs.packages.source]
type = "path"
path = "../../user/std-bin"

[sections.rootfs]
hash = "sha256:b697809b15f285dd370bac71643e9fc52a483d7349671268f0471bad732608f7"
files = []

[[sections.rootfs.packages]]
kind = "cargo"
bin = "microvm_init"
hash = "sha256:c3a77d50c1516b1bc803083a1343c991e54acecf281d15d567f67fc271825101"

[sections.rootfs.packages.source]
type = "path"
path = "../../user/bin"

[[sections.rootfs.packages]]
kind = "cargo"
bin = "init"
hash = "sha256:6947049909c3faa3955d6383b5c02dc1731a5a17f18b8466ab985bc2471ba1f8"

[sections.rootfs.packages.source]
type = "path"
path = "../../user/bin"

[[sections.rootfs.packages]]
kind = "cargo"
bin = "sh"
hash = "sha256:0915afeff9aad60ec85bda574942f34c3073fac48f6fd22c02ff6f7e5f302d19"

[sections.rootfs.packages.source]
type = "path"
path = "../../user/bin"

[[sections.rootfs.packages]]
kind = "cargo"
bin = "login"
hash = "sha256:7bb5a759e9faf0776f4cef310aab99f2d49225755fb534ce81a94c240efcc643"

[sections.rootfs.packages.source]
type = "path"
path = "../../user/bin"

[[sections.rootfs.packages]]
kind = "cargo"
bin = "stemd"
hash = "sha256:30d4fdf6eb1d4433a22c37b66c3a79a18d6316617b41cf48262fffcd6812e7a0"

[sections.rootfs.packages.source]
type = "path"
path = "../../user/bin"

[[sections.rootfs.packages]]
kind = "cargo"
bin = "sbusd"
hash = "sha256:7bad028a7475cba51eff3c07bb02662c96b3766beb6be75b5f2594b4d113b57c"

[sections.rootfs.packages.source]
type = "path"
path = "../../user/bin"

[[sections.rootfs.packages]]
kind = "cargo"
bin = "hello"
hash = "sha256:004dbaa18cb89830fd3e3a9e0a84a229fdc02932082d01bfe5fd3821f72eaa15"

[sections.rootfs.packages.source]
type = "path"
path = "../../user/std-bin"

[[sections.rootfs.packages]]
kind = "cargo"
bin = "ps"
hash = "sha256:97f805f770116d80856a1359cd7a8fb954f97d25f7937c6ac32d358524972f2a"

[sections.rootfs.packages.source]
type = "path"
path = "../../user/bin"

[[sections.rootfs.packages]]
kind = "cargo"
bin = "shutdown"
hash = "sha256:f310a73d23e3eddd185ed2d5960400f185cc1afb0205e5b52ca924d3c157d1d9"

[sections.rootfs.packages.source]
type = "path"
path = "../../user/bin"

[[sections.rootfs.packages]]
kind = "cargo"
bin = "top"
hash = "sha256:cc360ca268969f54494d77330fd29905c5f05704fca440575ea05a6758ea8bec"

[sections.rootfs.packages.source]
type = "path"
path = "../../user/bin"

[[sections.rootfs.packages]]
kind = "cargo"
bin = "scpm"
hash = "sha256:f7eb09eaa27f8da0a5ec62f6a7326a1389d53ded66457e4102d2e264fb039616"

[sections.rootfs.packages.source]
type = "path"
path = "../../user/bin"

[[sections.rootfs.packages]]
kind = "cargo"
bin = "netcfgd"
hash = "sha256:3ea4dcc909f773df828597a0012ecc224ca54c8b758c184bec9a0f143297040f"

[sections.rootfs.packages.source]
type = "path"
path = "../../user/bin"

[[sections.rootfs.packages]]
kind = "cargo"
bin = "resolverd"
hash = "sha256:c21e2e1fd4cf39cf7c4b715dcbb43c8e4d2cda54e51fd690690518ce3cf39404"

[sections.rootfs.packages.source]
type = "path"
path = "../../user/std-bin"
