# Generated by cargo-scarlet — do not edit

[sections.boot]
hash = "sha256:f6bf64f196415a56b2fbf01d5e093c65d238fbae172f3bc7a038f4f6f747a5b7"
layers = []

[sections.initramfs]
hash = "sha256:f000447b3e8f434ec6691ea1f983df065ab3492531aa9a17d293b57f31969cfe"

[[sections.initramfs.layers]]
kind = "cargo"
package = "user-bin"
bin = "init"
to = "/system/scarlet/bin/init"
hash = "sha256:155425278550c63e1838266722187b2db0942afb1ae832038fdf457ceb09bb65"

[sections.initramfs.layers.source]
type = "path"
path = "../../user/bin"

[[sections.initramfs.layers]]
kind = "cargo"
package = "user-bin"
bin = "sh"
to = "/system/scarlet/bin/sh"
hash = "sha256:c4ee98b78cae7711e11cde40448119df4bd77fb53cd934029a918de28f794aff"

[sections.initramfs.layers.source]
type = "path"
path = "../../user/bin"

[[sections.initramfs.layers]]
kind = "cargo"
package = "user-bin"
bin = "login"
to = "/system/scarlet/bin/login"
hash = "sha256:87d60c197ca045b6d2b09e661edc9c110d2d5b9385ef5b26481f092e3d9d91c5"

[sections.initramfs.layers.source]
type = "path"
path = "../../user/bin"

[[sections.initramfs.layers]]
kind = "cargo"
package = "scarlet-std-bin"
bin = "stemd"
to = "/system/scarlet/bin/stemd"
hash = "sha256:59b0bd1431230142a982748a27f8e14ce476078d31dd23a5013cab9e2c5565bf"

[sections.initramfs.layers.source]
type = "path"
path = "../../user/std-bin"

[[sections.initramfs.layers]]
kind = "cargo"
package = "user-bin"
bin = "sbusd"
to = "/system/scarlet/bin/sbusd"
hash = "sha256:94901b45e46369c518b5f0f5f930ba7fe9a975caff69d539117f5389cc783ee7"

[sections.initramfs.layers.source]
type = "path"
path = "../../user/bin"

[[sections.initramfs.layers]]
kind = "cargo"
bin = "hello"
to = "/system/scarlet/bin/hello"
hash = "sha256:3a9161f428c6f45ad4ccb780766bb832b94b12fd805a699b5f9526c224107790"

[sections.initramfs.layers.source]
type = "path"
path = "../../user/std-bin"

[[sections.initramfs.layers]]
kind = "cargo"
package = "user-bin"
bin = "ps"
to = "/system/scarlet/bin/ps"
hash = "sha256:d62dc901b34415a4481c03ef9a731a09af690903ce4a280817ef4dc3dc1c9d1b"

[sections.initramfs.layers.source]
type = "path"
path = "../../user/bin"

[[sections.initramfs.layers]]
kind = "cargo"
bin = "shutdown"
to = "/system/scarlet/bin/shutdown"
hash = "sha256:a94f4f39034de1fab94b3ed2783de4ac36cca7363a665a8137f19aabba1ea6ef"

[sections.initramfs.layers.source]
type = "path"
path = "../../user/std-bin"

[[sections.initramfs.layers]]
kind = "cargo"
package = "scarlet-std-bin"
bin = "top"
to = "/system/scarlet/bin/top"
hash = "sha256:4eccd969642c489064a79fe8d89b5487c0626bdb26d272a380f4b04b08153594"

[sections.initramfs.layers.source]
type = "path"
path = "../../user/std-bin"

[[sections.initramfs.layers]]
kind = "cargo"
package = "scarlet-std-bin"
bin = "kill"
to = "/system/scarlet/bin/kill"
hash = "sha256:eb13719c2590690c16bbe17e3f0bb7028cc307bb0192e77f7d176ddfc6a2aa07"

[sections.initramfs.layers.source]
type = "path"
path = "../../user/std-bin"

[[sections.initramfs.layers]]
kind = "cargo"
package = "user-bin"
bin = "scpm"
to = "/system/scarlet/bin/scpm"
hash = "sha256:f922766b277742d6fd971783aa3a5e1812f8972a6861014be0f189b67be6b83e"

[sections.initramfs.layers.source]
type = "path"
path = "../../user/bin"

[[sections.initramfs.layers]]
kind = "cargo"
package = "user-bin"
bin = "netcfgd"
to = "/system/scarlet/bin/netcfgd"
hash = "sha256:2b81fe6fc53dbe41de5e0ea02f05d1c87942feacce28916bbcb304ac6cf4d2c9"

[sections.initramfs.layers.source]
type = "path"
path = "../../user/bin"

[[sections.initramfs.layers]]
kind = "cargo"
bin = "resolverd"
to = "/system/scarlet/bin/resolverd"
hash = "sha256:fc93bf28c94752aa20235919eea83b210a228f0e624c935dc85d023b413fb76e"

[sections.initramfs.layers.source]
type = "path"
path = "../../user/std-bin"

[[sections.initramfs.layers]]
kind = "cargo"
bin = "ls"
to = "/system/scarlet/bin/ls"
hash = "sha256:a22199c2b7274cb0fd4c60cdd478d546576244aa8fc1b276a98128c877f73ec0"

[sections.initramfs.layers.source]
type = "path"
path = "../../user/std-bin"

[[sections.initramfs.layers]]
kind = "cargo"
bin = "cat"
to = "/system/scarlet/bin/cat"
hash = "sha256:a709dfae6b1c9ee457bb25e1c7ca5672baa9669c950168c7fc1b02ac6f4f7143"

[sections.initramfs.layers.source]
type = "path"
path = "../../user/std-bin"

[[sections.initramfs.layers]]
kind = "cargo"
bin = "rm"
to = "/system/scarlet/bin/rm"
hash = "sha256:2f3793500ef147a59b89f82495969a5adca07a5461bcbc837611e81559d2b7f4"

[sections.initramfs.layers.source]
type = "path"
path = "../../user/std-bin"

[[sections.initramfs.layers]]
kind = "cargo"
bin = "resolve"
to = "/system/scarlet/bin/resolve"
hash = "sha256:b83a43f7008a772c1cc884ac74011c4d0b2231063092bf831c48e88c349be9a7"

[sections.initramfs.layers.source]
type = "path"
path = "../../user/std-bin"

[[sections.initramfs.layers]]
kind = "cargo"
bin = "nc"
to = "/system/scarlet/bin/nc"
hash = "sha256:cec89cc49d8ba21a189a0522fe0bc130d9a806be4c8620350703377b3b9d42e8"

[sections.initramfs.layers.source]
type = "path"
path = "../../user/std-bin"

[[sections.initramfs.layers]]
kind = "cargo"
bin = "ping"
to = "/system/scarlet/bin/ping"
hash = "sha256:40897869025697b0a19e08638a6fa24bf12dd11681adfc463512adf3da4b0b0b"

[sections.initramfs.layers.source]
type = "path"
path = "../../user/std-bin"

[[sections.initramfs.layers]]
kind = "cargo"
bin = "netcfg"
to = "/system/scarlet/bin/netcfg"
hash = "sha256:84dc1d113ac026773a356f25428153f0eb6e71a9715fccd3f644efb6e5a5b799"

[sections.initramfs.layers.source]
type = "path"
path = "../../user/std-bin"

[[sections.initramfs.layers]]
kind = "cargo"
bin = "watch"
to = "/system/scarlet/bin/watch"
hash = "sha256:64b0b53bf359f624cab0034614c968e546bd071cad74ed171d05ba8880b0bba6"

[sections.initramfs.layers.source]
type = "path"
path = "../../user/std-bin"

[[sections.initramfs.layers]]
kind = "cargo"
bin = "date"
to = "/system/scarlet/bin/date"
hash = "sha256:80a87016508ef755ef9065898800fd907808034c6b0d9a3755d59bd58a270d98"

[sections.initramfs.layers.source]
type = "path"
path = "../../user/std-bin"

[[sections.initramfs.layers]]
kind = "cargo"
bin = "fb_test"
to = "/system/scarlet/bin/fb_test"
hash = "sha256:4643107d7c8f16b617a9440412095504d6574fd608e48a7739ea268bb0d6079a"

[sections.initramfs.layers.source]
type = "path"
path = "../../user/std-bin"

[sections.rootfs]
hash = "sha256:65a1e97daca80f6dae4e788dc068b0698dbe57de525e4623b0223078a06d12df"

[[sections.rootfs.layers]]
kind = "cargo"
package = "user-bin"
bin = "init"
to = "/system/scarlet/bin/init"
hash = "sha256:155425278550c63e1838266722187b2db0942afb1ae832038fdf457ceb09bb65"

[sections.rootfs.layers.source]
type = "path"
path = "../../user/bin"

[[sections.rootfs.layers]]
kind = "cargo"
package = "user-bin"
bin = "sh"
to = "/system/scarlet/bin/sh"
hash = "sha256:c4ee98b78cae7711e11cde40448119df4bd77fb53cd934029a918de28f794aff"

[sections.rootfs.layers.source]
type = "path"
path = "../../user/bin"

[[sections.rootfs.layers]]
kind = "cargo"
package = "user-bin"
bin = "login"
to = "/system/scarlet/bin/login"
hash = "sha256:87d60c197ca045b6d2b09e661edc9c110d2d5b9385ef5b26481f092e3d9d91c5"

[sections.rootfs.layers.source]
type = "path"
path = "../../user/bin"

[[sections.rootfs.layers]]
kind = "cargo"
package = "scarlet-std-bin"
bin = "stemd"
to = "/system/scarlet/bin/stemd"
hash = "sha256:59b0bd1431230142a982748a27f8e14ce476078d31dd23a5013cab9e2c5565bf"

[sections.rootfs.layers.source]
type = "path"
path = "../../user/std-bin"

[[sections.rootfs.layers]]
kind = "cargo"
package = "user-bin"
bin = "sbusd"
to = "/system/scarlet/bin/sbusd"
hash = "sha256:94901b45e46369c518b5f0f5f930ba7fe9a975caff69d539117f5389cc783ee7"

[sections.rootfs.layers.source]
type = "path"
path = "../../user/bin"

[[sections.rootfs.layers]]
kind = "cargo"
bin = "hello"
to = "/system/scarlet/bin/hello"
hash = "sha256:3a9161f428c6f45ad4ccb780766bb832b94b12fd805a699b5f9526c224107790"

[sections.rootfs.layers.source]
type = "path"
path = "../../user/std-bin"

[[sections.rootfs.layers]]
kind = "cargo"
package = "user-bin"
bin = "ps"
to = "/system/scarlet/bin/ps"
hash = "sha256:d62dc901b34415a4481c03ef9a731a09af690903ce4a280817ef4dc3dc1c9d1b"

[sections.rootfs.layers.source]
type = "path"
path = "../../user/bin"

[[sections.rootfs.layers]]
kind = "cargo"
bin = "shutdown"
to = "/system/scarlet/bin/shutdown"
hash = "sha256:a94f4f39034de1fab94b3ed2783de4ac36cca7363a665a8137f19aabba1ea6ef"

[sections.rootfs.layers.source]
type = "path"
path = "../../user/std-bin"

[[sections.rootfs.layers]]
kind = "cargo"
package = "scarlet-std-bin"
bin = "top"
to = "/system/scarlet/bin/top"
hash = "sha256:4eccd969642c489064a79fe8d89b5487c0626bdb26d272a380f4b04b08153594"

[sections.rootfs.layers.source]
type = "path"
path = "../../user/std-bin"

[[sections.rootfs.layers]]
kind = "cargo"
package = "scarlet-std-bin"
bin = "kill"
to = "/system/scarlet/bin/kill"
hash = "sha256:eb13719c2590690c16bbe17e3f0bb7028cc307bb0192e77f7d176ddfc6a2aa07"

[sections.rootfs.layers.source]
type = "path"
path = "../../user/std-bin"

[[sections.rootfs.layers]]
kind = "cargo"
package = "user-bin"
bin = "scpm"
to = "/system/scarlet/bin/scpm"
hash = "sha256:f922766b277742d6fd971783aa3a5e1812f8972a6861014be0f189b67be6b83e"

[sections.rootfs.layers.source]
type = "path"
path = "../../user/bin"

[[sections.rootfs.layers]]
kind = "cargo"
package = "user-bin"
bin = "netcfgd"
to = "/system/scarlet/bin/netcfgd"
hash = "sha256:2b81fe6fc53dbe41de5e0ea02f05d1c87942feacce28916bbcb304ac6cf4d2c9"

[sections.rootfs.layers.source]
type = "path"
path = "../../user/bin"

[[sections.rootfs.layers]]
kind = "cargo"
bin = "resolverd"
to = "/system/scarlet/bin/resolverd"
hash = "sha256:fc93bf28c94752aa20235919eea83b210a228f0e624c935dc85d023b413fb76e"

[sections.rootfs.layers.source]
type = "path"
path = "../../user/std-bin"

[[sections.rootfs.layers]]
kind = "cargo"
bin = "ls"
to = "/system/scarlet/bin/ls"
hash = "sha256:a22199c2b7274cb0fd4c60cdd478d546576244aa8fc1b276a98128c877f73ec0"

[sections.rootfs.layers.source]
type = "path"
path = "../../user/std-bin"

[[sections.rootfs.layers]]
kind = "cargo"
bin = "cat"
to = "/system/scarlet/bin/cat"
hash = "sha256:a709dfae6b1c9ee457bb25e1c7ca5672baa9669c950168c7fc1b02ac6f4f7143"

[sections.rootfs.layers.source]
type = "path"
path = "../../user/std-bin"

[[sections.rootfs.layers]]
kind = "cargo"
bin = "rm"
to = "/system/scarlet/bin/rm"
hash = "sha256:2f3793500ef147a59b89f82495969a5adca07a5461bcbc837611e81559d2b7f4"

[sections.rootfs.layers.source]
type = "path"
path = "../../user/std-bin"

[[sections.rootfs.layers]]
kind = "cargo"
bin = "resolve"
to = "/system/scarlet/bin/resolve"
hash = "sha256:b83a43f7008a772c1cc884ac74011c4d0b2231063092bf831c48e88c349be9a7"

[sections.rootfs.layers.source]
type = "path"
path = "../../user/std-bin"

[[sections.rootfs.layers]]
kind = "cargo"
bin = "nc"
to = "/system/scarlet/bin/nc"
hash = "sha256:cec89cc49d8ba21a189a0522fe0bc130d9a806be4c8620350703377b3b9d42e8"

[sections.rootfs.layers.source]
type = "path"
path = "../../user/std-bin"

[[sections.rootfs.layers]]
kind = "cargo"
bin = "ping"
to = "/system/scarlet/bin/ping"
hash = "sha256:40897869025697b0a19e08638a6fa24bf12dd11681adfc463512adf3da4b0b0b"

[sections.rootfs.layers.source]
type = "path"
path = "../../user/std-bin"

[[sections.rootfs.layers]]
kind = "cargo"
bin = "netcfg"
to = "/system/scarlet/bin/netcfg"
hash = "sha256:84dc1d113ac026773a356f25428153f0eb6e71a9715fccd3f644efb6e5a5b799"

[sections.rootfs.layers.source]
type = "path"
path = "../../user/std-bin"

[[sections.rootfs.layers]]
kind = "cargo"
bin = "watch"
to = "/system/scarlet/bin/watch"
hash = "sha256:64b0b53bf359f624cab0034614c968e546bd071cad74ed171d05ba8880b0bba6"

[sections.rootfs.layers.source]
type = "path"
path = "../../user/std-bin"

[[sections.rootfs.layers]]
kind = "cargo"
bin = "date"
to = "/system/scarlet/bin/date"
hash = "sha256:80a87016508ef755ef9065898800fd907808034c6b0d9a3755d59bd58a270d98"

[sections.rootfs.layers.source]
type = "path"
path = "../../user/std-bin"

[[sections.rootfs.layers]]
kind = "cargo"
bin = "fb_test"
to = "/system/scarlet/bin/fb_test"
hash = "sha256:4643107d7c8f16b617a9440412095504d6574fd608e48a7739ea268bb0d6079a"

[sections.rootfs.layers.source]
type = "path"
path = "../../user/std-bin"

[[sections.rootfs.layers]]
kind = "cargo"
package = "user-bin"
bin = "scarlet_desktop"
to = "/system/scarlet/bin/scarlet_desktop"
hash = "sha256:0a6a25125ff7b00b5744fd93037f669ee080ca7c0008c1ba9f5e42453fca3f50"

[sections.rootfs.layers.source]
type = "path"
path = "../../user/bin"

[[sections.rootfs.layers]]
kind = "cargo"
package = "user-bin"
bin = "desktop-background"
to = "/system/scarlet/bin/desktop-background"
hash = "sha256:d0b51ddfe0451ed8704e3611d110b2585e5a9944c312c246dc3190456b06652f"

[sections.rootfs.layers.source]
type = "path"
path = "../../user/bin"

[[sections.rootfs.layers]]
kind = "cargo"
package = "user-bin"
bin = "desktop-settings"
to = "/system/scarlet/bin/desktop-settings"
hash = "sha256:8aee64dcb76f6308cedf7e30705887b55355f03e6cf62a8130e618c85e56d08c"

[sections.rootfs.layers.source]
type = "path"
path = "../../user/bin"

[[sections.rootfs.layers]]
kind = "cargo"
package = "scarlet-std-bin"
bin = "files"
to = "/system/scarlet/bin/files"
hash = "sha256:053f718427f33c750d0bb85a9240765e0433748cadb770bc9590ccc16595436c"

[sections.rootfs.layers.source]
type = "path"
path = "../../user/std-bin"

[[sections.rootfs.layers]]
kind = "cargo"
package = "scarlet-std-bin"
bin = "launcher"
to = "/system/scarlet/bin/launcher"
hash = "sha256:69b43c4b1c309e0d7bbd632bbd152fd1db26f4591fc30e1f04ed2039f32a6229"

[sections.rootfs.layers.source]
type = "path"
path = "../../user/std-bin"

[[sections.rootfs.layers]]
kind = "cargo"
package = "scarlet-std-bin"
bin = "notepad"
to = "/system/scarlet/bin/notepad"
hash = "sha256:bc4969bcd459002e7a702ed881246197728b212def5ebc4a62b54f5b03cef0ce"

[sections.rootfs.layers.source]
type = "path"
path = "../../user/std-bin"

[[sections.rootfs.layers]]
kind = "cargo"
package = "user-bin"
bin = "taskbar"
to = "/system/scarlet/bin/taskbar"
hash = "sha256:3f95d75581e3601eaf39969d0e4ccd0eb73538cd69a6c7b678cdc560ad990470"

[sections.rootfs.layers.source]
type = "path"
path = "../../user/bin"

[[sections.rootfs.layers]]
kind = "cargo"
package = "user-bin"
bin = "terminal"
to = "/system/scarlet/bin/terminal"
hash = "sha256:52e446eb8a51bdf7ff2552a1cc4906424542a59058a61ed175ed311536a2820a"

[sections.rootfs.layers.source]
type = "path"
path = "../../user/bin"

[[sections.rootfs.layers]]
kind = "cargo"
package = "scarlet-std-bin"
bin = "sws"
to = "/system/scarlet/bin/sws"
hash = "sha256:0bc0a333ca29b51e8f6a813f237b7586516639c39c5f146fcc0564486a6446e6"

[sections.rootfs.layers.source]
type = "path"
path = "../../user/std-bin"

[[sections.rootfs.layers]]
kind = "cargo"
package = "user-bin"
bin = "sas"
to = "/system/scarlet/bin/sas"
hash = "sha256:7c6855ce501c2b2029a5d411ad3a82eda1da176687a2f9731119e3d350c2fe9e"

[sections.rootfs.layers.source]
type = "path"
path = "../../user/bin"

[[sections.rootfs.layers]]
kind = "cargo"
bin = "sasctl"
to = "/system/scarlet/bin/sasctl"
hash = "sha256:12d7e60909effc98511293605ad54479e8893dec285189bd9de119fa40fa1a11"

[sections.rootfs.layers.source]
type = "path"
path = "../../user/std-bin"

[[sections.rootfs.layers]]
kind = "cargo"
package = "user-bin"
bin = "mplayer"
to = "/system/scarlet/bin/mplayer"
hash = "sha256:e32b342ce5d41dd5fcca0f65cdc2dc8ff11dc1516bfbfb7afbf9b2f5e2cb8763"

[sections.rootfs.layers.source]
type = "path"
path = "../../user/bin"

[[sections.rootfs.layers]]
kind = "cargo"
package = "user-bin"
bin = "ui-demo"
to = "/system/scarlet/bin/ui-demo"
hash = "sha256:f3bb88e875a86c53662ce50ce895e3520f7046d905ac5e8c45807664e21f950b"

[sections.rootfs.layers.source]
type = "path"
path = "../../user/bin"

[[sections.rootfs.layers]]
kind = "cargo"
package = "user-bin"
bin = "ui-benchmark"
to = "/system/scarlet/bin/ui-benchmark"
hash = "sha256:35dfe45b15e45b55aac93445b47ce37df0cf7087946a4ac80ce01a25a5e7afda"

[sections.rootfs.layers.source]
type = "path"
path = "../../user/bin"

[[sections.rootfs.layers]]
kind = "cargo"
git = "https://github.com/petitstrawberry/scarlet-ui"
resolved_rev = "b7443f43d335c30015a46d0a849594da4cf5b0ab"
package = "scarlet-ui-widget-factory"
bin = "scarlet-ui-widget-factory"
subdir = "examples/widget-factory"
to = "/system/scarlet/bin/widget_factory"
hash = "sha256:4519e1a4e7a9b97a869adfcc0e0aca335db6f2e02579d4c02b7cf1e6ecf143e8"

[sections.rootfs.layers.source]
type = "git"
url = "https://github.com/petitstrawberry/scarlet-ui"
rev = "b7443f43d335c30015a46d0a849594da4cf5b0ab"

[[sections.rootfs.layers]]
kind = "cargo"
bin = "ui-sgfx-showcase"
to = "/system/scarlet/bin/ui-sgfx-showcase"
hash = "sha256:541f1c5904d13b063dea595804b7896c44b1d294ec0624c347c6dcf2485d3e74"

[sections.rootfs.layers.source]
type = "path"
path = "../../user/std-bin"

[[sections.rootfs.layers]]
kind = "cargo"
package = "user-bin"
bin = "settings"
to = "/system/scarlet/bin/settings"
hash = "sha256:a574bded7ec97dedfc6bb1e2dd609d7524bf3a60e91a4f69122e81747eade479"

[sections.rootfs.layers.source]
type = "path"
path = "../../user/bin"

[[sections.rootfs.layers]]
kind = "cargo"
bin = "task_manager"
to = "/system/scarlet/bin/task_manager"
hash = "sha256:96a331a53b21edafb931d310f7b266490030c8a962be18137f4b8fb35929fa91"

[sections.rootfs.layers.source]
type = "path"
path = "../../user/std-bin"

[[sections.rootfs.layers]]
kind = "cargo"
package = "user-bin"
bin = "scarlet_skk"
to = "/system/scarlet/bin/scarlet_skk"
hash = "sha256:ba20658708c94e2c223a166cdc9e78890dc20e931a35a95e542daf9bdd7d86f8"

[sections.rootfs.layers.source]
type = "path"
path = "../../user/bin"

[[sections.rootfs.layers]]
kind = "script"
to = "/system/scarlet/share/skk/SKK-JISYO.L"
output = "../../bundles/desktop/.scarlet/cache/skk/SKK-JISYO.L"
hash = "sha256:cb3638df4cf621359db4e5aca385deae3cd0e681540da1c788d004374d261a42"

[sections.rootfs.layers.source]
type = "path"
path = "../../bundles/desktop/tools/fetch_skk_dictionary.sh"

[[sections.rootfs.layers]]
kind = "cargo"
package = "user-bin"
bin = "wayland_bridge"
to = "/system/scarlet/bin/wayland_bridge"
hash = "sha256:ea88a555470f18a3628f1c95db02df8206cc9e16d744eb07c65c4f499ce0d9d2"

[sections.rootfs.layers.source]
type = "path"
path = "../../user/bin"

[[sections.rootfs.layers]]
kind = "cargo"
bin = "ansi_banner"
to = "/system/scarlet/bin/ansi_banner"
hash = "sha256:931771dd165c3de9046dd217f2cc786726aa5cb225650d82a47e947a21cedd2b"

[sections.rootfs.layers.source]
type = "path"
path = "../../user/std-bin"

[[sections.rootfs.layers]]
kind = "cargo"
package = "user-bin"
bin = "sgfx_probe"
to = "/system/scarlet/bin/sgfx_probe"
hash = "sha256:690950ce36e275ffa7fca32727c705cc52fc89dcc0607072fdabdedb1d8f6a1d"

[sections.rootfs.layers.source]
type = "path"
path = "../../user/bin"

[[sections.rootfs.layers]]
kind = "cargo"
bin = "sgfx_cube"
to = "/system/scarlet/bin/sgfx_cube"
hash = "sha256:2247cf0a8d17ec971326bff0f72779a3a2e764af95749e58eef65afc9a5e679a"

[sections.rootfs.layers.source]
type = "path"
path = "../../user/std-bin"

[[sections.rootfs.layers]]
kind = "cargo"
bin = "sgfx_texture"
to = "/system/scarlet/bin/sgfx_texture"
hash = "sha256:69049b40c399095d38da00a3405f9ff136b8e765e004aea99a53f044f7f98526"

[sections.rootfs.layers.source]
type = "path"
path = "../../user/std-bin"

[[sections.rootfs.layers]]
kind = "cargo"
bin = "sgfx_showcase"
to = "/system/scarlet/bin/sgfx_showcase"
hash = "sha256:853d06238078ba3dacd888ae38f649ee780eac97e2d211873571bc3708f1ba5c"

[sections.rootfs.layers.source]
type = "path"
path = "../../user/std-bin"

[[sections.rootfs.layers]]
kind = "cargo"
bin = "httpd"
to = "/system/scarlet/bin/httpd"
hash = "sha256:a2565138493918c6e5eadc26699889b3f4210fe3cb7b2110d82b84322588697e"

[sections.rootfs.layers.source]
type = "path"
path = "../../user/std-bin"

[[sections.rootfs.layers]]
kind = "cargo"
package = "user-bin"
bin = "ushv"
to = "/system/scarlet/bin/ushv"
hash = "sha256:53749ae98ac4bb0cefe2ea12f66888c5975f5d149b694117f456b3bc44612017"

[sections.rootfs.layers.source]
type = "path"
path = "../../user/bin"

[[sections.rootfs.layers]]
kind = "cargo"
bin = "lsm_list"
to = "/system/scarlet/bin/lsm_list"
hash = "sha256:f462c55694b9c6623a2bdbd144791fcee3233a1b999b1675e0e02fd090e00953"

[sections.rootfs.layers.source]
type = "path"
path = "../../user/std-bin"

[[sections.rootfs.layers]]
kind = "cargo"
bin = "clock"
to = "/system/scarlet/bin/clock"
hash = "sha256:25db42ea0c2788c92c81ea26dd70017740180df9eb60a1499ac7ae49fa25c10d"

[sections.rootfs.layers.source]
type = "path"
path = "../../user/std-bin"

[[sections.rootfs.layers]]
kind = "cargo"
bin = "lsm_load"
to = "/system/scarlet/bin/lsm_load"
hash = "sha256:22ba809ee89a21480f9a14e67f8e03d139d4020a688f217b0b66bf1b04ce16e9"

[sections.rootfs.layers.source]
type = "path"
path = "../../user/std-bin"

[[sections.rootfs.layers]]
kind = "cargo"
bin = "lsm_unload"
to = "/system/scarlet/bin/lsm_unload"
hash = "sha256:51c159ed2b076df03af2e058afb299eb91bda0b399787b145972d2e914a938bf"

[sections.rootfs.layers.source]
type = "path"
path = "../../user/std-bin"

[[sections.rootfs.layers]]
kind = "cargo"
bin = "input_dump"
to = "/system/scarlet/bin/input_dump"
hash = "sha256:2beb7a04551d7dde6c98146e1d850575d6173b86a09ee7b8f89959e79538ad2f"

[sections.rootfs.layers.source]
type = "path"
path = "../../user/std-bin"

[[sections.rootfs.layers]]
kind = "cargo"
bin = "mozc_server"
to = "/system/scarlet/bin/mozc_server"
hash = "sha256:ae6622c32438521419345b7417136d935d7297df1b0734a072386c6415ef0a8c"

[sections.rootfs.layers.source]
type = "path"
path = "../../user/bin"

[[sections.rootfs.layers]]
kind = "cargo"
package = "user-bin"
bin = "scarlet_mozc"
to = "/system/scarlet/bin/scarlet_mozc"
hash = "sha256:50a858bf70a4275f78aecc8769d37df0750cc85a8f9713d1cc4f2b9938a848cf"

[sections.rootfs.layers.source]
type = "path"
path = "../../user/bin"

[[sections.rootfs.layers]]
kind = "cargo"
package = "user-bin"
bin = "dcp_flip_test"
to = "/system/scarlet/bin/dcp_flip_test"
hash = "sha256:7517988ed154ae6a4d8148c67c7fcdafe3653af399dfbd613e87396fa2bd38a3"

[sections.rootfs.layers.source]
type = "path"
path = "../../user/bin"

[[sections.rootfs.layers]]
kind = "cargo"
git = "https://github.com/petitstrawberry/carmine"
resolved_rev = "3f6b90db673cb07094507eddd1a069d8a2b76626"
package = "carmine"
bin = "carmine"
to = "/system/scarlet/bin/carmine"
hash = "sha256:e11e6cbcaea5603adcf13227b29512dd8893a1ab076fdc23706b8006d93aed2e"

[sections.rootfs.layers.source]
type = "git"
url = "https://github.com/petitstrawberry/carmine"
rev = "3f6b90db673cb07094507eddd1a069d8a2b76626"

[[sections.rootfs.layers]]
kind = "cargo"
git = "https://github.com/petitstrawberry/vellum"
git_ref = "c2755acf5f6aa301700449c30c2f4f7b02c5dbd5"
resolved_rev = "c2755acf5f6aa301700449c30c2f4f7b02c5dbd5"
package = "vellum"
bin = "vellum"
to = "/system/scarlet/bin/vellum"
hash = "sha256:c29ca1d17824ef9866e4c1f11736889b2ff842cc39c2809cedbabb41a4de44fd"

[sections.rootfs.layers.source]
type = "git"
url = "https://github.com/petitstrawberry/vellum"
rev = "c2755acf5f6aa301700449c30c2f4f7b02c5dbd5"

[[sections.rootfs.layers]]
kind = "cargo"
git = "https://github.com/petitstrawberry/boxcraft"
resolved_rev = "5cfb79b9751755ef8e6ab7101c7f1d2de223fe60"
package = "boxcraft"
bin = "boxcraft"
to = "/system/scarlet/bin/boxcraft"
hash = "sha256:c62576205f84fc50dddfa3226fd1c4d30a2e398d856479870e5801c881a98a51"

[sections.rootfs.layers.source]
type = "git"
url = "https://github.com/petitstrawberry/boxcraft"
rev = "5cfb79b9751755ef8e6ab7101c7f1d2de223fe60"

[[sections.rootfs.layers]]
kind = "archive"
to = "/system/linux-riscv64"
format = "tar-zst"
strip_components = 1
hash = "sha256:b5911d2128a83d9bac7f79291a9e0ea2c5106b8fdfbb92d6b0e2177eee83ac4d"

[sections.rootfs.layers.source]
type = "archive"
url = "https://github.com/petitstrawberry/scarlet-bundle-linux/releases/download/v0.1.0/rootfs-riscv64-v0.1.0.tar.zst"
sha256 = "sha256:b5911d2128a83d9bac7f79291a9e0ea2c5106b8fdfbb92d6b0e2177eee83ac4d"

[[sections.rootfs.layers]]
kind = "archive"
to = "/system/linux-riscv64"
format = "tar-zst"
strip_components = 1
hash = "sha256:72458aa767224fa7bd87a324a47faeeb524aad109b8c98aaaf83d304829eb5eb"

[sections.rootfs.layers.source]
type = "archive"
url = "https://github.com/petitstrawberry/scarlet-bundle-linux/releases/download/v0.1.0/mozc-riscv64-v0.1.0.tar.zst"
sha256 = "sha256:72458aa767224fa7bd87a324a47faeeb524aad109b8c98aaaf83d304829eb5eb"

[[sections.rootfs.layers]]
kind = "cargo"
package = "video_player"
bin = "video_player"
features = [
    "av1-stateful-hw",
    "h264-stateful-hw",
    "h264-stateless-hw",
    "mp4-aac",
]
default-features = false
to = "/system/scarlet/bin/video_player"
hash = "sha256:9aeb2ae087394805ff92ab585b960cb1dfb4c052314fa9408a11b017f0cc4728"

[sections.rootfs.layers.source]
type = "path"
path = "../../user/video_player"

[[sections.rootfs.layers]]
kind = "cargo"
git = "https://github.com/petitstrawberry/yt-for-scarlet"
resolved_rev = "47931bcd5ae87e7454741d6616aa1c0cccbda373"
package = "yt"
bin = "yt"
to = "/system/scarlet/bin/yt"
hash = "sha256:117e20bd7e0dc98480e001dc29340386915f2f5f942d45349142f3570a458f05"

[sections.rootfs.layers.source]
type = "git"
url = "https://github.com/petitstrawberry/yt-for-scarlet"
rev = "47931bcd5ae87e7454741d6616aa1c0cccbda373"

[[sections.rootfs.layers]]
kind = "cargo"
git = "https://github.com/petitstrawberry/yt-for-scarlet"
resolved_rev = "47931bcd5ae87e7454741d6616aa1c0cccbda373"
package = "yt-gui"
bin = "yt-gui"
to = "/system/scarlet/bin/yt-gui"
hash = "sha256:6141c692a09c70fcb67d5f4defd7bb7637eaf84eaf23cfc8e81f4519992406d5"

[sections.rootfs.layers.source]
type = "git"
url = "https://github.com/petitstrawberry/yt-for-scarlet"
rev = "47931bcd5ae87e7454741d6616aa1c0cccbda373"
