# Generated by cargo-scarlet — do not edit

[sections.boot]
hash = "sha256:1256893e382f56b02abe41783e6aa1fcda20581a15d408f6b71a75d883e62695"
layers = []

[sections.disk]
hash = "sha256:cbe37d0305d5a89a158992a90dc9304dd0c5a4ac4f63c1b16e0fae38d3dceb7d"
layers = []

[sections.initramfs]
hash = "sha256:301fe5d1b0c8aec22c18a356de13b113a01d40af7ae22031683e062dfabfea4d"

[[sections.initramfs.layers]]
kind = "cargo"
package = "user-bin"
bin = "init"
to = "/init"
hash = "sha256:c748aaf920aa20e3c5a19a5a374247e36ea00d6951c55f55db749873c4efd534"

[sections.initramfs.layers.source]
type = "path"
path = "../../user/bin"

[[sections.initramfs.layers]]
kind = "cargo"
package = "user-bin"
bin = "sh"
to = "/bin/sh"
hash = "sha256:935e635490dacccedb8ff34b571affe4b37ae8bffefd400258640953eec5217b"

[sections.initramfs.layers.source]
type = "path"
path = "../../user/bin"

[[sections.initramfs.layers]]
kind = "cargo"
package = "user-bin"
bin = "login"
to = "/bin/login"
hash = "sha256:aa01f684c9aa8c8356039953a489d274d2cb2428a802c722ed557e7ccca70671"

[sections.initramfs.layers.source]
type = "path"
path = "../../user/bin"

[[sections.initramfs.layers]]
kind = "cargo"
package = "scarlet-std-bin"
bin = "stemd"
to = "/bin/stemd"
hash = "sha256:6eb903fd46d4729b578c687b8e90f5af08a412d34e618c0db982bc1736ead860"

[sections.initramfs.layers.source]
type = "path"
path = "../../user/std-bin"

[[sections.initramfs.layers]]
kind = "cargo"
package = "scarlet-std-bin"
bin = "logd"
to = "/bin/logd"
hash = "sha256:95390e800aca7b2619a91823ba652f3e32a36dfcd19527ab0b71b19b9ad58f2f"

[sections.initramfs.layers.source]
type = "path"
path = "../../user/std-bin"

[[sections.initramfs.layers]]
kind = "cargo"
package = "scarlet-std-bin"
bin = "logctl"
to = "/bin/logctl"
hash = "sha256:c2c63aa883b987c5eb14c5df86caeaa4648ced2f72b7476cfc0b455083071795"

[sections.initramfs.layers.source]
type = "path"
path = "../../user/std-bin"

[[sections.initramfs.layers]]
kind = "cargo"
package = "user-bin"
bin = "sbusd"
to = "/bin/sbusd"
hash = "sha256:04453e853258c14e7ff254aaa26d92237dc5d24ea2e39e561b1704628fc6ff1f"

[sections.initramfs.layers.source]
type = "path"
path = "../../user/bin"

[[sections.initramfs.layers]]
kind = "cargo"
bin = "hello"
to = "/bin/hello"
hash = "sha256:d2a5f0b9d7366a2af0b49d33f038406eb526352c951e117b61a85a4314cf705e"

[sections.initramfs.layers.source]
type = "path"
path = "../../user/std-bin"

[[sections.initramfs.layers]]
kind = "cargo"
package = "scarlet-std-bin"
bin = "kernel-info"
to = "/bin/kernel-info"
hash = "sha256:0fd9b86e7d2ed90385d805081386a3d7cac934d8d1242337fdfc73b7ee4f05ea"

[sections.initramfs.layers.source]
type = "path"
path = "../../user/std-bin"

[[sections.initramfs.layers]]
kind = "cargo"
package = "user-bin"
bin = "ps"
to = "/bin/ps"
hash = "sha256:77c95aeec8a17d4fe4ad965687320dfed75f17f6d9cc164ac0c7877f7427595d"

[sections.initramfs.layers.source]
type = "path"
path = "../../user/bin"

[[sections.initramfs.layers]]
kind = "cargo"
bin = "shutdown"
to = "/bin/shutdown"
hash = "sha256:dad4f0cf2fd215b19580c13b6c7cd43d08533abdbc5d6d115287eb163fdbf67c"

[sections.initramfs.layers.source]
type = "path"
path = "../../user/std-bin"

[[sections.initramfs.layers]]
kind = "cargo"
package = "scarlet-std-bin"
bin = "top"
to = "/bin/top"
hash = "sha256:91835ec8089bc1eed42851af2f381d14e0180ad49b75f5af7b9e5c83da85953f"

[sections.initramfs.layers.source]
type = "path"
path = "../../user/std-bin"

[[sections.initramfs.layers]]
kind = "cargo"
package = "scarlet-std-bin"
bin = "kill"
to = "/bin/kill"
hash = "sha256:63692737c5ef28683ad8d241d4fa3ecac73df0dd8507c574ceb3175063f87e5d"

[sections.initramfs.layers.source]
type = "path"
path = "../../user/std-bin"

[[sections.initramfs.layers]]
kind = "cargo"
package = "user-bin"
bin = "scpm"
to = "/bin/scpm"
hash = "sha256:a64d45298709e03a4c9c7e22bd982c8421fe06a9e3e8b9433acef0253f75b3db"

[sections.initramfs.layers.source]
type = "path"
path = "../../user/bin"

[[sections.initramfs.layers]]
kind = "cargo"
package = "user-bin"
bin = "netcfgd"
to = "/bin/netcfgd"
hash = "sha256:bf6ef200d604a3f819e50adea61268a17a29b18b6049b6303e4671813c5c771d"

[sections.initramfs.layers.source]
type = "path"
path = "../../user/bin"

[[sections.initramfs.layers]]
kind = "cargo"
package = "user-bin"
bin = "sshd"
to = "/bin/sshd"
hash = "sha256:0c77aab4221e26b40d069ab83454214c10fd9b29cd7a46a7fa9f9419ea5c35db"

[sections.initramfs.layers.source]
type = "path"
path = "../../user/bin"

[[sections.initramfs.layers]]
kind = "cargo"
bin = "resolverd"
to = "/bin/resolverd"
hash = "sha256:cd76d44bbfefa4b63f4ac18b38ff6aaa667198f44244b0508d27ab336fa6d626"

[sections.initramfs.layers.source]
type = "path"
path = "../../user/std-bin"

[[sections.initramfs.layers]]
kind = "cargo"
bin = "abi-run"
to = "/bin/abi-run"
hash = "sha256:58a709f22bad1ff75b1f2e5000a6dc86dc1d43f5720f153c08856c5a75a0e125"

[sections.initramfs.layers.source]
type = "path"
path = "../../user/std-bin"

[[sections.initramfs.layers]]
kind = "cargo"
bin = "ls"
to = "/bin/ls"
hash = "sha256:4d5bda779cf552d5f8942b9a45dfaac2355332b91e2c3d2f7c30f18e996d5146"

[sections.initramfs.layers.source]
type = "path"
path = "../../user/std-bin"

[[sections.initramfs.layers]]
kind = "cargo"
bin = "cat"
to = "/bin/cat"
hash = "sha256:8b1b960d1e37274c23917e084c0782247c4492fb3ced178f565d92a60e7bf410"

[sections.initramfs.layers.source]
type = "path"
path = "../../user/std-bin"

[[sections.initramfs.layers]]
kind = "cargo"
bin = "rm"
to = "/bin/rm"
hash = "sha256:d4a3668d626e7cdc1c88995a35d358b45fe3e620007cff8a3c391c1606a2e8df"

[sections.initramfs.layers.source]
type = "path"
path = "../../user/std-bin"

[[sections.initramfs.layers]]
kind = "cargo"
bin = "resolve"
to = "/bin/resolve"
hash = "sha256:31e71882c267dbdceb7c46bc393b0b3802754afb6ce91e7a74c3bb3047a13f91"

[sections.initramfs.layers.source]
type = "path"
path = "../../user/std-bin"

[[sections.initramfs.layers]]
kind = "cargo"
bin = "nc"
to = "/bin/nc"
hash = "sha256:da1d7f5d3ec2242b56c4508a0bb0456d3fdc3a518264eaf24b3c4b0de56d0650"

[sections.initramfs.layers.source]
type = "path"
path = "../../user/std-bin"

[[sections.initramfs.layers]]
kind = "cargo"
bin = "ping"
to = "/bin/ping"
hash = "sha256:936c8029e455588a619e43c72ebcb20b0cd289b9dea550e8f694de88f9cbe32f"

[sections.initramfs.layers.source]
type = "path"
path = "../../user/std-bin"

[[sections.initramfs.layers]]
kind = "cargo"
bin = "netcfg"
to = "/bin/netcfg"
hash = "sha256:189a036c3e58b8ff6359b9a0161eddd6cce3222f696c63bf1b1f1550958c4e6c"

[sections.initramfs.layers.source]
type = "path"
path = "../../user/std-bin"

[[sections.initramfs.layers]]
kind = "cargo"
bin = "watch"
to = "/bin/watch"
hash = "sha256:66be6ca73fe58575abc5ee41fe5584724e798347c9c8288f7a09fb54b625257d"

[sections.initramfs.layers.source]
type = "path"
path = "../../user/std-bin"

[[sections.initramfs.layers]]
kind = "cargo"
bin = "date"
to = "/bin/date"
hash = "sha256:e34ab80215f04b5a6f17ee4d2b8ec48f2c850c378bbb40dccef834826cf9b320"

[sections.initramfs.layers.source]
type = "path"
path = "../../user/std-bin"

[[sections.initramfs.layers]]
kind = "cargo"
bin = "fb-test"
to = "/bin/fb-test"
hash = "sha256:c14157756d329745fbf8049cd9d70ec51c4a482796f206adc6e16fec850f6447"

[sections.initramfs.layers.source]
type = "path"
path = "../../user/std-bin"

[sections.rootfs]
hash = "sha256:913e42ef6bda2e1682de49a7c8c212fa94245a13a691805cb6211b79b620f678"

[[sections.rootfs.layers]]
kind = "cargo"
package = "user-bin"
bin = "init"
to = "/init"
hash = "sha256:c748aaf920aa20e3c5a19a5a374247e36ea00d6951c55f55db749873c4efd534"

[sections.rootfs.layers.source]
type = "path"
path = "../../user/bin"

[[sections.rootfs.layers]]
kind = "cargo"
package = "user-bin"
bin = "sh"
to = "/bin/sh"
hash = "sha256:935e635490dacccedb8ff34b571affe4b37ae8bffefd400258640953eec5217b"

[sections.rootfs.layers.source]
type = "path"
path = "../../user/bin"

[[sections.rootfs.layers]]
kind = "cargo"
package = "user-bin"
bin = "login"
to = "/bin/login"
hash = "sha256:aa01f684c9aa8c8356039953a489d274d2cb2428a802c722ed557e7ccca70671"

[sections.rootfs.layers.source]
type = "path"
path = "../../user/bin"

[[sections.rootfs.layers]]
kind = "cargo"
package = "scarlet-std-bin"
bin = "stemd"
to = "/bin/stemd"
hash = "sha256:6eb903fd46d4729b578c687b8e90f5af08a412d34e618c0db982bc1736ead860"

[sections.rootfs.layers.source]
type = "path"
path = "../../user/std-bin"

[[sections.rootfs.layers]]
kind = "cargo"
package = "scarlet-std-bin"
bin = "logd"
to = "/bin/logd"
hash = "sha256:95390e800aca7b2619a91823ba652f3e32a36dfcd19527ab0b71b19b9ad58f2f"

[sections.rootfs.layers.source]
type = "path"
path = "../../user/std-bin"

[[sections.rootfs.layers]]
kind = "cargo"
package = "scarlet-std-bin"
bin = "logctl"
to = "/bin/logctl"
hash = "sha256:c2c63aa883b987c5eb14c5df86caeaa4648ced2f72b7476cfc0b455083071795"

[sections.rootfs.layers.source]
type = "path"
path = "../../user/std-bin"

[[sections.rootfs.layers]]
kind = "cargo"
package = "user-bin"
bin = "sbusd"
to = "/bin/sbusd"
hash = "sha256:04453e853258c14e7ff254aaa26d92237dc5d24ea2e39e561b1704628fc6ff1f"

[sections.rootfs.layers.source]
type = "path"
path = "../../user/bin"

[[sections.rootfs.layers]]
kind = "cargo"
bin = "hello"
to = "/bin/hello"
hash = "sha256:d2a5f0b9d7366a2af0b49d33f038406eb526352c951e117b61a85a4314cf705e"

[sections.rootfs.layers.source]
type = "path"
path = "../../user/std-bin"

[[sections.rootfs.layers]]
kind = "cargo"
package = "scarlet-std-bin"
bin = "kernel-info"
to = "/bin/kernel-info"
hash = "sha256:0fd9b86e7d2ed90385d805081386a3d7cac934d8d1242337fdfc73b7ee4f05ea"

[sections.rootfs.layers.source]
type = "path"
path = "../../user/std-bin"

[[sections.rootfs.layers]]
kind = "cargo"
package = "user-bin"
bin = "ps"
to = "/bin/ps"
hash = "sha256:77c95aeec8a17d4fe4ad965687320dfed75f17f6d9cc164ac0c7877f7427595d"

[sections.rootfs.layers.source]
type = "path"
path = "../../user/bin"

[[sections.rootfs.layers]]
kind = "cargo"
bin = "shutdown"
to = "/bin/shutdown"
hash = "sha256:dad4f0cf2fd215b19580c13b6c7cd43d08533abdbc5d6d115287eb163fdbf67c"

[sections.rootfs.layers.source]
type = "path"
path = "../../user/std-bin"

[[sections.rootfs.layers]]
kind = "cargo"
package = "scarlet-std-bin"
bin = "top"
to = "/bin/top"
hash = "sha256:91835ec8089bc1eed42851af2f381d14e0180ad49b75f5af7b9e5c83da85953f"

[sections.rootfs.layers.source]
type = "path"
path = "../../user/std-bin"

[[sections.rootfs.layers]]
kind = "cargo"
package = "scarlet-std-bin"
bin = "kill"
to = "/bin/kill"
hash = "sha256:63692737c5ef28683ad8d241d4fa3ecac73df0dd8507c574ceb3175063f87e5d"

[sections.rootfs.layers.source]
type = "path"
path = "../../user/std-bin"

[[sections.rootfs.layers]]
kind = "cargo"
package = "user-bin"
bin = "scpm"
to = "/bin/scpm"
hash = "sha256:a64d45298709e03a4c9c7e22bd982c8421fe06a9e3e8b9433acef0253f75b3db"

[sections.rootfs.layers.source]
type = "path"
path = "../../user/bin"

[[sections.rootfs.layers]]
kind = "cargo"
package = "user-bin"
bin = "netcfgd"
to = "/bin/netcfgd"
hash = "sha256:bf6ef200d604a3f819e50adea61268a17a29b18b6049b6303e4671813c5c771d"

[sections.rootfs.layers.source]
type = "path"
path = "../../user/bin"

[[sections.rootfs.layers]]
kind = "cargo"
package = "user-bin"
bin = "sshd"
to = "/bin/sshd"
hash = "sha256:0c77aab4221e26b40d069ab83454214c10fd9b29cd7a46a7fa9f9419ea5c35db"

[sections.rootfs.layers.source]
type = "path"
path = "../../user/bin"

[[sections.rootfs.layers]]
kind = "cargo"
bin = "resolverd"
to = "/bin/resolverd"
hash = "sha256:cd76d44bbfefa4b63f4ac18b38ff6aaa667198f44244b0508d27ab336fa6d626"

[sections.rootfs.layers.source]
type = "path"
path = "../../user/std-bin"

[[sections.rootfs.layers]]
kind = "cargo"
bin = "abi-run"
to = "/bin/abi-run"
hash = "sha256:58a709f22bad1ff75b1f2e5000a6dc86dc1d43f5720f153c08856c5a75a0e125"

[sections.rootfs.layers.source]
type = "path"
path = "../../user/std-bin"

[[sections.rootfs.layers]]
kind = "cargo"
bin = "ls"
to = "/bin/ls"
hash = "sha256:4d5bda779cf552d5f8942b9a45dfaac2355332b91e2c3d2f7c30f18e996d5146"

[sections.rootfs.layers.source]
type = "path"
path = "../../user/std-bin"

[[sections.rootfs.layers]]
kind = "cargo"
bin = "cat"
to = "/bin/cat"
hash = "sha256:8b1b960d1e37274c23917e084c0782247c4492fb3ced178f565d92a60e7bf410"

[sections.rootfs.layers.source]
type = "path"
path = "../../user/std-bin"

[[sections.rootfs.layers]]
kind = "cargo"
bin = "rm"
to = "/bin/rm"
hash = "sha256:d4a3668d626e7cdc1c88995a35d358b45fe3e620007cff8a3c391c1606a2e8df"

[sections.rootfs.layers.source]
type = "path"
path = "../../user/std-bin"

[[sections.rootfs.layers]]
kind = "cargo"
bin = "resolve"
to = "/bin/resolve"
hash = "sha256:31e71882c267dbdceb7c46bc393b0b3802754afb6ce91e7a74c3bb3047a13f91"

[sections.rootfs.layers.source]
type = "path"
path = "../../user/std-bin"

[[sections.rootfs.layers]]
kind = "cargo"
bin = "nc"
to = "/bin/nc"
hash = "sha256:da1d7f5d3ec2242b56c4508a0bb0456d3fdc3a518264eaf24b3c4b0de56d0650"

[sections.rootfs.layers.source]
type = "path"
path = "../../user/std-bin"

[[sections.rootfs.layers]]
kind = "cargo"
bin = "ping"
to = "/bin/ping"
hash = "sha256:936c8029e455588a619e43c72ebcb20b0cd289b9dea550e8f694de88f9cbe32f"

[sections.rootfs.layers.source]
type = "path"
path = "../../user/std-bin"

[[sections.rootfs.layers]]
kind = "cargo"
bin = "netcfg"
to = "/bin/netcfg"
hash = "sha256:189a036c3e58b8ff6359b9a0161eddd6cce3222f696c63bf1b1f1550958c4e6c"

[sections.rootfs.layers.source]
type = "path"
path = "../../user/std-bin"

[[sections.rootfs.layers]]
kind = "cargo"
bin = "watch"
to = "/bin/watch"
hash = "sha256:66be6ca73fe58575abc5ee41fe5584724e798347c9c8288f7a09fb54b625257d"

[sections.rootfs.layers.source]
type = "path"
path = "../../user/std-bin"

[[sections.rootfs.layers]]
kind = "cargo"
bin = "date"
to = "/bin/date"
hash = "sha256:e34ab80215f04b5a6f17ee4d2b8ec48f2c850c378bbb40dccef834826cf9b320"

[sections.rootfs.layers.source]
type = "path"
path = "../../user/std-bin"

[[sections.rootfs.layers]]
kind = "cargo"
bin = "fb-test"
to = "/bin/fb-test"
hash = "sha256:c14157756d329745fbf8049cd9d70ec51c4a482796f206adc6e16fec850f6447"

[sections.rootfs.layers.source]
type = "path"
path = "../../user/std-bin"

[[sections.rootfs.layers]]
kind = "cargo"
package = "user-bin"
bin = "scarlet-desktop"
to = "/bin/scarlet-desktop"
hash = "sha256:94d9c3d5f1e3313f25b938d10f9b2ad5058a7a4ead8ad7ed3d07c235041e58cc"

[sections.rootfs.layers.source]
type = "path"
path = "../../user/bin"

[[sections.rootfs.layers]]
kind = "cargo"
package = "user-bin"
bin = "desktop-settings"
to = "/bin/desktop-settings"
hash = "sha256:5789f8c79ab23732fa6811d0edf825f862af8603f3d7c5e3ba433987479018c3"

[sections.rootfs.layers.source]
type = "path"
path = "../../user/bin"

[[sections.rootfs.layers]]
kind = "cargo"
package = "scarlet-std-bin"
bin = "files"
to = "/bin/files"
hash = "sha256:9f7bad2754a9d2bf96af11157ea447683b9a5ef2aa969f66d17213d988e7db82"

[sections.rootfs.layers.source]
type = "path"
path = "../../user/std-bin"

[[sections.rootfs.layers]]
kind = "cargo"
package = "scarlet-std-bin"
bin = "notepad"
to = "/bin/notepad"
hash = "sha256:77c2ad8d82ad6081cebea4d6e76572e628da81046ad48e2418827cdbe61b81d8"

[sections.rootfs.layers.source]
type = "path"
path = "../../user/std-bin"

[[sections.rootfs.layers]]
kind = "cargo"
package = "scarlet-std-bin"
bin = "scarlet-shell"
to = "/bin/scarlet-shell"
hash = "sha256:cd1aefdd0024d2a7c8389c2d36d6801919497489859e364f71380a594c490c99"

[sections.rootfs.layers.source]
type = "path"
path = "../../user/std-bin"

[[sections.rootfs.layers]]
kind = "cargo"
package = "user-bin"
bin = "terminal"
to = "/bin/terminal"
hash = "sha256:eeabf51b8da02a7bd5074c2b458578955266582e25d674305f88898bb1918366"

[sections.rootfs.layers.source]
type = "path"
path = "../../user/bin"

[[sections.rootfs.layers]]
kind = "cargo"
package = "scarlet-std-bin"
bin = "sws"
to = "/bin/sws"
hash = "sha256:5019689b8c9c095722fae15a0f9516a4e00957fb427b36e76999caacda49722f"

[sections.rootfs.layers.source]
type = "path"
path = "../../user/std-bin"

[[sections.rootfs.layers]]
kind = "cargo"
package = "user-bin"
bin = "sas"
to = "/bin/sas"
hash = "sha256:ea45f3c17382fe20689e9d334ff3b2910d093a8f20f46a4a5d47428acc364b08"

[sections.rootfs.layers.source]
type = "path"
path = "../../user/bin"

[[sections.rootfs.layers]]
kind = "cargo"
bin = "sasctl"
to = "/bin/sasctl"
hash = "sha256:c86abd0f08f72f92d70ca56c105612fbb33a2398b56bd6c6d41ab61f7ee5e12c"

[sections.rootfs.layers.source]
type = "path"
path = "../../user/std-bin"

[[sections.rootfs.layers]]
kind = "cargo"
package = "user-bin"
bin = "mplayer"
to = "/bin/mplayer"
hash = "sha256:e773b1f44faf3d9d828cdec61eb82f26ec2ac667dbafbea049cdae49c25ac712"

[sections.rootfs.layers.source]
type = "path"
path = "../../user/bin"

[[sections.rootfs.layers]]
kind = "cargo"
package = "user-bin"
bin = "ui-demo"
to = "/bin/ui-demo"
hash = "sha256:3437d66057fed76151585935fb59b7fd124299a951e91bcd1c8f4d005ae695b4"

[sections.rootfs.layers.source]
type = "path"
path = "../../user/bin"

[[sections.rootfs.layers]]
kind = "cargo"
package = "user-bin"
bin = "ui-benchmark"
to = "/bin/ui-benchmark"
hash = "sha256:35ec3701e8907cdf28efcc910a2769530a5c9a0eba42849059682ce9f7fa5c7b"

[sections.rootfs.layers.source]
type = "path"
path = "../../user/bin"

[[sections.rootfs.layers]]
kind = "cargo"
git = "https://github.com/petitstrawberry/scarlet-ui"
git_ref = "c980c960b073b6a7c71a2ab501210e3b3a570e77"
resolved_rev = "c980c960b073b6a7c71a2ab501210e3b3a570e77"
package = "scarlet-ui-widget-factory"
bin = "scarlet-ui-widget-factory"
subdir = "examples/widget-factory"
to = "/bin/widget-factory"
hash = "sha256:414a247e1abccb5d43c6662ac41e0bcd509ca124da613efe44724e18995c36dd"

[sections.rootfs.layers.source]
type = "git"
url = "https://github.com/petitstrawberry/scarlet-ui"
rev = "c980c960b073b6a7c71a2ab501210e3b3a570e77"

[[sections.rootfs.layers]]
kind = "cargo"
bin = "ui-sgfx-showcase"
to = "/bin/ui-sgfx-showcase"
hash = "sha256:55fd75577d66a19c3d740ac9829ade074f4d8374f6cc94c925004dac07b3b77f"

[sections.rootfs.layers.source]
type = "path"
path = "../../user/std-bin"

[[sections.rootfs.layers]]
kind = "cargo"
package = "user-bin"
bin = "settings"
to = "/bin/settings"
hash = "sha256:8e6ba526019044e85f2c0fcb9459f7aad1e08f6d8813b9ab3f3c7433c1cc266e"

[sections.rootfs.layers.source]
type = "path"
path = "../../user/bin"

[[sections.rootfs.layers]]
kind = "cargo"
bin = "task-manager"
to = "/bin/task-manager"
hash = "sha256:f907bf77cefbcab676a042b2ff94184662b87a69c68766762639b146ac9ca418"

[sections.rootfs.layers.source]
type = "path"
path = "../../user/std-bin"

[[sections.rootfs.layers]]
kind = "cargo"
package = "user-bin"
bin = "scarlet-skk"
to = "/bin/scarlet-skk"
hash = "sha256:f7ddea4d52a0707773d24ac97377f1b011665400dc16d59d87e8092942ef10ec"

[sections.rootfs.layers.source]
type = "path"
path = "../../user/bin"

[[sections.rootfs.layers]]
kind = "script"
to = "/share/skk/SKK-JISYO.L"
output = "../../bundles/desktop/.scarlet/cache/skk/SKK-JISYO.L"
hash = "sha256:cb3638df4cf621359db4e5aca385deae3cd0e681540da1c788d004374d261a42"

[sections.rootfs.layers.source]
type = "path"
path = "../../bundles/desktop/tools/fetch_skk_dictionary.sh"

[[sections.rootfs.layers]]
kind = "cargo"
package = "user-bin"
bin = "wayland-bridge"
to = "/bin/wayland-bridge"
hash = "sha256:2e99ace06179f62c461c54afb63eed7034be95307ea89c6ab2b70f546cb6e970"

[sections.rootfs.layers.source]
type = "path"
path = "../../user/bin"

[[sections.rootfs.layers]]
kind = "cargo"
bin = "ansi-banner"
to = "/bin/ansi-banner"
hash = "sha256:df9d3c596a431be31c2a69e238c14f64074dc5ae8acd4337271fa1d61eaa2b73"

[sections.rootfs.layers.source]
type = "path"
path = "../../user/std-bin"

[[sections.rootfs.layers]]
kind = "cargo"
package = "user-bin"
bin = "sgfx-probe"
to = "/bin/sgfx-probe"
hash = "sha256:482057aea4d652c0336e41a06eaa59e2e59a9bff52a8e6bc1945772c861f66e9"

[sections.rootfs.layers.source]
type = "path"
path = "../../user/bin"

[[sections.rootfs.layers]]
kind = "cargo"
bin = "sgfx-cube"
to = "/bin/sgfx-cube"
hash = "sha256:9eac53f13f32928171dbd7b74ff4504fe42675b46ea712652ce228a943add7b3"

[sections.rootfs.layers.source]
type = "path"
path = "../../user/std-bin"

[[sections.rootfs.layers]]
kind = "cargo"
bin = "sgfx-texture"
to = "/bin/sgfx-texture"
hash = "sha256:1eca56003e49b6ce4e741cb72469154b1125871af820717b66a0fceebd7bda4b"

[sections.rootfs.layers.source]
type = "path"
path = "../../user/std-bin"

[[sections.rootfs.layers]]
kind = "cargo"
bin = "sgfx-showcase"
to = "/bin/sgfx-showcase"
hash = "sha256:62d0ed3f63e75387d8c8112c85d0becfcdb7336e06525a0f8ac38c4e19b16120"

[sections.rootfs.layers.source]
type = "path"
path = "../../user/std-bin"

[[sections.rootfs.layers]]
kind = "cargo"
bin = "httpd"
to = "/bin/httpd"
hash = "sha256:7435a5dc6f7e78221d635d2ea07e277d7b099e56a63a4c360e3e9e9c4b03cd9b"

[sections.rootfs.layers.source]
type = "path"
path = "../../user/std-bin"

[[sections.rootfs.layers]]
kind = "cargo"
package = "user-bin"
bin = "ushv"
to = "/bin/ushv"
hash = "sha256:4b1374aba4ccb232f59afae233341d27305b211bf42f0b0efda2b081b434b4e6"

[sections.rootfs.layers.source]
type = "path"
path = "../../user/bin"

[[sections.rootfs.layers]]
kind = "cargo"
bin = "lsm-list"
to = "/bin/lsm-list"
hash = "sha256:47bed298849c1029d325abf6b3291c1a340de85c6be72d9ec57b7b9d88706d27"

[sections.rootfs.layers.source]
type = "path"
path = "../../user/std-bin"

[[sections.rootfs.layers]]
kind = "cargo"
bin = "clock"
to = "/bin/clock"
hash = "sha256:a3d0c097dfaa0f44a97d5c6555b46206489b02019f5f30935e9fabf0c6824512"

[sections.rootfs.layers.source]
type = "path"
path = "../../user/std-bin"

[[sections.rootfs.layers]]
kind = "cargo"
bin = "lsm-load"
to = "/bin/lsm-load"
hash = "sha256:6a2ec9f4af2a67b7054dfdeb7217346ffbb62fc08d787ead5034daa1a3e6d0ce"

[sections.rootfs.layers.source]
type = "path"
path = "../../user/std-bin"

[[sections.rootfs.layers]]
kind = "cargo"
bin = "lsm-unload"
to = "/bin/lsm-unload"
hash = "sha256:95d39ecf3b8cac1d0a3776c563572014bdf41c862ab578c036d7ff9f69cdad91"

[sections.rootfs.layers.source]
type = "path"
path = "../../user/std-bin"

[[sections.rootfs.layers]]
kind = "cargo"
bin = "input-dump"
to = "/bin/input-dump"
hash = "sha256:5ee69b973a842c555b5b87368240e1724c591d59a006dd6932980ae2ab95d53c"

[sections.rootfs.layers.source]
type = "path"
path = "../../user/std-bin"

[[sections.rootfs.layers]]
kind = "cargo"
bin = "displayctl"
to = "/bin/displayctl"
hash = "sha256:4a326e7aa0bac3d2d569e60726e68075a3068b44d1c4b97ddd71e6e9b395864d"

[sections.rootfs.layers.source]
type = "path"
path = "../../user/std-bin"

[[sections.rootfs.layers]]
kind = "cargo"
bin = "sensor-dump"
to = "/bin/sensor-dump"
hash = "sha256:326c2c4bc54117ecbe3f3a3c4318d94082966d440354d392e6ba5e03804282f2"

[sections.rootfs.layers.source]
type = "path"
path = "../../user/std-bin"

[[sections.rootfs.layers]]
kind = "cargo"
bin = "tabletctl"
to = "/bin/tabletctl"
hash = "sha256:023170eabbc636c1dc27e282c4b72778eab47f39204213375ec4efef747d119f"

[sections.rootfs.layers.source]
type = "path"
path = "../../user/std-bin"

[[sections.rootfs.layers]]
kind = "cargo"
bin = "mozc-server"
to = "/bin/mozc-server"
hash = "sha256:5499a9cd0254f0933ff54676f41d41ecd11bcd86393665e96fbc16d051458a2e"

[sections.rootfs.layers.source]
type = "path"
path = "../../user/bin"

[[sections.rootfs.layers]]
kind = "cargo"
package = "user-bin"
bin = "scarlet-mozc"
to = "/bin/scarlet-mozc"
hash = "sha256:03c7f66a76dcf79c3c23f069570bb2713e4be6b3dde40e52a76bde33bb9eec57"

[sections.rootfs.layers.source]
type = "path"
path = "../../user/bin"

[[sections.rootfs.layers]]
kind = "cargo"
package = "user-bin"
bin = "dcp-flip-test"
to = "/bin/dcp-flip-test"
hash = "sha256:c9fdf2f7a8ad1dce63e78c2ba50d280369c8af12c4a2829486a3e43603604230"

[sections.rootfs.layers.source]
type = "path"
path = "../../user/bin"

[[sections.rootfs.layers]]
kind = "cargo"
git = "https://github.com/petitstrawberry/carmine"
git_ref = "ab5b679b92e141b345549bba11e43555b6bf3eb3"
resolved_rev = "ab5b679b92e141b345549bba11e43555b6bf3eb3"
package = "carmine"
bin = "carmine"
to = "/bin/carmine"
hash = "sha256:a4f06a8879c22cd6980c5f5da8e194086d34beb680e0f5915c4c79825642c5ab"

[sections.rootfs.layers.source]
type = "git"
url = "https://github.com/petitstrawberry/carmine"
rev = "ab5b679b92e141b345549bba11e43555b6bf3eb3"

[[sections.rootfs.layers]]
kind = "cargo"
git = "https://github.com/petitstrawberry/myrica"
git_ref = "9e3e904ad7117162adc5bd3b9415bef8aec59c83"
resolved_rev = "9e3e904ad7117162adc5bd3b9415bef8aec59c83"
package = "myrica"
bin = "myrica"
to = "/bin/myrica"
hash = "sha256:217b98417c76b877bc958507355b421d2a074e7bf8cd46610ef9d04c733d76c2"

[sections.rootfs.layers.source]
type = "git"
url = "https://github.com/petitstrawberry/myrica"
rev = "9e3e904ad7117162adc5bd3b9415bef8aec59c83"

[[sections.rootfs.layers]]
kind = "cargo"
git = "https://github.com/petitstrawberry/vellum"
git_ref = "48e9d9886b1c21c4f33a0433f7f4183d9d3ecb7e"
resolved_rev = "48e9d9886b1c21c4f33a0433f7f4183d9d3ecb7e"
package = "vellum"
bin = "vellum"
to = "/bin/vellum"
hash = "sha256:3fa5120582dcf5b3265ca41b325cc611f902370218e40c1310b02323321ec720"

[sections.rootfs.layers.source]
type = "git"
url = "https://github.com/petitstrawberry/vellum"
rev = "48e9d9886b1c21c4f33a0433f7f4183d9d3ecb7e"

[[sections.rootfs.layers]]
kind = "cargo"
git = "https://github.com/petitstrawberry/boxcraft"
git_ref = "e50a70d77e8c23152a2efff2e0ac11ccafea972f"
resolved_rev = "e50a70d77e8c23152a2efff2e0ac11ccafea972f"
package = "boxcraft"
bin = "boxcraft"
to = "/bin/boxcraft"
hash = "sha256:c6602ebbae112f0c5f3c2d5c0090864c87bff8a62e63643b6ce5d50ec5cddf09"

[sections.rootfs.layers.source]
type = "git"
url = "https://github.com/petitstrawberry/boxcraft"
rev = "e50a70d77e8c23152a2efff2e0ac11ccafea972f"

[[sections.rootfs.layers]]
kind = "cargo"
bin = "remote-desktop"
to = "/bin/remote-desktop"
hash = "sha256:1ee9059f662fc19001ae0214f7734db5c08e0b9c21fa822d2b0005c4963c0a3e"

[sections.rootfs.layers.source]
type = "path"
path = "../../user/std-bin"

[[sections.rootfs.layers]]
kind = "archive"
to = "/systems/linux-riscv64"
format = "tar-zst"
strip_components = 1
hash = "sha256:b5911d2128a83d9bac7f79291a9e0ea2c5106b8fdfbb92d6b0e2177eee83ac4d"

[sections.rootfs.layers.source]
type = "archive"
url = "https://github.com/petitstrawberry/scarlet-bundle-linux/releases/download/v0.1.0/rootfs-riscv64-v0.1.0.tar.zst"
sha256 = "sha256:b5911d2128a83d9bac7f79291a9e0ea2c5106b8fdfbb92d6b0e2177eee83ac4d"

[[sections.rootfs.layers]]
kind = "archive"
to = "/systems/linux-riscv64"
format = "tar-zst"
strip_components = 1
hash = "sha256:72458aa767224fa7bd87a324a47faeeb524aad109b8c98aaaf83d304829eb5eb"

[sections.rootfs.layers.source]
type = "archive"
url = "https://github.com/petitstrawberry/scarlet-bundle-linux/releases/download/v0.1.0/mozc-riscv64-v0.1.0.tar.zst"
sha256 = "sha256:72458aa767224fa7bd87a324a47faeeb524aad109b8c98aaaf83d304829eb5eb"

[[sections.rootfs.layers]]
kind = "cargo"
git = "https://github.com/petitstrawberry/moonlight-scarlet.git"
git_ref = "7e9708be295aa1b03a4a6737d7e2208635cc599c"
resolved_rev = "7e9708be295aa1b03a4a6737d7e2208635cc599c"
package = "moonlight"
bin = "moonlight"
to = "/bin/moonlight"
hash = "sha256:827253363721af633c2ef2e019b17d48e90136c3fd0ecfadb7b373f61b01e86b"

[sections.rootfs.layers.source]
type = "git"
url = "https://github.com/petitstrawberry/moonlight-scarlet.git"
rev = "7e9708be295aa1b03a4a6737d7e2208635cc599c"

[[sections.rootfs.layers]]
kind = "cargo"
package = "video_player"
bin = "video-player"
features = [
    "av1-stateful-hw",
    "h264-stateful-hw",
    "h264-stateless-hw",
    "mp4-aac",
]
default-features = false
to = "/bin/video-player"
hash = "sha256:51ee3314b5c54993e5b9118e37dadb35c80ca4804a8a3ace588196cd8c422e3b"

[sections.rootfs.layers.source]
type = "path"
path = "../../user/video_player"

[[sections.rootfs.layers]]
kind = "cargo"
git = "https://github.com/petitstrawberry/yt-for-scarlet"
git_ref = "5b12d06fb86157829b653d9204bf465114814a0a"
resolved_rev = "5b12d06fb86157829b653d9204bf465114814a0a"
package = "yt"
bin = "yt"
to = "/bin/yt"
hash = "sha256:d4673ae200f6c03178e0938b5389ceae0cf820f238f8f4fd0eee1ad6c756ed72"

[sections.rootfs.layers.source]
type = "git"
url = "https://github.com/petitstrawberry/yt-for-scarlet"
rev = "5b12d06fb86157829b653d9204bf465114814a0a"

[[sections.rootfs.layers]]
kind = "cargo"
git = "https://github.com/petitstrawberry/yt-for-scarlet"
git_ref = "5b12d06fb86157829b653d9204bf465114814a0a"
resolved_rev = "5b12d06fb86157829b653d9204bf465114814a0a"
package = "yt-gui"
bin = "yt-gui"
to = "/bin/yt-gui"
hash = "sha256:d2193d2a446265bb56df34926a5fcb6fcb799cc045edc30844b6123e4ebdc1f6"

[sections.rootfs.layers.source]
type = "git"
url = "https://github.com/petitstrawberry/yt-for-scarlet"
rev = "5b12d06fb86157829b653d9204bf465114814a0a"

[[sections.rootfs.layers]]
kind = "cargo"
package = "scarlet-std-bin"
bin = "axum-demo"
to = "/bin/axum-demo"
hash = "sha256:2135920d0ac4826cb9fef1f2affcbf0b2c0a7c02e159be8103e72f35ac5f9836"

[sections.rootfs.layers.source]
type = "path"
path = "../../user/std-bin"

[[sections.rootfs.layers]]
kind = "cargo"
package = "scarlet-std-bin"
bin = "reqwest-demo"
to = "/bin/reqwest-demo"
hash = "sha256:09fbd05c9a101464b9c70e94881c9888ff73ff0a33de3c3f7667ee80b72da157"

[sections.rootfs.layers.source]
type = "path"
path = "../../user/std-bin"

[[sections.rootfs.layers]]
kind = "cargo"
package = "scarlet-tonic-demo"
bin = "tonic-server"
to = "/bin/tonic-server"
hash = "sha256:0662ce5cd93c8670cbfd4a7f652658fd9131ad7d5082d064f2780dc1c8ca4b9c"

[sections.rootfs.layers.source]
type = "path"
path = "../../user/tonic-demo"

[[sections.rootfs.layers]]
kind = "cargo"
package = "scarlet-tonic-demo"
bin = "tonic-client"
to = "/bin/tonic-client"
hash = "sha256:67fb2bef9e2a574c2231f35c912351a650c31f8cacbb2878fa288c991c4f7b87"

[sections.rootfs.layers.source]
type = "path"
path = "../../user/tonic-demo"

[[sections.rootfs.layers]]
kind = "cargo"
package = "scarlet-websocket-demo"
bin = "ws-server"
to = "/bin/ws-server"
hash = "sha256:941cfc63eb5af2d2b82cc63a786ae29bff389f6867dc1dec2f7efd8355f92a7f"

[sections.rootfs.layers.source]
type = "path"
path = "../../user/websocket-demo"

[[sections.rootfs.layers]]
kind = "cargo"
package = "scarlet-websocket-demo"
bin = "ws-client"
to = "/bin/ws-client"
hash = "sha256:3b8ff9a3e76c308d799d01050bafedfd763b72843036b8c974f3a8a595394101"

[sections.rootfs.layers.source]
type = "path"
path = "../../user/websocket-demo"

[[sections.rootfs.layers]]
kind = "cargo"
git = "https://github.com/petitstrawberry/blitz"
git_ref = "c26e20dfff971941486ca9f50c8dcd332ec404da"
resolved_rev = "c26e20dfff971941486ca9f50c8dcd332ec404da"
package = "blitz-scarlet-browser"
bin = "blitz"
subdir = "apps/scarlet-browser"
to = "/bin/blitz"
hash = "sha256:fb9d86f6ec22856168bc337138fd14c5a668a388c060c42e998df7580ef2450c"

[sections.rootfs.layers.source]
type = "git"
url = "https://github.com/petitstrawberry/blitz"
rev = "c26e20dfff971941486ca9f50c8dcd332ec404da"
