# Generated by cargo-scarlet — do not edit

[sections.boot]
hash = "sha256:73b5e744ed3cbfa81de1c4b4446be56c7a2e9b2d1a816e613b35890ff442748a"
layers = []

[sections.disk]
hash = "sha256:9d0ec9bc77c405ce9fe18a4beea151fef5e869daa90ae2d36eb49df2d8b06bc9"
layers = []

[sections.initramfs]
hash = "sha256:7c62ef83589089fd94a9735233961e2e66c9e2b643265275d8cbf28f95382088"

[[sections.initramfs.layers]]
kind = "cargo"
package = "user-bin"
bin = "init"
to = "/init"
hash = "sha256:86590d887ee45713099312b02f2aa6207af09543c64b487e35f599e30314dab4"

[sections.initramfs.layers.source]
type = "path"
path = "../../user/bin"

[[sections.initramfs.layers]]
kind = "cargo"
package = "user-bin"
bin = "sh"
to = "/bin/sh"
hash = "sha256:cf0653f4729cdae9a8d1a64591c1de554a60ca5699199630fd573c961168c3fb"

[sections.initramfs.layers.source]
type = "path"
path = "../../user/bin"

[[sections.initramfs.layers]]
kind = "cargo"
package = "user-bin"
bin = "login"
to = "/bin/login"
hash = "sha256:39bac7ab4709470b0c36eafa7b5f3214a84f3283cda1d27c345e80750d2bf31d"

[sections.initramfs.layers.source]
type = "path"
path = "../../user/bin"

[[sections.initramfs.layers]]
kind = "cargo"
package = "scarlet-std-bin"
bin = "stemd"
to = "/bin/stemd"
hash = "sha256:92100fecb4f0302284bc919bbadd77d92ed5a0cd2b266263ad9b12b01d25dfd9"

[sections.initramfs.layers.source]
type = "path"
path = "../../user/std-bin"

[[sections.initramfs.layers]]
kind = "cargo"
package = "scarlet-std-bin"
bin = "logd"
to = "/bin/logd"
hash = "sha256:8199305d3b1d60c013ab11caa06722ac755820c8f232c69a5c6db58d0bc482e0"

[sections.initramfs.layers.source]
type = "path"
path = "../../user/std-bin"

[[sections.initramfs.layers]]
kind = "cargo"
package = "scarlet-std-bin"
bin = "logctl"
to = "/bin/logctl"
hash = "sha256:d89bed4d246b3557d5648c788c5ca2d32378d8e39d311010fdc25476c587f169"

[sections.initramfs.layers.source]
type = "path"
path = "../../user/std-bin"

[[sections.initramfs.layers]]
kind = "cargo"
package = "user-bin"
bin = "sbusd"
to = "/bin/sbusd"
hash = "sha256:2ca6ca88e301e6dcfd474c5dd969ac831faedecc54999bba138253ca1c8ad2bf"

[sections.initramfs.layers.source]
type = "path"
path = "../../user/bin"

[[sections.initramfs.layers]]
kind = "cargo"
bin = "hello"
to = "/bin/hello"
hash = "sha256:2e00dc3ae0b345c3a30770a2400a1d1318816715d010cae5c366ee526095bbc8"

[sections.initramfs.layers.source]
type = "path"
path = "../../user/std-bin"

[[sections.initramfs.layers]]
kind = "cargo"
package = "scarlet-std-bin"
bin = "kernel-info"
to = "/bin/kernel-info"
hash = "sha256:e26b6e29b04354d3b8580a44892c64b28139b3e0d9d313800f93a2b7c187503b"

[sections.initramfs.layers.source]
type = "path"
path = "../../user/std-bin"

[[sections.initramfs.layers]]
kind = "cargo"
package = "user-bin"
bin = "ps"
to = "/bin/ps"
hash = "sha256:4627c979f6d15a00cb86a00a311c7aaa8e23df9f867275794d9932a3d1bf51bb"

[sections.initramfs.layers.source]
type = "path"
path = "../../user/bin"

[[sections.initramfs.layers]]
kind = "cargo"
bin = "shutdown"
to = "/bin/shutdown"
hash = "sha256:b95cc66c11db912adb4ff70cb2767bc92a2532a4407a9b8536dc3a55d3600d37"

[sections.initramfs.layers.source]
type = "path"
path = "../../user/std-bin"

[[sections.initramfs.layers]]
kind = "cargo"
package = "scarlet-std-bin"
bin = "top"
to = "/bin/top"
hash = "sha256:a1a9f548a8c1daee24370e760ca83e14a5bbb0d643e5cdbb02523f6fab3959bc"

[sections.initramfs.layers.source]
type = "path"
path = "../../user/std-bin"

[[sections.initramfs.layers]]
kind = "cargo"
package = "scarlet-std-bin"
bin = "kill"
to = "/bin/kill"
hash = "sha256:9c0ea9425039b05b084ba08fe21e36df157caf033ef6831a17e795c99f7b684b"

[sections.initramfs.layers.source]
type = "path"
path = "../../user/std-bin"

[[sections.initramfs.layers]]
kind = "cargo"
package = "user-bin"
bin = "scpm"
to = "/bin/scpm"
hash = "sha256:6cdcecdd5135d3b48877c0c97b3ee8471332f91630234b15210a4b19872679c0"

[sections.initramfs.layers.source]
type = "path"
path = "../../user/bin"

[[sections.initramfs.layers]]
kind = "cargo"
package = "user-bin"
bin = "netcfgd"
to = "/bin/netcfgd"
hash = "sha256:d5ac62697e9ca39cc630b46554cdfb31fc850d02f7c6ed386712189b1ed40c2c"

[sections.initramfs.layers.source]
type = "path"
path = "../../user/bin"

[[sections.initramfs.layers]]
kind = "cargo"
package = "user-bin"
bin = "sshd"
to = "/bin/sshd"
hash = "sha256:cccac1558b1d2ad3e5648948a418927a49e855a4e2c3b9becd7991102b5a5583"

[sections.initramfs.layers.source]
type = "path"
path = "../../user/bin"

[[sections.initramfs.layers]]
kind = "cargo"
bin = "resolverd"
to = "/bin/resolverd"
hash = "sha256:1d530a5061a9e42814d3295028fb0c5a729cc3901fdeae1cad1751a689075244"

[sections.initramfs.layers.source]
type = "path"
path = "../../user/std-bin"

[[sections.initramfs.layers]]
kind = "cargo"
bin = "abi-run"
to = "/bin/abi-run"
hash = "sha256:ac64bc401a343e72b42525289f22ed419baa3917f16e94b1d8f0bbf8c1d3cde3"

[sections.initramfs.layers.source]
type = "path"
path = "../../user/std-bin"

[[sections.initramfs.layers]]
kind = "cargo"
bin = "ls"
to = "/bin/ls"
hash = "sha256:91960d587b5801231eec7dc047b2af54d035109a3926e1dd3e7de42a49c8389e"

[sections.initramfs.layers.source]
type = "path"
path = "../../user/std-bin"

[[sections.initramfs.layers]]
kind = "cargo"
bin = "cat"
to = "/bin/cat"
hash = "sha256:eaedea56b2552c059093d1a7980cac47fdee753a14765cb5afca58c8e29055a4"

[sections.initramfs.layers.source]
type = "path"
path = "../../user/std-bin"

[[sections.initramfs.layers]]
kind = "cargo"
bin = "rm"
to = "/bin/rm"
hash = "sha256:e2e0c546d33c943fc9d5aaf7c67fbe6b95f3f83d29cdf5ae12db03aadaebd8a0"

[sections.initramfs.layers.source]
type = "path"
path = "../../user/std-bin"

[[sections.initramfs.layers]]
kind = "cargo"
bin = "resolve"
to = "/bin/resolve"
hash = "sha256:83911d24c7faccfa2d39a1c5b88994d685ed5931e876d1cbb78b9bffc0979bab"

[sections.initramfs.layers.source]
type = "path"
path = "../../user/std-bin"

[[sections.initramfs.layers]]
kind = "cargo"
bin = "nc"
to = "/bin/nc"
hash = "sha256:f97a56129a0f7da4790e58e667842640eec7ccff6405982c4d568904aff0db43"

[sections.initramfs.layers.source]
type = "path"
path = "../../user/std-bin"

[[sections.initramfs.layers]]
kind = "cargo"
bin = "ping"
to = "/bin/ping"
hash = "sha256:1ef834342a034adca6ce11024585aab001fecf0dcf9a088123b40cabf5140ef0"

[sections.initramfs.layers.source]
type = "path"
path = "../../user/std-bin"

[[sections.initramfs.layers]]
kind = "cargo"
bin = "netcfg"
to = "/bin/netcfg"
hash = "sha256:6d9266f07186e7e5c8317d00f2c5c202a656947589e60c3cb11edaf3b8dab2c3"

[sections.initramfs.layers.source]
type = "path"
path = "../../user/std-bin"

[[sections.initramfs.layers]]
kind = "cargo"
bin = "watch"
to = "/bin/watch"
hash = "sha256:2bc295f4e97899be0b1128e607b2c2af01c79622362c460df8d25f9dc61f7e35"

[sections.initramfs.layers.source]
type = "path"
path = "../../user/std-bin"

[[sections.initramfs.layers]]
kind = "cargo"
bin = "date"
to = "/bin/date"
hash = "sha256:d4fdfe56897bd8d68c157b3ce112418a4aaaf4e3a0b5082c1635ba3e18d1f9c4"

[sections.initramfs.layers.source]
type = "path"
path = "../../user/std-bin"

[[sections.initramfs.layers]]
kind = "cargo"
bin = "fb-test"
to = "/bin/fb-test"
hash = "sha256:b0ef14b168d37709db8fe5f2f3e8cf79777853413b9124ea90cb004ebc2fdfa8"

[sections.initramfs.layers.source]
type = "path"
path = "../../user/std-bin"

[sections.rootfs]
hash = "sha256:e0b6577c9b6d4345516ce91ce5f42841c4a22248368fed4cb6636820328d4d47"

[[sections.rootfs.layers]]
kind = "cargo"
package = "user-bin"
bin = "init"
to = "/init"
hash = "sha256:86590d887ee45713099312b02f2aa6207af09543c64b487e35f599e30314dab4"

[sections.rootfs.layers.source]
type = "path"
path = "../../user/bin"

[[sections.rootfs.layers]]
kind = "cargo"
package = "user-bin"
bin = "sh"
to = "/bin/sh"
hash = "sha256:cf0653f4729cdae9a8d1a64591c1de554a60ca5699199630fd573c961168c3fb"

[sections.rootfs.layers.source]
type = "path"
path = "../../user/bin"

[[sections.rootfs.layers]]
kind = "cargo"
package = "user-bin"
bin = "login"
to = "/bin/login"
hash = "sha256:39bac7ab4709470b0c36eafa7b5f3214a84f3283cda1d27c345e80750d2bf31d"

[sections.rootfs.layers.source]
type = "path"
path = "../../user/bin"

[[sections.rootfs.layers]]
kind = "cargo"
package = "scarlet-std-bin"
bin = "stemd"
to = "/bin/stemd"
hash = "sha256:92100fecb4f0302284bc919bbadd77d92ed5a0cd2b266263ad9b12b01d25dfd9"

[sections.rootfs.layers.source]
type = "path"
path = "../../user/std-bin"

[[sections.rootfs.layers]]
kind = "cargo"
package = "scarlet-std-bin"
bin = "logd"
to = "/bin/logd"
hash = "sha256:8199305d3b1d60c013ab11caa06722ac755820c8f232c69a5c6db58d0bc482e0"

[sections.rootfs.layers.source]
type = "path"
path = "../../user/std-bin"

[[sections.rootfs.layers]]
kind = "cargo"
package = "scarlet-std-bin"
bin = "logctl"
to = "/bin/logctl"
hash = "sha256:d89bed4d246b3557d5648c788c5ca2d32378d8e39d311010fdc25476c587f169"

[sections.rootfs.layers.source]
type = "path"
path = "../../user/std-bin"

[[sections.rootfs.layers]]
kind = "cargo"
package = "user-bin"
bin = "sbusd"
to = "/bin/sbusd"
hash = "sha256:2ca6ca88e301e6dcfd474c5dd969ac831faedecc54999bba138253ca1c8ad2bf"

[sections.rootfs.layers.source]
type = "path"
path = "../../user/bin"

[[sections.rootfs.layers]]
kind = "cargo"
bin = "hello"
to = "/bin/hello"
hash = "sha256:2e00dc3ae0b345c3a30770a2400a1d1318816715d010cae5c366ee526095bbc8"

[sections.rootfs.layers.source]
type = "path"
path = "../../user/std-bin"

[[sections.rootfs.layers]]
kind = "cargo"
package = "scarlet-std-bin"
bin = "kernel-info"
to = "/bin/kernel-info"
hash = "sha256:e26b6e29b04354d3b8580a44892c64b28139b3e0d9d313800f93a2b7c187503b"

[sections.rootfs.layers.source]
type = "path"
path = "../../user/std-bin"

[[sections.rootfs.layers]]
kind = "cargo"
package = "user-bin"
bin = "ps"
to = "/bin/ps"
hash = "sha256:4627c979f6d15a00cb86a00a311c7aaa8e23df9f867275794d9932a3d1bf51bb"

[sections.rootfs.layers.source]
type = "path"
path = "../../user/bin"

[[sections.rootfs.layers]]
kind = "cargo"
bin = "shutdown"
to = "/bin/shutdown"
hash = "sha256:b95cc66c11db912adb4ff70cb2767bc92a2532a4407a9b8536dc3a55d3600d37"

[sections.rootfs.layers.source]
type = "path"
path = "../../user/std-bin"

[[sections.rootfs.layers]]
kind = "cargo"
package = "scarlet-std-bin"
bin = "top"
to = "/bin/top"
hash = "sha256:a1a9f548a8c1daee24370e760ca83e14a5bbb0d643e5cdbb02523f6fab3959bc"

[sections.rootfs.layers.source]
type = "path"
path = "../../user/std-bin"

[[sections.rootfs.layers]]
kind = "cargo"
package = "scarlet-std-bin"
bin = "kill"
to = "/bin/kill"
hash = "sha256:9c0ea9425039b05b084ba08fe21e36df157caf033ef6831a17e795c99f7b684b"

[sections.rootfs.layers.source]
type = "path"
path = "../../user/std-bin"

[[sections.rootfs.layers]]
kind = "cargo"
package = "user-bin"
bin = "scpm"
to = "/bin/scpm"
hash = "sha256:6cdcecdd5135d3b48877c0c97b3ee8471332f91630234b15210a4b19872679c0"

[sections.rootfs.layers.source]
type = "path"
path = "../../user/bin"

[[sections.rootfs.layers]]
kind = "cargo"
package = "user-bin"
bin = "netcfgd"
to = "/bin/netcfgd"
hash = "sha256:d5ac62697e9ca39cc630b46554cdfb31fc850d02f7c6ed386712189b1ed40c2c"

[sections.rootfs.layers.source]
type = "path"
path = "../../user/bin"

[[sections.rootfs.layers]]
kind = "cargo"
package = "user-bin"
bin = "sshd"
to = "/bin/sshd"
hash = "sha256:cccac1558b1d2ad3e5648948a418927a49e855a4e2c3b9becd7991102b5a5583"

[sections.rootfs.layers.source]
type = "path"
path = "../../user/bin"

[[sections.rootfs.layers]]
kind = "cargo"
bin = "resolverd"
to = "/bin/resolverd"
hash = "sha256:1d530a5061a9e42814d3295028fb0c5a729cc3901fdeae1cad1751a689075244"

[sections.rootfs.layers.source]
type = "path"
path = "../../user/std-bin"

[[sections.rootfs.layers]]
kind = "cargo"
bin = "abi-run"
to = "/bin/abi-run"
hash = "sha256:ac64bc401a343e72b42525289f22ed419baa3917f16e94b1d8f0bbf8c1d3cde3"

[sections.rootfs.layers.source]
type = "path"
path = "../../user/std-bin"

[[sections.rootfs.layers]]
kind = "cargo"
bin = "ls"
to = "/bin/ls"
hash = "sha256:91960d587b5801231eec7dc047b2af54d035109a3926e1dd3e7de42a49c8389e"

[sections.rootfs.layers.source]
type = "path"
path = "../../user/std-bin"

[[sections.rootfs.layers]]
kind = "cargo"
bin = "cat"
to = "/bin/cat"
hash = "sha256:eaedea56b2552c059093d1a7980cac47fdee753a14765cb5afca58c8e29055a4"

[sections.rootfs.layers.source]
type = "path"
path = "../../user/std-bin"

[[sections.rootfs.layers]]
kind = "cargo"
bin = "rm"
to = "/bin/rm"
hash = "sha256:e2e0c546d33c943fc9d5aaf7c67fbe6b95f3f83d29cdf5ae12db03aadaebd8a0"

[sections.rootfs.layers.source]
type = "path"
path = "../../user/std-bin"

[[sections.rootfs.layers]]
kind = "cargo"
bin = "resolve"
to = "/bin/resolve"
hash = "sha256:83911d24c7faccfa2d39a1c5b88994d685ed5931e876d1cbb78b9bffc0979bab"

[sections.rootfs.layers.source]
type = "path"
path = "../../user/std-bin"

[[sections.rootfs.layers]]
kind = "cargo"
bin = "nc"
to = "/bin/nc"
hash = "sha256:f97a56129a0f7da4790e58e667842640eec7ccff6405982c4d568904aff0db43"

[sections.rootfs.layers.source]
type = "path"
path = "../../user/std-bin"

[[sections.rootfs.layers]]
kind = "cargo"
bin = "ping"
to = "/bin/ping"
hash = "sha256:1ef834342a034adca6ce11024585aab001fecf0dcf9a088123b40cabf5140ef0"

[sections.rootfs.layers.source]
type = "path"
path = "../../user/std-bin"

[[sections.rootfs.layers]]
kind = "cargo"
bin = "netcfg"
to = "/bin/netcfg"
hash = "sha256:6d9266f07186e7e5c8317d00f2c5c202a656947589e60c3cb11edaf3b8dab2c3"

[sections.rootfs.layers.source]
type = "path"
path = "../../user/std-bin"

[[sections.rootfs.layers]]
kind = "cargo"
bin = "watch"
to = "/bin/watch"
hash = "sha256:2bc295f4e97899be0b1128e607b2c2af01c79622362c460df8d25f9dc61f7e35"

[sections.rootfs.layers.source]
type = "path"
path = "../../user/std-bin"

[[sections.rootfs.layers]]
kind = "cargo"
bin = "date"
to = "/bin/date"
hash = "sha256:d4fdfe56897bd8d68c157b3ce112418a4aaaf4e3a0b5082c1635ba3e18d1f9c4"

[sections.rootfs.layers.source]
type = "path"
path = "../../user/std-bin"

[[sections.rootfs.layers]]
kind = "cargo"
bin = "fb-test"
to = "/bin/fb-test"
hash = "sha256:b0ef14b168d37709db8fe5f2f3e8cf79777853413b9124ea90cb004ebc2fdfa8"

[sections.rootfs.layers.source]
type = "path"
path = "../../user/std-bin"

[[sections.rootfs.layers]]
kind = "cargo"
package = "user-bin"
bin = "scarlet-desktop"
to = "/bin/scarlet-desktop"
hash = "sha256:fb6cff2f99a7791417b5586b05b5f1461113307d7b3717b8280c4d12847a8314"

[sections.rootfs.layers.source]
type = "path"
path = "../../user/bin"

[[sections.rootfs.layers]]
kind = "cargo"
package = "user-bin"
bin = "desktop-settings"
to = "/bin/desktop-settings"
hash = "sha256:733f6e9c69d6baa188f21606b1ebe0daa9ea0691dfefe5676eb26a3e03815808"

[sections.rootfs.layers.source]
type = "path"
path = "../../user/bin"

[[sections.rootfs.layers]]
kind = "cargo"
package = "scarlet-std-bin"
bin = "files"
to = "/bin/files"
hash = "sha256:cacecdaa66dd78a66455714d2e1575ec725c6c57719510ab6b9caab574591f02"

[sections.rootfs.layers.source]
type = "path"
path = "../../user/std-bin"

[[sections.rootfs.layers]]
kind = "cargo"
package = "scarlet-std-bin"
bin = "notepad"
to = "/bin/notepad"
hash = "sha256:bc8eb3e12075800bd5978ba075ae9e1a8c84c60dda42d234eab5918efd40feef"

[sections.rootfs.layers.source]
type = "path"
path = "../../user/std-bin"

[[sections.rootfs.layers]]
kind = "cargo"
package = "scarlet-std-bin"
bin = "scarlet-shell"
to = "/bin/scarlet-shell"
hash = "sha256:c4070b758519c1491cdbb2cb0d44dcbdf41c5b4c5c2b59de7fa00e6ec40aa8d3"

[sections.rootfs.layers.source]
type = "path"
path = "../../user/std-bin"

[[sections.rootfs.layers]]
kind = "cargo"
package = "user-bin"
bin = "terminal"
to = "/bin/terminal"
hash = "sha256:04d32aba51741b29ab6f7d135275ddaf801f955a91ba03d64e938d982b1e339a"

[sections.rootfs.layers.source]
type = "path"
path = "../../user/bin"

[[sections.rootfs.layers]]
kind = "cargo"
package = "scarlet-std-bin"
bin = "sws"
to = "/bin/sws"
hash = "sha256:94706651596c6fc7088d4fb49993102be79af97af16ae42218d7f70900c82219"

[sections.rootfs.layers.source]
type = "path"
path = "../../user/std-bin"

[[sections.rootfs.layers]]
kind = "cargo"
package = "user-bin"
bin = "sas"
to = "/bin/sas"
hash = "sha256:9c1215150003f22c528c55921140b08f5e869408336d73e9ad73c052a7d524ed"

[sections.rootfs.layers.source]
type = "path"
path = "../../user/bin"

[[sections.rootfs.layers]]
kind = "cargo"
bin = "sasctl"
to = "/bin/sasctl"
hash = "sha256:c44539bbebc3abf0278aba5bfa31f7f342a484d785909b9213b410c29c186a85"

[sections.rootfs.layers.source]
type = "path"
path = "../../user/std-bin"

[[sections.rootfs.layers]]
kind = "cargo"
package = "user-bin"
bin = "mplayer"
to = "/bin/mplayer"
hash = "sha256:e7722a602860b0f2468d71ecaa13639e18546a0d14aa20fe900654a2fa0989e4"

[sections.rootfs.layers.source]
type = "path"
path = "../../user/bin"

[[sections.rootfs.layers]]
kind = "cargo"
package = "user-bin"
bin = "ui-demo"
to = "/bin/ui-demo"
hash = "sha256:b7d01b9d5902ec2716a235eca6a60441f8490f660154a343245415784f7947b1"

[sections.rootfs.layers.source]
type = "path"
path = "../../user/bin"

[[sections.rootfs.layers]]
kind = "cargo"
package = "user-bin"
bin = "ui-benchmark"
to = "/bin/ui-benchmark"
hash = "sha256:ca4b82e37f5ac40acc29866190809fdde5f02b4605cb4a08a2f639aa788d0ef1"

[sections.rootfs.layers.source]
type = "path"
path = "../../user/bin"

[[sections.rootfs.layers]]
kind = "cargo"
git = "https://github.com/petitstrawberry/scarlet-ui"
git_ref = "e4ffcc6e2addff4f45a6abcb223a3f62494aa4b5"
resolved_rev = "e4ffcc6e2addff4f45a6abcb223a3f62494aa4b5"
package = "scarlet-ui-widget-factory"
bin = "scarlet-ui-widget-factory"
subdir = "examples/widget-factory"
to = "/bin/widget-factory"
hash = "sha256:7cb243a99dd2423c57cb18c359122ce93aacf83f76eb7c753bfb325b5f645db6"

[sections.rootfs.layers.source]
type = "git"
url = "https://github.com/petitstrawberry/scarlet-ui"
rev = "e4ffcc6e2addff4f45a6abcb223a3f62494aa4b5"

[[sections.rootfs.layers]]
kind = "cargo"
bin = "ui-sgfx-showcase"
to = "/bin/ui-sgfx-showcase"
hash = "sha256:0bdf44257ee48d96342878e950c9f66511bfa5bea4610ceb422aa1b7fce234fc"

[sections.rootfs.layers.source]
type = "path"
path = "../../user/std-bin"

[[sections.rootfs.layers]]
kind = "cargo"
package = "user-bin"
bin = "settings"
to = "/bin/settings"
hash = "sha256:6ce158d91bc5ddaa541f41c1792bbd7c269319e027d8e8d291a4eb76c8105379"

[sections.rootfs.layers.source]
type = "path"
path = "../../user/bin"

[[sections.rootfs.layers]]
kind = "cargo"
bin = "task-manager"
to = "/bin/task-manager"
hash = "sha256:a159bc8a3a3b4240db5c8c605972ad8a72b15f50b6073d90625fabec91b56aa5"

[sections.rootfs.layers.source]
type = "path"
path = "../../user/std-bin"

[[sections.rootfs.layers]]
kind = "cargo"
package = "user-bin"
bin = "scarlet-skk"
to = "/bin/scarlet-skk"
hash = "sha256:ccca5529f1998cc395f1f77cd2ab6858cb8d5ecdbf4bf895f9e223e84eb6f1d2"

[sections.rootfs.layers.source]
type = "path"
path = "../../user/bin"

[[sections.rootfs.layers]]
kind = "script"
to = "/share/skk/SKK-JISYO.L"
output = "../../bundles/desktop/.scarlet/cache/skk/SKK-JISYO.L"
hash = "sha256:cb3638df4cf621359db4e5aca385deae3cd0e681540da1c788d004374d261a42"

[sections.rootfs.layers.source]
type = "path"
path = "../../bundles/desktop/tools/fetch_skk_dictionary.sh"

[[sections.rootfs.layers]]
kind = "cargo"
package = "user-bin"
bin = "wayland-bridge"
to = "/bin/wayland-bridge"
hash = "sha256:ad2ce46d4c6e5426ae4fdfc02c4d36645ac6931b67bebd953c8ca0a28c546e7f"

[sections.rootfs.layers.source]
type = "path"
path = "../../user/bin"

[[sections.rootfs.layers]]
kind = "cargo"
bin = "ansi-banner"
to = "/bin/ansi-banner"
hash = "sha256:324c717b53e9ebbcdc9c8061a641dccf4e7c970de71d3d945c7b21c9fd832975"

[sections.rootfs.layers.source]
type = "path"
path = "../../user/std-bin"

[[sections.rootfs.layers]]
kind = "cargo"
package = "user-bin"
bin = "sgfx-probe"
to = "/bin/sgfx-probe"
hash = "sha256:b62dc8b056551e9414216ae8276838237079fa1cb5b11654d3f0715f256991dc"

[sections.rootfs.layers.source]
type = "path"
path = "../../user/bin"

[[sections.rootfs.layers]]
kind = "cargo"
bin = "sgfx-cube"
to = "/bin/sgfx-cube"
hash = "sha256:4595af7f9a60d281417497d7e0c09ed0068e2aa5a1d06cb056f88c767de89deb"

[sections.rootfs.layers.source]
type = "path"
path = "../../user/std-bin"

[[sections.rootfs.layers]]
kind = "cargo"
bin = "sgfx-texture"
to = "/bin/sgfx-texture"
hash = "sha256:4e6322b864af7b6580d7c82a23f13c63146b63e5d535c3aeaf80b7bac4abf368"

[sections.rootfs.layers.source]
type = "path"
path = "../../user/std-bin"

[[sections.rootfs.layers]]
kind = "cargo"
bin = "sgfx-showcase"
to = "/bin/sgfx-showcase"
hash = "sha256:3b81d7d6cb53c7e5ce5e41146bf42e78a77660720fc5aa5d6fa10521376e488b"

[sections.rootfs.layers.source]
type = "path"
path = "../../user/std-bin"

[[sections.rootfs.layers]]
kind = "cargo"
bin = "httpd"
to = "/bin/httpd"
hash = "sha256:40e9034e688d2a5ac7ae3e3764d164ab924462edc30c6008d66b808abd5ad433"

[sections.rootfs.layers.source]
type = "path"
path = "../../user/std-bin"

[[sections.rootfs.layers]]
kind = "cargo"
package = "user-bin"
bin = "ushv"
to = "/bin/ushv"
hash = "sha256:07b0887349dc90a433dbd2b13a916ec5e2a909146d3b15ddfb1ab0ca695d3edf"

[sections.rootfs.layers.source]
type = "path"
path = "../../user/bin"

[[sections.rootfs.layers]]
kind = "cargo"
bin = "lsm-list"
to = "/bin/lsm-list"
hash = "sha256:f44028522629e0465e17e660c9a78ee32197042319a09bc1a4712cb8d1296860"

[sections.rootfs.layers.source]
type = "path"
path = "../../user/std-bin"

[[sections.rootfs.layers]]
kind = "cargo"
bin = "clock"
to = "/bin/clock"
hash = "sha256:c26caa6e1656c7abd5e3354ea59c92b0d8a3a0b45ed5520d58b1154bd6e07bfb"

[sections.rootfs.layers.source]
type = "path"
path = "../../user/std-bin"

[[sections.rootfs.layers]]
kind = "cargo"
bin = "lsm-load"
to = "/bin/lsm-load"
hash = "sha256:c91212e0ef4c85d391d2fb35b06a6a8ee6ff4bf22322181c0656b6741620c45d"

[sections.rootfs.layers.source]
type = "path"
path = "../../user/std-bin"

[[sections.rootfs.layers]]
kind = "cargo"
bin = "lsm-unload"
to = "/bin/lsm-unload"
hash = "sha256:961cd3f4d0fb732107c9033bef93b41898837a8c4af0680da5e0396600622480"

[sections.rootfs.layers.source]
type = "path"
path = "../../user/std-bin"

[[sections.rootfs.layers]]
kind = "cargo"
bin = "input-dump"
to = "/bin/input-dump"
hash = "sha256:4487c6b7e98ca7ccf9875cc8aa9e37551b2ab05a0a3fc5b5cd8597b0c0ac33fd"

[sections.rootfs.layers.source]
type = "path"
path = "../../user/std-bin"

[[sections.rootfs.layers]]
kind = "cargo"
bin = "displayctl"
to = "/bin/displayctl"
hash = "sha256:b15dbf7c3fb6134b8aa4f5f2bd4398499bf1861468dc66465b140e1e8be6182f"

[sections.rootfs.layers.source]
type = "path"
path = "../../user/std-bin"

[[sections.rootfs.layers]]
kind = "cargo"
bin = "sensor-dump"
to = "/bin/sensor-dump"
hash = "sha256:13e9fa973f83554e6a48d1d3ca299863a0db7dc9c54969e9cf19fa8e9810fe0e"

[sections.rootfs.layers.source]
type = "path"
path = "../../user/std-bin"

[[sections.rootfs.layers]]
kind = "cargo"
bin = "tabletctl"
to = "/bin/tabletctl"
hash = "sha256:50a524a84e2bac326b01e1c64871d45316b16a4601d7b098b0b47fbe6fb7c04f"

[sections.rootfs.layers.source]
type = "path"
path = "../../user/std-bin"

[[sections.rootfs.layers]]
kind = "cargo"
bin = "mozc-server"
to = "/bin/mozc-server"
hash = "sha256:90ad15e3367586cedad2893a544fab045a875eefa866c4347eec12794a8a1952"

[sections.rootfs.layers.source]
type = "path"
path = "../../user/bin"

[[sections.rootfs.layers]]
kind = "cargo"
package = "user-bin"
bin = "scarlet-mozc"
to = "/bin/scarlet-mozc"
hash = "sha256:af7f2897da76363a60b0143e1497c24b63dfec8b8a134669d57e078d0eb3b56b"

[sections.rootfs.layers.source]
type = "path"
path = "../../user/bin"

[[sections.rootfs.layers]]
kind = "cargo"
package = "user-bin"
bin = "dcp-flip-test"
to = "/bin/dcp-flip-test"
hash = "sha256:129816d1a4fb78155f77b4eb09733560e856f0bce972a315c879bf31a49a3045"

[sections.rootfs.layers.source]
type = "path"
path = "../../user/bin"

[[sections.rootfs.layers]]
kind = "cargo"
git = "https://github.com/petitstrawberry/carmine"
git_ref = "de71bdc8826b1fd81ec58cca4f901a768755f82c"
resolved_rev = "de71bdc8826b1fd81ec58cca4f901a768755f82c"
package = "carmine"
bin = "carmine"
to = "/bin/carmine"
hash = "sha256:02105d187bfe4806014d46de81669d7ac15f8212ef2baa4201dbca3fc775a3a9"

[sections.rootfs.layers.source]
type = "git"
url = "https://github.com/petitstrawberry/carmine"
rev = "de71bdc8826b1fd81ec58cca4f901a768755f82c"

[[sections.rootfs.layers]]
kind = "cargo"
git = "https://github.com/petitstrawberry/myrica"
git_ref = "bae87e0a7da998d9c6bd25e30ff566bbc5324169"
resolved_rev = "bae87e0a7da998d9c6bd25e30ff566bbc5324169"
package = "myrica"
bin = "myrica"
to = "/bin/myrica"
hash = "sha256:cfb2e5d12a0f40b084e92480ddcfe79597573c647c1b7f4ed6fcd37a2127b047"

[sections.rootfs.layers.source]
type = "git"
url = "https://github.com/petitstrawberry/myrica"
rev = "bae87e0a7da998d9c6bd25e30ff566bbc5324169"

[[sections.rootfs.layers]]
kind = "cargo"
git = "https://github.com/petitstrawberry/vellum"
git_ref = "6b214d224fb97b26658de29858d6d03292d640bb"
resolved_rev = "6b214d224fb97b26658de29858d6d03292d640bb"
package = "vellum"
bin = "vellum"
to = "/bin/vellum"
hash = "sha256:e0a9f463ba67bfabeddb18a2828c2c3984ee27714abf3d9e1f5cbd95d6d86da5"

[sections.rootfs.layers.source]
type = "git"
url = "https://github.com/petitstrawberry/vellum"
rev = "6b214d224fb97b26658de29858d6d03292d640bb"

[[sections.rootfs.layers]]
kind = "cargo"
git = "https://github.com/petitstrawberry/boxcraft"
git_ref = "903e890ab91fc120ac1aa5d68e07fdad9f4ac8df"
resolved_rev = "903e890ab91fc120ac1aa5d68e07fdad9f4ac8df"
package = "boxcraft"
bin = "boxcraft"
to = "/bin/boxcraft"
hash = "sha256:f0c741c3782a48a78f79e9a27daa8de249d71152c5f774ad30a058274642b6c6"

[sections.rootfs.layers.source]
type = "git"
url = "https://github.com/petitstrawberry/boxcraft"
rev = "903e890ab91fc120ac1aa5d68e07fdad9f4ac8df"

[[sections.rootfs.layers]]
kind = "cargo"
bin = "remote-desktop"
to = "/bin/remote-desktop"
hash = "sha256:9b5dfd24714b56feca48d2d9eb16944a232a4386ca99e887e5fda38326ae29e0"

[sections.rootfs.layers.source]
type = "path"
path = "../../user/std-bin"

[[sections.rootfs.layers]]
kind = "archive"
to = "/systems/linux-aarch64"
format = "tar-zst"
strip_components = 1
hash = "sha256:4d94a1870a9be510987c61eb7371d35a7d31415ca49a56ecb8df74791a4e2eb0"

[sections.rootfs.layers.source]
type = "archive"
url = "https://github.com/petitstrawberry/scarlet-bundle-linux/releases/download/v0.1.0/rootfs-aarch64-v0.1.0.tar.zst"
sha256 = "sha256:4d94a1870a9be510987c61eb7371d35a7d31415ca49a56ecb8df74791a4e2eb0"

[[sections.rootfs.layers]]
kind = "archive"
to = "/systems/linux-aarch64"
format = "tar-zst"
strip_components = 1
hash = "sha256:727f20be6a009329e0be7c627f4dd07904588825077e4c431c943d9555499c26"

[sections.rootfs.layers.source]
type = "archive"
url = "https://github.com/petitstrawberry/scarlet-bundle-linux/releases/download/v0.1.0/mozc-aarch64-v0.1.0.tar.zst"
sha256 = "sha256:727f20be6a009329e0be7c627f4dd07904588825077e4c431c943d9555499c26"

[[sections.rootfs.layers]]
kind = "cargo"
git = "https://github.com/petitstrawberry/moonlight-scarlet.git"
git_ref = "7e9708be295aa1b03a4a6737d7e2208635cc599c"
resolved_rev = "7e9708be295aa1b03a4a6737d7e2208635cc599c"
package = "moonlight"
bin = "moonlight"
to = "/bin/moonlight"
hash = "sha256:bac4b038d95655d4800f6592881306d044f605c2b1b7e9046d181b7b619edd8a"

[sections.rootfs.layers.source]
type = "git"
url = "https://github.com/petitstrawberry/moonlight-scarlet.git"
rev = "7e9708be295aa1b03a4a6737d7e2208635cc599c"

[[sections.rootfs.layers]]
kind = "cargo"
package = "video_player"
bin = "video-player"
features = [
    "av1-stateful-hw",
    "h264-stateful-hw",
    "h264-stateless-hw",
    "mp4-aac",
]
default-features = false
to = "/bin/video-player"
hash = "sha256:3bef5dc32dca83714f77695ce93c17c1c65f1e580a1937a5eb6f582486ded22c"

[sections.rootfs.layers.source]
type = "path"
path = "../../user/video_player"

[[sections.rootfs.layers]]
kind = "cargo"
git = "https://github.com/petitstrawberry/yt-for-scarlet"
git_ref = "5b12d06fb86157829b653d9204bf465114814a0a"
resolved_rev = "5b12d06fb86157829b653d9204bf465114814a0a"
package = "yt"
bin = "yt"
to = "/bin/yt"
hash = "sha256:5957895f0dd82bfdbae6167a1cbfa9baae22ebae218e818a6ca8614b187b40c8"

[sections.rootfs.layers.source]
type = "git"
url = "https://github.com/petitstrawberry/yt-for-scarlet"
rev = "5b12d06fb86157829b653d9204bf465114814a0a"

[[sections.rootfs.layers]]
kind = "cargo"
git = "https://github.com/petitstrawberry/yt-for-scarlet"
git_ref = "5b12d06fb86157829b653d9204bf465114814a0a"
resolved_rev = "5b12d06fb86157829b653d9204bf465114814a0a"
package = "yt-gui"
bin = "yt-gui"
to = "/bin/yt-gui"
hash = "sha256:95ce06e2f2a3a4f138b855208a6e0a55d0684dac0bcd44d476839dd54acdc0c4"

[sections.rootfs.layers.source]
type = "git"
url = "https://github.com/petitstrawberry/yt-for-scarlet"
rev = "5b12d06fb86157829b653d9204bf465114814a0a"

[[sections.rootfs.layers]]
kind = "cargo"
package = "scarlet-std-bin"
bin = "axum-demo"
to = "/bin/axum-demo"
hash = "sha256:e3e751da337b33d0eab1e91be8fda1be577c3bb483cdd369833e52264d50071f"

[sections.rootfs.layers.source]
type = "path"
path = "../../user/std-bin"

[[sections.rootfs.layers]]
kind = "cargo"
package = "scarlet-std-bin"
bin = "reqwest-demo"
to = "/bin/reqwest-demo"
hash = "sha256:ffa0411fb1203a4f4284b82bf79449cc683b5a3b2895c9e21a4fa229a556e9f1"

[sections.rootfs.layers.source]
type = "path"
path = "../../user/std-bin"

[[sections.rootfs.layers]]
kind = "cargo"
package = "scarlet-tonic-demo"
bin = "tonic-server"
to = "/bin/tonic-server"
hash = "sha256:7bea5e835a2d70b3c247e857c76f98efc42ff6ed351b9126e512b90c943d738b"

[sections.rootfs.layers.source]
type = "path"
path = "../../user/tonic-demo"

[[sections.rootfs.layers]]
kind = "cargo"
package = "scarlet-tonic-demo"
bin = "tonic-client"
to = "/bin/tonic-client"
hash = "sha256:d6336c059fea3034caadb1919e6f07fa36247c3700ce1e164006095d184a6966"

[sections.rootfs.layers.source]
type = "path"
path = "../../user/tonic-demo"

[[sections.rootfs.layers]]
kind = "cargo"
package = "scarlet-websocket-demo"
bin = "ws-server"
to = "/bin/ws-server"
hash = "sha256:da93e605844080ed5fb4505fcbc5b14a4def730a46118a0f4c9c1f0dc72d6b4b"

[sections.rootfs.layers.source]
type = "path"
path = "../../user/websocket-demo"

[[sections.rootfs.layers]]
kind = "cargo"
package = "scarlet-websocket-demo"
bin = "ws-client"
to = "/bin/ws-client"
hash = "sha256:d4570f59063a66fe2569554df28e2f8e95f64df34bd96c7d54a1042fd4e4219b"

[sections.rootfs.layers.source]
type = "path"
path = "../../user/websocket-demo"

[[sections.rootfs.layers]]
kind = "cargo"
git = "https://github.com/petitstrawberry/blitz"
git_ref = "c26e20dfff971941486ca9f50c8dcd332ec404da"
resolved_rev = "c26e20dfff971941486ca9f50c8dcd332ec404da"
package = "blitz-scarlet-browser"
bin = "blitz"
subdir = "apps/scarlet-browser"
to = "/bin/blitz"
hash = "sha256:f72f7b2e269192bce0a24678273532fa7ff22b20c50538dc3919e8d3011482ad"

[sections.rootfs.layers.source]
type = "git"
url = "https://github.com/petitstrawberry/blitz"
rev = "c26e20dfff971941486ca9f50c8dcd332ec404da"
