# Generated by cargo-scarlet — do not edit

[sections.initramfs]
hash = "sha256:7f3d6a397e4085d912d139ca2cacca8408aa12b42649089cf2bbb8a0ae9c2dec"

[[sections.initramfs.layers]]
kind = "cargo"
package = "userprogram"
bin = "init"
default-features = false
to = "/init"
hash = "sha256:2460571e6204c744a1144f27834e70d87d1bfa928391d3ed334b4417b0619be1"

[sections.initramfs.layers.source]
type = "path"
path = "../../user/bin"

[[sections.initramfs.layers]]
kind = "cargo"
package = "userprogram"
bin = "login"
default-features = false
to = "/bin/login"
hash = "sha256:ad1283476989105b2494e30307b7cd52416f26186dd1de86a1cd2c80e7596ae5"

[sections.initramfs.layers.source]
type = "path"
path = "../../user/bin"

[[sections.initramfs.layers]]
kind = "cargo"
package = "userprogram"
bin = "sh"
default-features = false
to = "/bin/sh"
hash = "sha256:c452b7080f3976f3623b17b21b6123e64fb43a5c13a5c76fbc66b1464577eef0"

[sections.initramfs.layers.source]
type = "path"
path = "../../user/bin"

[[sections.initramfs.layers]]
kind = "cargo"
package = "userprogram"
bin = "ps"
default-features = false
to = "/bin/ps"
hash = "sha256:0c90b3579f044baa91fdd6b357826e293698e63ee93fb719956e666c4beff6ba"

[sections.initramfs.layers.source]
type = "path"
path = "../../user/bin"

[[sections.initramfs.layers]]
kind = "cargo"
package = "userprogram"
bin = "pty-smoke"
default-features = false
to = "/bin/pty-smoke"
hash = "sha256:117a6776e8e6629d8376cbc9a63cc56184635a199d00903ae785bb0163824a0d"

[sections.initramfs.layers.source]
type = "path"
path = "../../user/bin"
