# This file is automatically @generated by Cargo.
# It is not intended for manual editing.
version = 4

[[package]]
name = "native-rustc-probe"
version = "0.1.0"
dependencies = [
 "scarlet-abi",
 "scarlet-libc",
 "scarlet-sys",
]

[[package]]
name = "scarlet-abi"
version = "1.0.0"

[[package]]
name = "scarlet-libc"
version = "0.1.0"
dependencies = [
 "scarlet-abi",
 "scarlet-sys",
]

[[package]]
name = "scarlet-sys"
version = "1.0.0"
dependencies = [
 "scarlet-abi",
]
