# Generated by cargo-scarlet — do not edit

[sections.boot]
hash = "sha256:957157013f463c843cce2d655e0f0307e75dc2cbeb9dc2ed03c8d30bd1da23b8"
layers = []

[sections.disk]
hash = "sha256:af2a30e22bcd26c05e4f2745a59753c7b7cdbce9a07aeabdae25d974df648a83"
layers = []

[sections.initramfs]
hash = "sha256:8d2a10b1950460601509b1b0668ed8a37b4d220810fb1037c92ffbe2263b8762"

[[sections.initramfs.layers]]
kind = "cargo"
package = "user-bin"
bin = "init"
to = "/system/scarlet/bin/init"
hash = "sha256:0d442e9123ed5e8ea70942d4b0efe0f6b7bfb278424da1c0786f4ecc832791ba"

[sections.initramfs.layers.source]
type = "path"
path = "../../user/bin"

[[sections.initramfs.layers]]
kind = "cargo"
package = "user-bin"
bin = "sh"
to = "/system/scarlet/bin/sh"
hash = "sha256:ce9893506f4dc690b9f8b2399e68698a62bb6469e32fa2a80b702e53cbd40506"

[sections.initramfs.layers.source]
type = "path"
path = "../../user/bin"

[[sections.initramfs.layers]]
kind = "cargo"
package = "user-bin"
bin = "login"
to = "/system/scarlet/bin/login"
hash = "sha256:833a8f4eaa08457b4161238ac6f42ad3b4fa2b37353e292c8cf9e724a26f6a8f"

[sections.initramfs.layers.source]
type = "path"
path = "../../user/bin"

[[sections.initramfs.layers]]
kind = "cargo"
package = "user-bin"
bin = "stemd"
to = "/system/scarlet/bin/stemd"
hash = "sha256:4e461181d0444f31c2914a8fd13d26502bc993e198ecf68c47445734344e9eee"

[sections.initramfs.layers.source]
type = "path"
path = "../../user/bin"

[[sections.initramfs.layers]]
kind = "cargo"
package = "user-bin"
bin = "sbusd"
to = "/system/scarlet/bin/sbusd"
hash = "sha256:395ddbfe70374541e47bb309dd68e1aa7c5f033d4dfd9ad45ec9558366798e6e"

[sections.initramfs.layers.source]
type = "path"
path = "../../user/bin"

[[sections.initramfs.layers]]
kind = "cargo"
bin = "hello"
to = "/system/scarlet/bin/hello"
hash = "sha256:db39a518685da8cafa1833cc0709b0cd3fa7699dd2c1d1e4b9051ac5fd01a37e"

[sections.initramfs.layers.source]
type = "path"
path = "../../user/std-bin"

[[sections.initramfs.layers]]
kind = "cargo"
package = "user-bin"
bin = "ps"
to = "/system/scarlet/bin/ps"
hash = "sha256:e3544f9ce2f81309ab1402db368293218e8a439b60bed690dbd01f38828d75f6"

[sections.initramfs.layers.source]
type = "path"
path = "../../user/bin"

[[sections.initramfs.layers]]
kind = "cargo"
package = "user-bin"
bin = "shutdown"
to = "/system/scarlet/bin/shutdown"
hash = "sha256:e6b6bb4a16cb80089f269b9e63096a447f1fa2b539839967cf8489535a251836"

[sections.initramfs.layers.source]
type = "path"
path = "../../user/bin"

[[sections.initramfs.layers]]
kind = "cargo"
package = "scarlet-std-bin"
bin = "top"
to = "/system/scarlet/bin/top"
hash = "sha256:0a743666cb920da402652fb629db9789bb2285fe87934558a5c115c02062664f"

[sections.initramfs.layers.source]
type = "path"
path = "../../user/std-bin"

[[sections.initramfs.layers]]
kind = "cargo"
package = "user-bin"
bin = "scpm"
to = "/system/scarlet/bin/scpm"
hash = "sha256:0d97fd2e0ace49c9addea45ec7a8b5b64785260e30c87827a3a08171ccbe961c"

[sections.initramfs.layers.source]
type = "path"
path = "../../user/bin"

[[sections.initramfs.layers]]
kind = "cargo"
package = "user-bin"
bin = "netcfgd"
to = "/system/scarlet/bin/netcfgd"
hash = "sha256:79ae13af49dbb7e07423e5df1fabdb3f3e57999a44b61811d17bd747ea5876d6"

[sections.initramfs.layers.source]
type = "path"
path = "../../user/bin"

[[sections.initramfs.layers]]
kind = "cargo"
bin = "resolverd"
to = "/system/scarlet/bin/resolverd"
hash = "sha256:b4a33d2c97fbd89ffe07f3d89540e7790ffd23c3684d94b565e2922871b6968b"

[sections.initramfs.layers.source]
type = "path"
path = "../../user/std-bin"

[[sections.initramfs.layers]]
kind = "cargo"
bin = "ls"
to = "/system/scarlet/bin/ls"
hash = "sha256:705066d1c8a6b146943b26cbf289b8e8c30a6bf56aa589f43bed2c06386ec2bb"

[sections.initramfs.layers.source]
type = "path"
path = "../../user/std-bin"

[[sections.initramfs.layers]]
kind = "cargo"
bin = "cat"
to = "/system/scarlet/bin/cat"
hash = "sha256:9b19cbd8bb3a670ec5ee5b9b3904e9ddea5819aca9af3d4e2afeaff02c85f3e3"

[sections.initramfs.layers.source]
type = "path"
path = "../../user/std-bin"

[[sections.initramfs.layers]]
kind = "cargo"
bin = "rm"
to = "/system/scarlet/bin/rm"
hash = "sha256:6c193faeb65168eb2bd44f0560a18d370c6fe3f4b2d07aedd10f056079d812e0"

[sections.initramfs.layers.source]
type = "path"
path = "../../user/std-bin"

[[sections.initramfs.layers]]
kind = "cargo"
bin = "resolve"
to = "/system/scarlet/bin/resolve"
hash = "sha256:b06b2f9f83c38109bcaadccb08f18650670c488f74dc068a1559ffd5b371a716"

[sections.initramfs.layers.source]
type = "path"
path = "../../user/std-bin"

[[sections.initramfs.layers]]
kind = "cargo"
package = "user-bin"
bin = "ping"
to = "/system/scarlet/bin/ping"
hash = "sha256:2a746c8b2e949fc283cfc945094e264adf23f6ed1c60b248277df28a4552fed7"

[sections.initramfs.layers.source]
type = "path"
path = "../../user/bin"

[[sections.initramfs.layers]]
kind = "cargo"
package = "user-bin"
bin = "netcfg"
to = "/system/scarlet/bin/netcfg"
hash = "sha256:da6d3e7a75324280413710804d02c8d67074eaf7941cd6db916c4fb31bebb795"

[sections.initramfs.layers.source]
type = "path"
path = "../../user/bin"

[[sections.initramfs.layers]]
kind = "cargo"
bin = "watch"
to = "/system/scarlet/bin/watch"
hash = "sha256:fd60207494baee14008beb02b3258860ff65ae81e93a84c0b5f8267d8094e271"

[sections.initramfs.layers.source]
type = "path"
path = "../../user/std-bin"

[[sections.initramfs.layers]]
kind = "cargo"
bin = "date"
to = "/system/scarlet/bin/date"
hash = "sha256:a2c61506b136f578b16fd0ab5293b9956885de6d76ce02bf6cfc76d11d0fd7ae"

[sections.initramfs.layers.source]
type = "path"
path = "../../user/std-bin"

[[sections.initramfs.layers]]
kind = "cargo"
package = "user-bin"
bin = "fb_test"
to = "/system/scarlet/bin/fb_test"
hash = "sha256:d48b54d4faa2b23abd3c453fe4aa9830dcebe7afa4080bb88168e29e50fc9318"

[sections.initramfs.layers.source]
type = "path"
path = "../../user/bin"

[sections.rootfs]
hash = "sha256:dbec319fca0cca82e9bc8c0f9dd1aec47a8f2dd1630c850459ba31aef5caf6bf"

[[sections.rootfs.layers]]
kind = "cargo"
package = "user-bin"
bin = "init"
to = "/system/scarlet/bin/init"
hash = "sha256:0d442e9123ed5e8ea70942d4b0efe0f6b7bfb278424da1c0786f4ecc832791ba"

[sections.rootfs.layers.source]
type = "path"
path = "../../user/bin"

[[sections.rootfs.layers]]
kind = "cargo"
package = "user-bin"
bin = "sh"
to = "/system/scarlet/bin/sh"
hash = "sha256:ce9893506f4dc690b9f8b2399e68698a62bb6469e32fa2a80b702e53cbd40506"

[sections.rootfs.layers.source]
type = "path"
path = "../../user/bin"

[[sections.rootfs.layers]]
kind = "cargo"
package = "user-bin"
bin = "login"
to = "/system/scarlet/bin/login"
hash = "sha256:833a8f4eaa08457b4161238ac6f42ad3b4fa2b37353e292c8cf9e724a26f6a8f"

[sections.rootfs.layers.source]
type = "path"
path = "../../user/bin"

[[sections.rootfs.layers]]
kind = "cargo"
package = "user-bin"
bin = "stemd"
to = "/system/scarlet/bin/stemd"
hash = "sha256:4e461181d0444f31c2914a8fd13d26502bc993e198ecf68c47445734344e9eee"

[sections.rootfs.layers.source]
type = "path"
path = "../../user/bin"

[[sections.rootfs.layers]]
kind = "cargo"
package = "user-bin"
bin = "sbusd"
to = "/system/scarlet/bin/sbusd"
hash = "sha256:395ddbfe70374541e47bb309dd68e1aa7c5f033d4dfd9ad45ec9558366798e6e"

[sections.rootfs.layers.source]
type = "path"
path = "../../user/bin"

[[sections.rootfs.layers]]
kind = "cargo"
bin = "hello"
to = "/system/scarlet/bin/hello"
hash = "sha256:db39a518685da8cafa1833cc0709b0cd3fa7699dd2c1d1e4b9051ac5fd01a37e"

[sections.rootfs.layers.source]
type = "path"
path = "../../user/std-bin"

[[sections.rootfs.layers]]
kind = "cargo"
package = "user-bin"
bin = "ps"
to = "/system/scarlet/bin/ps"
hash = "sha256:e3544f9ce2f81309ab1402db368293218e8a439b60bed690dbd01f38828d75f6"

[sections.rootfs.layers.source]
type = "path"
path = "../../user/bin"

[[sections.rootfs.layers]]
kind = "cargo"
package = "user-bin"
bin = "shutdown"
to = "/system/scarlet/bin/shutdown"
hash = "sha256:e6b6bb4a16cb80089f269b9e63096a447f1fa2b539839967cf8489535a251836"

[sections.rootfs.layers.source]
type = "path"
path = "../../user/bin"

[[sections.rootfs.layers]]
kind = "cargo"
package = "scarlet-std-bin"
bin = "top"
to = "/system/scarlet/bin/top"
hash = "sha256:0a743666cb920da402652fb629db9789bb2285fe87934558a5c115c02062664f"

[sections.rootfs.layers.source]
type = "path"
path = "../../user/std-bin"

[[sections.rootfs.layers]]
kind = "cargo"
package = "user-bin"
bin = "scpm"
to = "/system/scarlet/bin/scpm"
hash = "sha256:0d97fd2e0ace49c9addea45ec7a8b5b64785260e30c87827a3a08171ccbe961c"

[sections.rootfs.layers.source]
type = "path"
path = "../../user/bin"

[[sections.rootfs.layers]]
kind = "cargo"
package = "user-bin"
bin = "netcfgd"
to = "/system/scarlet/bin/netcfgd"
hash = "sha256:79ae13af49dbb7e07423e5df1fabdb3f3e57999a44b61811d17bd747ea5876d6"

[sections.rootfs.layers.source]
type = "path"
path = "../../user/bin"

[[sections.rootfs.layers]]
kind = "cargo"
bin = "resolverd"
to = "/system/scarlet/bin/resolverd"
hash = "sha256:b4a33d2c97fbd89ffe07f3d89540e7790ffd23c3684d94b565e2922871b6968b"

[sections.rootfs.layers.source]
type = "path"
path = "../../user/std-bin"

[[sections.rootfs.layers]]
kind = "cargo"
bin = "ls"
to = "/system/scarlet/bin/ls"
hash = "sha256:705066d1c8a6b146943b26cbf289b8e8c30a6bf56aa589f43bed2c06386ec2bb"

[sections.rootfs.layers.source]
type = "path"
path = "../../user/std-bin"

[[sections.rootfs.layers]]
kind = "cargo"
bin = "cat"
to = "/system/scarlet/bin/cat"
hash = "sha256:9b19cbd8bb3a670ec5ee5b9b3904e9ddea5819aca9af3d4e2afeaff02c85f3e3"

[sections.rootfs.layers.source]
type = "path"
path = "../../user/std-bin"

[[sections.rootfs.layers]]
kind = "cargo"
bin = "rm"
to = "/system/scarlet/bin/rm"
hash = "sha256:6c193faeb65168eb2bd44f0560a18d370c6fe3f4b2d07aedd10f056079d812e0"

[sections.rootfs.layers.source]
type = "path"
path = "../../user/std-bin"

[[sections.rootfs.layers]]
kind = "cargo"
bin = "resolve"
to = "/system/scarlet/bin/resolve"
hash = "sha256:b06b2f9f83c38109bcaadccb08f18650670c488f74dc068a1559ffd5b371a716"

[sections.rootfs.layers.source]
type = "path"
path = "../../user/std-bin"

[[sections.rootfs.layers]]
kind = "cargo"
package = "user-bin"
bin = "ping"
to = "/system/scarlet/bin/ping"
hash = "sha256:2a746c8b2e949fc283cfc945094e264adf23f6ed1c60b248277df28a4552fed7"

[sections.rootfs.layers.source]
type = "path"
path = "../../user/bin"

[[sections.rootfs.layers]]
kind = "cargo"
package = "user-bin"
bin = "netcfg"
to = "/system/scarlet/bin/netcfg"
hash = "sha256:da6d3e7a75324280413710804d02c8d67074eaf7941cd6db916c4fb31bebb795"

[sections.rootfs.layers.source]
type = "path"
path = "../../user/bin"

[[sections.rootfs.layers]]
kind = "cargo"
bin = "watch"
to = "/system/scarlet/bin/watch"
hash = "sha256:fd60207494baee14008beb02b3258860ff65ae81e93a84c0b5f8267d8094e271"

[sections.rootfs.layers.source]
type = "path"
path = "../../user/std-bin"

[[sections.rootfs.layers]]
kind = "cargo"
bin = "date"
to = "/system/scarlet/bin/date"
hash = "sha256:a2c61506b136f578b16fd0ab5293b9956885de6d76ce02bf6cfc76d11d0fd7ae"

[sections.rootfs.layers.source]
type = "path"
path = "../../user/std-bin"

[[sections.rootfs.layers]]
kind = "cargo"
package = "user-bin"
bin = "fb_test"
to = "/system/scarlet/bin/fb_test"
hash = "sha256:d48b54d4faa2b23abd3c453fe4aa9830dcebe7afa4080bb88168e29e50fc9318"

[sections.rootfs.layers.source]
type = "path"
path = "../../user/bin"

[[sections.rootfs.layers]]
kind = "cargo"
package = "user-bin"
bin = "scarlet_desktop"
to = "/system/scarlet/bin/scarlet_desktop"
hash = "sha256:4cf514a6fa06b0436613a7d513b8c123644c4191d5275431970bdf2a6604a3ee"

[sections.rootfs.layers.source]
type = "path"
path = "../../user/bin"

[[sections.rootfs.layers]]
kind = "cargo"
package = "user-bin"
bin = "scarlet_desktop_background"
to = "/system/scarlet/bin/scarlet_desktop_background"
hash = "sha256:fd65518288261eae54ac7a030ce4f3331fb238ed2732f80d8a148d969731704a"

[sections.rootfs.layers.source]
type = "path"
path = "../../user/bin"

[[sections.rootfs.layers]]
kind = "cargo"
package = "user-bin"
bin = "scarlet_desktop_taskbar"
to = "/system/scarlet/bin/scarlet_desktop_taskbar"
hash = "sha256:1192e424bf1453437c404223f2b9bf4ca0da178d5cfd8e9d79d09cb092415006"

[sections.rootfs.layers.source]
type = "path"
path = "../../user/bin"

[[sections.rootfs.layers]]
kind = "cargo"
package = "user-bin"
bin = "terminal"
to = "/system/scarlet/bin/terminal"
hash = "sha256:06f66478274afd166287550f3c949c4b0de8f4e07b588c2cd7c62e598f9a4189"

[sections.rootfs.layers.source]
type = "path"
path = "../../user/bin"

[[sections.rootfs.layers]]
kind = "cargo"
package = "user-bin"
bin = "sws"
to = "/system/scarlet/bin/sws"
hash = "sha256:4ef4d035b478448b754d88a161309ee9dad95c2c396669adc5f0bdc6590f034f"

[sections.rootfs.layers.source]
type = "path"
path = "../../user/bin"

[[sections.rootfs.layers]]
kind = "cargo"
package = "user-bin"
bin = "sas"
to = "/system/scarlet/bin/sas"
hash = "sha256:1fd524c8654fbded82fa3ca6dec58e62e59d17f639a4b73f5b0300c9537b991e"

[sections.rootfs.layers.source]
type = "path"
path = "../../user/bin"

[[sections.rootfs.layers]]
kind = "cargo"
bin = "sasctl"
to = "/system/scarlet/bin/sasctl"
hash = "sha256:d7d78e5211e79284f49e54725ff6287c30d352d3a0b002a2474d9217f033226f"

[sections.rootfs.layers.source]
type = "path"
path = "../../user/std-bin"

[[sections.rootfs.layers]]
kind = "cargo"
package = "user-bin"
bin = "mplayer"
to = "/system/scarlet/bin/mplayer"
hash = "sha256:1bda85bf0825a87ffde61fc3b1d1fba0b6963cc74494bdcc8955d810b53a6d8c"

[sections.rootfs.layers.source]
type = "path"
path = "../../user/bin"

[[sections.rootfs.layers]]
kind = "cargo"
package = "user-bin"
bin = "ui-demo"
to = "/system/scarlet/bin/ui-demo"
hash = "sha256:9dbb0c7e1c03eb3628ddcffe4e07092282406bb553891ebbc5c63aef008359c7"

[sections.rootfs.layers.source]
type = "path"
path = "../../user/bin"

[[sections.rootfs.layers]]
kind = "cargo"
package = "user-bin"
bin = "pdfview"
to = "/system/scarlet/bin/pdfview"
hash = "sha256:1dbb36f498ae456084ba02566de081ab8d3b942e2877103a30454b10ea91635e"

[sections.rootfs.layers.source]
type = "path"
path = "../../user/bin"

[[sections.rootfs.layers]]
kind = "cargo"
package = "user-bin"
bin = "settings"
to = "/system/scarlet/bin/settings"
hash = "sha256:629af598274ebe0634786a6f0d6fca14e8b6241b4cf204452b881d51370a5337"

[sections.rootfs.layers.source]
type = "path"
path = "../../user/bin"

[[sections.rootfs.layers]]
kind = "cargo"
bin = "task_manager"
to = "/system/scarlet/bin/task_manager"
hash = "sha256:88722ff21ec94cac61d712cbaceb7236494494e3d849c2dad213860a0fc8fbab"

[sections.rootfs.layers.source]
type = "path"
path = "../../user/std-bin"

[[sections.rootfs.layers]]
kind = "cargo"
package = "user-bin"
bin = "scarlet_skk"
to = "/system/scarlet/bin/scarlet_skk"
hash = "sha256:c61c90e1204b45601293072f4702ad3738f63006bb8641e2bf1180c934c61703"

[sections.rootfs.layers.source]
type = "path"
path = "../../user/bin"

[[sections.rootfs.layers]]
kind = "script"
to = "/system/scarlet/share/skk/SKK-JISYO.L"
output = "../../bundles/desktop/.scarlet/cache/skk/SKK-JISYO.L"
hash = "sha256:cb3638df4cf621359db4e5aca385deae3cd0e681540da1c788d004374d261a42"

[sections.rootfs.layers.source]
type = "path"
path = "../../bundles/desktop/tools/fetch_skk_dictionary.sh"

[[sections.rootfs.layers]]
kind = "cargo"
package = "user-bin"
bin = "wayland_bridge"
to = "/system/scarlet/bin/wayland_bridge"
hash = "sha256:e36896f56f22e0d38a90579ef52e0a6e0a35dbddbde42f210d24f77ce29de23d"

[sections.rootfs.layers.source]
type = "path"
path = "../../user/bin"

[[sections.rootfs.layers]]
kind = "cargo"
bin = "ansi_banner"
to = "/system/scarlet/bin/ansi_banner"
hash = "sha256:e587be675ff2ddd001ebd06cb89cd92eaae66d7779c0ca1707be5cfe4450a05b"

[sections.rootfs.layers.source]
type = "path"
path = "../../user/std-bin"

[[sections.rootfs.layers]]
kind = "cargo"
package = "user-bin"
bin = "gpu_probe"
to = "/system/scarlet/bin/gpu_probe"
hash = "sha256:1bc31c9a3f2943096b6dde4e511656089e1c143d9524f5acc94f301c8cbfb6d0"

[sections.rootfs.layers.source]
type = "path"
path = "../../user/bin"

[[sections.rootfs.layers]]
kind = "cargo"
bin = "httpd"
to = "/system/scarlet/bin/httpd"
hash = "sha256:0f1211f0338aeebbb67a9e66b01e96b654b2b9def35881149c91d55cc91e1205"

[sections.rootfs.layers.source]
type = "path"
path = "../../user/std-bin"

[[sections.rootfs.layers]]
kind = "cargo"
package = "user-bin"
bin = "ushv"
to = "/system/scarlet/bin/ushv"
hash = "sha256:2498d95e2d1dd08bcc31689c2fa4d7c8fe280843e06a961a8172492caf06f4ad"

[sections.rootfs.layers.source]
type = "path"
path = "../../user/bin"

[[sections.rootfs.layers]]
kind = "cargo"
bin = "lsm_list"
to = "/system/scarlet/bin/lsm_list"
hash = "sha256:f52b5168bd55d0c9c49a6b6e6348180e6e72ef7e72f671c58b4319265f98ef3d"

[sections.rootfs.layers.source]
type = "path"
path = "../../user/std-bin"

[[sections.rootfs.layers]]
kind = "cargo"
bin = "clock"
to = "/system/scarlet/bin/clock"
hash = "sha256:a4be8a78d6fdf09c2df9e49254e1dd8659253d89f289494e7c67d47357b4ce42"

[sections.rootfs.layers.source]
type = "path"
path = "../../user/std-bin"

[[sections.rootfs.layers]]
kind = "cargo"
bin = "lsm_load"
to = "/system/scarlet/bin/lsm_load"
hash = "sha256:ad2e732342957de4aab6261e20bb45617050dfcf0dca6a2054a1b6b0a82891d8"

[sections.rootfs.layers.source]
type = "path"
path = "../../user/std-bin"

[[sections.rootfs.layers]]
kind = "cargo"
bin = "lsm_unload"
to = "/system/scarlet/bin/lsm_unload"
hash = "sha256:afbbbd41406892a854f5da970bc328089154fd1122be3f0a43a10fd4cf78077a"

[sections.rootfs.layers.source]
type = "path"
path = "../../user/std-bin"

[[sections.rootfs.layers]]
kind = "cargo"
bin = "input_dump"
to = "/system/scarlet/bin/input_dump"
hash = "sha256:2c50ea36198b19c47d82096f7b3a46558d11b4e7bc0d492ab5c85e426de3c338"

[sections.rootfs.layers.source]
type = "path"
path = "../../user/std-bin"

[[sections.rootfs.layers]]
kind = "cargo"
bin = "mozc_server"
to = "/system/scarlet/bin/mozc_server"
hash = "sha256:2499c3e42e4bf1b8d89859b91d1d51d68403f20e07f2bb7955e8ee2d07b92b93"

[sections.rootfs.layers.source]
type = "path"
path = "../../user/bin"

[[sections.rootfs.layers]]
kind = "cargo"
package = "user-bin"
bin = "scarlet_mozc"
to = "/system/scarlet/bin/scarlet_mozc"
hash = "sha256:c3905d2b6d4cb9f6513dd831dcee72fff54b40ec70270317e3e363b43ff980a5"

[sections.rootfs.layers.source]
type = "path"
path = "../../user/bin"

[[sections.rootfs.layers]]
kind = "cargo"
package = "user-bin"
bin = "dcp_flip_test"
to = "/system/scarlet/bin/dcp_flip_test"
hash = "sha256:6ea8f797395e8b1be324a17bed64ca524c63da0679686f0f00231bada124ff3b"

[sections.rootfs.layers.source]
type = "path"
path = "../../user/bin"

[[sections.rootfs.layers]]
kind = "cargo"
package = "video_player"
bin = "video_player"
features = [
    "av1-stateful-hw",
    "h264-stateful-hw",
    "h264-stateless-hw",
    "mp4-aac",
]
default-features = false
to = "/system/scarlet/bin/video_player"
hash = "sha256:2548ca8e13cf1f52f75ca67de930a2e6aa2203e60b4f877f4751a1ccf2d99cd8"

[sections.rootfs.layers.source]
type = "path"
path = "../../user/video_player"

[[sections.rootfs.layers]]
kind = "cargo"
git = "https://github.com/petitstrawberry/yt-for-scarlet"
resolved_rev = "9d628615b0f3c914cc3f306c560d73aeaf935fb6"
package = "yt"
bin = "yt"
to = "/system/scarlet/bin/yt"
hash = "sha256:e69f27e285544926a4d05e2cb055d665c99f5d48c91dea7615c4013bfb6989cf"

[sections.rootfs.layers.source]
type = "git"
url = "https://github.com/petitstrawberry/yt-for-scarlet"
rev = "9d628615b0f3c914cc3f306c560d73aeaf935fb6"

[[sections.rootfs.layers]]
kind = "cargo"
git = "https://github.com/petitstrawberry/yt-for-scarlet"
resolved_rev = "9d628615b0f3c914cc3f306c560d73aeaf935fb6"
package = "yt-gui"
bin = "yt-gui"
to = "/system/scarlet/bin/yt-gui"
hash = "sha256:d37c4b0577c5b593818bd7cffb7ecc310d0839cc18f8428b27d57e05cb33b50c"

[sections.rootfs.layers.source]
type = "git"
url = "https://github.com/petitstrawberry/yt-for-scarlet"
rev = "9d628615b0f3c914cc3f306c560d73aeaf935fb6"

[[sections.rootfs.layers]]
kind = "cargo"
git = "https://github.com/petitstrawberry/carmine"
resolved_rev = "2594c2bf8961d72d6c4a97d21336a5d6c36b95e2"
package = "carmine"
bin = "carmine"
to = "/system/scarlet/bin/carmine"
hash = "sha256:055ee2cfcd4108eb735a78dd1a5c537fdb7f92fd6727f613013c26e2dfc160ff"

[sections.rootfs.layers.source]
type = "git"
url = "https://github.com/petitstrawberry/carmine"
rev = "2594c2bf8961d72d6c4a97d21336a5d6c36b95e2"
