# Generated by cargo-scarlet — do not edit

[sections.boot]
hash = "sha256:524ecb860d1d14e27d9dc5c27700c06de2535febb19742e3fd98abb98d5f5760"
layers = []

[sections.disk]
hash = "sha256:1a8223af00718df1971a872746f378ef13397f4552c969fb3b21640c57deb69f"
layers = []

[sections.initramfs]
hash = "sha256:0ac7a1142223153172c297f8b40cc56b4d440092d1bbbf23f03424b7479be60a"

[[sections.initramfs.layers]]
kind = "cargo"
package = "user-bin"
bin = "init"
to = "/init"
hash = "sha256:0a301ec6fd7e3b00d60821addf447c618f62f07b7140cf6e232a0c9360007ea7"

[sections.initramfs.layers.source]
type = "path"
path = "../../user/bin"

[[sections.initramfs.layers]]
kind = "cargo"
package = "user-bin"
bin = "sh"
to = "/bin/sh"
hash = "sha256:45f10426241004e0e9b79d91bf2549db05a08b3dcddf97859ddadf4f9fd2412f"

[sections.initramfs.layers.source]
type = "path"
path = "../../user/bin"

[[sections.initramfs.layers]]
kind = "cargo"
package = "user-bin"
bin = "login"
to = "/bin/login"
hash = "sha256:5e96ec016d17fcec3f305a8b786fcc13c9e4249bf124e015abe02b3c2625f2dd"

[sections.initramfs.layers.source]
type = "path"
path = "../../user/bin"

[[sections.initramfs.layers]]
kind = "cargo"
package = "scarlet-std-bin"
bin = "stemd"
to = "/bin/stemd"
hash = "sha256:84756475926c4b4cd7bce038a8906bd6325b4670cd730058abce97b6aa770aa3"

[sections.initramfs.layers.source]
type = "path"
path = "../../user/std-bin"

[[sections.initramfs.layers]]
kind = "cargo"
package = "scarlet-std-bin"
bin = "logd"
to = "/bin/logd"
hash = "sha256:d0f73cffd0f2b94cd2fa2a8a8a4c61ebe6799daf2901cbd4a6c1f92838897bdb"

[sections.initramfs.layers.source]
type = "path"
path = "../../user/std-bin"

[[sections.initramfs.layers]]
kind = "cargo"
package = "scarlet-std-bin"
bin = "logctl"
to = "/bin/logctl"
hash = "sha256:e879d9ba71fcb73eb1eaf6763e15bee72643e3268b1baa4706280c47b224a85d"

[sections.initramfs.layers.source]
type = "path"
path = "../../user/std-bin"

[[sections.initramfs.layers]]
kind = "cargo"
package = "user-bin"
bin = "sbusd"
to = "/bin/sbusd"
hash = "sha256:be2727bc24cb51d506b859c1f125e0b336cdc538e7954b9e601a2863fa31bb23"

[sections.initramfs.layers.source]
type = "path"
path = "../../user/bin"

[[sections.initramfs.layers]]
kind = "cargo"
bin = "hello"
to = "/bin/hello"
hash = "sha256:d2bb08113f322c8aeca1784de1044f079392d0363e55a1c05a0f7526887620d1"

[sections.initramfs.layers.source]
type = "path"
path = "../../user/std-bin"

[[sections.initramfs.layers]]
kind = "cargo"
package = "scarlet-std-bin"
bin = "kernel-info"
to = "/bin/kernel-info"
hash = "sha256:3343f3ae58463e839397076df1a0f243f55a608d34ab8ce696dd95974a32753d"

[sections.initramfs.layers.source]
type = "path"
path = "../../user/std-bin"

[[sections.initramfs.layers]]
kind = "cargo"
package = "user-bin"
bin = "ps"
to = "/bin/ps"
hash = "sha256:d69435671cee42aa70b8fd26c7be4cd6d9b7a4a616ad71b19a70850650cceb9c"

[sections.initramfs.layers.source]
type = "path"
path = "../../user/bin"

[[sections.initramfs.layers]]
kind = "cargo"
bin = "shutdown"
to = "/bin/shutdown"
hash = "sha256:ded5bb3ee88dcc4159c13d90852152fa93b0575c090f8c34399a1aeed009c486"

[sections.initramfs.layers.source]
type = "path"
path = "../../user/std-bin"

[[sections.initramfs.layers]]
kind = "cargo"
package = "scarlet-std-bin"
bin = "top"
to = "/bin/top"
hash = "sha256:b4cf978bc72a46edae78057d065fc1d6f73a0510a484ea64e0cdb06b7ed123dc"

[sections.initramfs.layers.source]
type = "path"
path = "../../user/std-bin"

[[sections.initramfs.layers]]
kind = "cargo"
package = "scarlet-std-bin"
bin = "kill"
to = "/bin/kill"
hash = "sha256:17de70b832566d75a6384b27092ae2b504b67d7d152faece02782b123a3bf986"

[sections.initramfs.layers.source]
type = "path"
path = "../../user/std-bin"

[[sections.initramfs.layers]]
kind = "cargo"
package = "user-bin"
bin = "scpm"
to = "/bin/scpm"
hash = "sha256:8d33d98fa5a9d93a92eaf2505b412d5f7d6de3f14570a948186281782c9a4c32"

[sections.initramfs.layers.source]
type = "path"
path = "../../user/bin"

[[sections.initramfs.layers]]
kind = "cargo"
package = "user-bin"
bin = "netcfgd"
to = "/bin/netcfgd"
hash = "sha256:111365e4059ea8174f47e071f725d004ee9623ef522adc5337f26bb49e825216"

[sections.initramfs.layers.source]
type = "path"
path = "../../user/bin"

[[sections.initramfs.layers]]
kind = "cargo"
package = "user-bin"
bin = "sshd"
to = "/bin/sshd"
hash = "sha256:2bf17acdfb0de07152a413eb2ea695a3d0d114522db2f4f83ed90af5f7b8f22e"

[sections.initramfs.layers.source]
type = "path"
path = "../../user/bin"

[[sections.initramfs.layers]]
kind = "cargo"
bin = "resolverd"
to = "/bin/resolverd"
hash = "sha256:83943503795a39e571bf7f38bd4195fbeef2e09617226ce105b244b2ef928aa7"

[sections.initramfs.layers.source]
type = "path"
path = "../../user/std-bin"

[[sections.initramfs.layers]]
kind = "cargo"
bin = "abi-run"
to = "/bin/abi-run"
hash = "sha256:ac5a0b6a25f20d0050f9e0c271c5062d2037fe3ea4eb1958ff669b2a7ed4d00a"

[sections.initramfs.layers.source]
type = "path"
path = "../../user/std-bin"

[[sections.initramfs.layers]]
kind = "cargo"
bin = "ls"
to = "/bin/ls"
hash = "sha256:73d0a7b809208186f5436470623b49dc83ae81dd32f4e2c129dace6301ea11a5"

[sections.initramfs.layers.source]
type = "path"
path = "../../user/std-bin"

[[sections.initramfs.layers]]
kind = "cargo"
bin = "cat"
to = "/bin/cat"
hash = "sha256:48404cfa12ef0a51bb87411b08be3c8731fdabe6c027a0d6aa65022fb7d745ff"

[sections.initramfs.layers.source]
type = "path"
path = "../../user/std-bin"

[[sections.initramfs.layers]]
kind = "cargo"
bin = "rm"
to = "/bin/rm"
hash = "sha256:9334197753704803ff5c5f580b39ba12fceca6b84d790dac54c9845b27af7ce0"

[sections.initramfs.layers.source]
type = "path"
path = "../../user/std-bin"

[[sections.initramfs.layers]]
kind = "cargo"
bin = "resolve"
to = "/bin/resolve"
hash = "sha256:e40cf3eac720622d72b112b05b06634f9efd29896cb41303511547b58f8ca70b"

[sections.initramfs.layers.source]
type = "path"
path = "../../user/std-bin"

[[sections.initramfs.layers]]
kind = "cargo"
bin = "nc"
to = "/bin/nc"
hash = "sha256:105a2a53539cc6bb29ab7e9b36fbbc9f182ba3e9e26f8b3daab3a9a5d47c7580"

[sections.initramfs.layers.source]
type = "path"
path = "../../user/std-bin"

[[sections.initramfs.layers]]
kind = "cargo"
bin = "ping"
to = "/bin/ping"
hash = "sha256:3d8e2b49297cdbfe5e938f677e62b77a7a01bad712a7130889322a0e08db9f2e"

[sections.initramfs.layers.source]
type = "path"
path = "../../user/std-bin"

[[sections.initramfs.layers]]
kind = "cargo"
bin = "netcfg"
to = "/bin/netcfg"
hash = "sha256:025923868c98377687ad79b27a6a8e692f65c8b0754d8b58291d44d082df5cdf"

[sections.initramfs.layers.source]
type = "path"
path = "../../user/std-bin"

[[sections.initramfs.layers]]
kind = "cargo"
bin = "watch"
to = "/bin/watch"
hash = "sha256:6cc816b01258c132fdfeb67774208a9e4b22e4d763ad01e1fc620bdeda71e9e3"

[sections.initramfs.layers.source]
type = "path"
path = "../../user/std-bin"

[[sections.initramfs.layers]]
kind = "cargo"
bin = "date"
to = "/bin/date"
hash = "sha256:4b2f1960e7d70011fe415d1ccaee27a79a275f6f3aee3ed2d8e00f1582262c03"

[sections.initramfs.layers.source]
type = "path"
path = "../../user/std-bin"

[[sections.initramfs.layers]]
kind = "cargo"
bin = "fb-test"
to = "/bin/fb-test"
hash = "sha256:2531ede1ca8abf8b862615ee1467805f444d478e374b7a8a1720d780b280aafa"

[sections.initramfs.layers.source]
type = "path"
path = "../../user/std-bin"

[sections.rootfs]
hash = "sha256:a87d7dba9fa7e630568d1b78c151bdde1f4c10c634e087eed89f157445f8f89d"

[[sections.rootfs.layers]]
kind = "cargo"
package = "user-bin"
bin = "init"
to = "/init"
hash = "sha256:0a301ec6fd7e3b00d60821addf447c618f62f07b7140cf6e232a0c9360007ea7"

[sections.rootfs.layers.source]
type = "path"
path = "../../user/bin"

[[sections.rootfs.layers]]
kind = "cargo"
package = "user-bin"
bin = "sh"
to = "/bin/sh"
hash = "sha256:45f10426241004e0e9b79d91bf2549db05a08b3dcddf97859ddadf4f9fd2412f"

[sections.rootfs.layers.source]
type = "path"
path = "../../user/bin"

[[sections.rootfs.layers]]
kind = "cargo"
package = "user-bin"
bin = "login"
to = "/bin/login"
hash = "sha256:5e96ec016d17fcec3f305a8b786fcc13c9e4249bf124e015abe02b3c2625f2dd"

[sections.rootfs.layers.source]
type = "path"
path = "../../user/bin"

[[sections.rootfs.layers]]
kind = "cargo"
package = "scarlet-std-bin"
bin = "stemd"
to = "/bin/stemd"
hash = "sha256:84756475926c4b4cd7bce038a8906bd6325b4670cd730058abce97b6aa770aa3"

[sections.rootfs.layers.source]
type = "path"
path = "../../user/std-bin"

[[sections.rootfs.layers]]
kind = "cargo"
package = "scarlet-std-bin"
bin = "logd"
to = "/bin/logd"
hash = "sha256:d0f73cffd0f2b94cd2fa2a8a8a4c61ebe6799daf2901cbd4a6c1f92838897bdb"

[sections.rootfs.layers.source]
type = "path"
path = "../../user/std-bin"

[[sections.rootfs.layers]]
kind = "cargo"
package = "scarlet-std-bin"
bin = "logctl"
to = "/bin/logctl"
hash = "sha256:e879d9ba71fcb73eb1eaf6763e15bee72643e3268b1baa4706280c47b224a85d"

[sections.rootfs.layers.source]
type = "path"
path = "../../user/std-bin"

[[sections.rootfs.layers]]
kind = "cargo"
package = "user-bin"
bin = "sbusd"
to = "/bin/sbusd"
hash = "sha256:be2727bc24cb51d506b859c1f125e0b336cdc538e7954b9e601a2863fa31bb23"

[sections.rootfs.layers.source]
type = "path"
path = "../../user/bin"

[[sections.rootfs.layers]]
kind = "cargo"
bin = "hello"
to = "/bin/hello"
hash = "sha256:d2bb08113f322c8aeca1784de1044f079392d0363e55a1c05a0f7526887620d1"

[sections.rootfs.layers.source]
type = "path"
path = "../../user/std-bin"

[[sections.rootfs.layers]]
kind = "cargo"
package = "scarlet-std-bin"
bin = "kernel-info"
to = "/bin/kernel-info"
hash = "sha256:3343f3ae58463e839397076df1a0f243f55a608d34ab8ce696dd95974a32753d"

[sections.rootfs.layers.source]
type = "path"
path = "../../user/std-bin"

[[sections.rootfs.layers]]
kind = "cargo"
package = "user-bin"
bin = "ps"
to = "/bin/ps"
hash = "sha256:d69435671cee42aa70b8fd26c7be4cd6d9b7a4a616ad71b19a70850650cceb9c"

[sections.rootfs.layers.source]
type = "path"
path = "../../user/bin"

[[sections.rootfs.layers]]
kind = "cargo"
bin = "shutdown"
to = "/bin/shutdown"
hash = "sha256:ded5bb3ee88dcc4159c13d90852152fa93b0575c090f8c34399a1aeed009c486"

[sections.rootfs.layers.source]
type = "path"
path = "../../user/std-bin"

[[sections.rootfs.layers]]
kind = "cargo"
package = "scarlet-std-bin"
bin = "top"
to = "/bin/top"
hash = "sha256:b4cf978bc72a46edae78057d065fc1d6f73a0510a484ea64e0cdb06b7ed123dc"

[sections.rootfs.layers.source]
type = "path"
path = "../../user/std-bin"

[[sections.rootfs.layers]]
kind = "cargo"
package = "scarlet-std-bin"
bin = "kill"
to = "/bin/kill"
hash = "sha256:17de70b832566d75a6384b27092ae2b504b67d7d152faece02782b123a3bf986"

[sections.rootfs.layers.source]
type = "path"
path = "../../user/std-bin"

[[sections.rootfs.layers]]
kind = "cargo"
package = "user-bin"
bin = "scpm"
to = "/bin/scpm"
hash = "sha256:8d33d98fa5a9d93a92eaf2505b412d5f7d6de3f14570a948186281782c9a4c32"

[sections.rootfs.layers.source]
type = "path"
path = "../../user/bin"

[[sections.rootfs.layers]]
kind = "cargo"
package = "user-bin"
bin = "netcfgd"
to = "/bin/netcfgd"
hash = "sha256:111365e4059ea8174f47e071f725d004ee9623ef522adc5337f26bb49e825216"

[sections.rootfs.layers.source]
type = "path"
path = "../../user/bin"

[[sections.rootfs.layers]]
kind = "cargo"
package = "user-bin"
bin = "sshd"
to = "/bin/sshd"
hash = "sha256:2bf17acdfb0de07152a413eb2ea695a3d0d114522db2f4f83ed90af5f7b8f22e"

[sections.rootfs.layers.source]
type = "path"
path = "../../user/bin"

[[sections.rootfs.layers]]
kind = "cargo"
bin = "resolverd"
to = "/bin/resolverd"
hash = "sha256:83943503795a39e571bf7f38bd4195fbeef2e09617226ce105b244b2ef928aa7"

[sections.rootfs.layers.source]
type = "path"
path = "../../user/std-bin"

[[sections.rootfs.layers]]
kind = "cargo"
bin = "abi-run"
to = "/bin/abi-run"
hash = "sha256:ac5a0b6a25f20d0050f9e0c271c5062d2037fe3ea4eb1958ff669b2a7ed4d00a"

[sections.rootfs.layers.source]
type = "path"
path = "../../user/std-bin"

[[sections.rootfs.layers]]
kind = "cargo"
bin = "ls"
to = "/bin/ls"
hash = "sha256:73d0a7b809208186f5436470623b49dc83ae81dd32f4e2c129dace6301ea11a5"

[sections.rootfs.layers.source]
type = "path"
path = "../../user/std-bin"

[[sections.rootfs.layers]]
kind = "cargo"
bin = "cat"
to = "/bin/cat"
hash = "sha256:48404cfa12ef0a51bb87411b08be3c8731fdabe6c027a0d6aa65022fb7d745ff"

[sections.rootfs.layers.source]
type = "path"
path = "../../user/std-bin"

[[sections.rootfs.layers]]
kind = "cargo"
bin = "rm"
to = "/bin/rm"
hash = "sha256:9334197753704803ff5c5f580b39ba12fceca6b84d790dac54c9845b27af7ce0"

[sections.rootfs.layers.source]
type = "path"
path = "../../user/std-bin"

[[sections.rootfs.layers]]
kind = "cargo"
bin = "resolve"
to = "/bin/resolve"
hash = "sha256:e40cf3eac720622d72b112b05b06634f9efd29896cb41303511547b58f8ca70b"

[sections.rootfs.layers.source]
type = "path"
path = "../../user/std-bin"

[[sections.rootfs.layers]]
kind = "cargo"
bin = "nc"
to = "/bin/nc"
hash = "sha256:105a2a53539cc6bb29ab7e9b36fbbc9f182ba3e9e26f8b3daab3a9a5d47c7580"

[sections.rootfs.layers.source]
type = "path"
path = "../../user/std-bin"

[[sections.rootfs.layers]]
kind = "cargo"
bin = "ping"
to = "/bin/ping"
hash = "sha256:3d8e2b49297cdbfe5e938f677e62b77a7a01bad712a7130889322a0e08db9f2e"

[sections.rootfs.layers.source]
type = "path"
path = "../../user/std-bin"

[[sections.rootfs.layers]]
kind = "cargo"
bin = "netcfg"
to = "/bin/netcfg"
hash = "sha256:025923868c98377687ad79b27a6a8e692f65c8b0754d8b58291d44d082df5cdf"

[sections.rootfs.layers.source]
type = "path"
path = "../../user/std-bin"

[[sections.rootfs.layers]]
kind = "cargo"
bin = "watch"
to = "/bin/watch"
hash = "sha256:6cc816b01258c132fdfeb67774208a9e4b22e4d763ad01e1fc620bdeda71e9e3"

[sections.rootfs.layers.source]
type = "path"
path = "../../user/std-bin"

[[sections.rootfs.layers]]
kind = "cargo"
bin = "date"
to = "/bin/date"
hash = "sha256:4b2f1960e7d70011fe415d1ccaee27a79a275f6f3aee3ed2d8e00f1582262c03"

[sections.rootfs.layers.source]
type = "path"
path = "../../user/std-bin"

[[sections.rootfs.layers]]
kind = "cargo"
bin = "fb-test"
to = "/bin/fb-test"
hash = "sha256:2531ede1ca8abf8b862615ee1467805f444d478e374b7a8a1720d780b280aafa"

[sections.rootfs.layers.source]
type = "path"
path = "../../user/std-bin"

[[sections.rootfs.layers]]
kind = "cargo"
package = "user-bin"
bin = "scarlet-desktop"
to = "/bin/scarlet-desktop"
hash = "sha256:5c2800a41d56af1bb634bd25983f1abd469f3b9a2d8aebee3387ac45bcedda64"

[sections.rootfs.layers.source]
type = "path"
path = "../../user/bin"

[[sections.rootfs.layers]]
kind = "cargo"
package = "user-bin"
bin = "desktop-settings"
to = "/bin/desktop-settings"
hash = "sha256:4a4a752c31ee78c6d4e92b9093eb1b0d1f21b114e59eda0f3e9ecbd0755685e2"

[sections.rootfs.layers.source]
type = "path"
path = "../../user/bin"

[[sections.rootfs.layers]]
kind = "cargo"
package = "scarlet-std-bin"
bin = "files"
to = "/bin/files"
hash = "sha256:e92b636e8b50ae42ead11e90d39ce1d48a1845a28b818799136f4f4a9610a822"

[sections.rootfs.layers.source]
type = "path"
path = "../../user/std-bin"

[[sections.rootfs.layers]]
kind = "cargo"
package = "scarlet-std-bin"
bin = "notepad"
to = "/bin/notepad"
hash = "sha256:0a802f3d29b4d57470ff6399175eb4fe05e604a03167a31541741286f21b0c64"

[sections.rootfs.layers.source]
type = "path"
path = "../../user/std-bin"

[[sections.rootfs.layers]]
kind = "cargo"
package = "scarlet-std-bin"
bin = "scarlet-shell"
to = "/bin/scarlet-shell"
hash = "sha256:2de2b89555fdf4ea25446ddb8f118ca6abf295a63e59f230fcbab7c5447459c2"

[sections.rootfs.layers.source]
type = "path"
path = "../../user/std-bin"

[[sections.rootfs.layers]]
kind = "cargo"
package = "user-bin"
bin = "terminal"
to = "/bin/terminal"
hash = "sha256:c45e5ffc1ce41a094985eae49fde0bba0eff1c7a99859f41632a81b43d733362"

[sections.rootfs.layers.source]
type = "path"
path = "../../user/bin"

[[sections.rootfs.layers]]
kind = "cargo"
package = "scarlet-std-bin"
bin = "sws"
to = "/bin/sws"
hash = "sha256:e123ec971418db717ca370e8edd1cfed3bb54456bc32afddd9fd1924bd2f9388"

[sections.rootfs.layers.source]
type = "path"
path = "../../user/std-bin"

[[sections.rootfs.layers]]
kind = "cargo"
package = "user-bin"
bin = "sas"
to = "/bin/sas"
hash = "sha256:e07265a6a9c0fe4cb01aad945fafbf40849faf3cf7c46f436581deca140be6ba"

[sections.rootfs.layers.source]
type = "path"
path = "../../user/bin"

[[sections.rootfs.layers]]
kind = "cargo"
bin = "sasctl"
to = "/bin/sasctl"
hash = "sha256:36fe1e80164789322862081901bf774c4769c7374213de199ac4585a976973fd"

[sections.rootfs.layers.source]
type = "path"
path = "../../user/std-bin"

[[sections.rootfs.layers]]
kind = "cargo"
package = "user-bin"
bin = "mplayer"
to = "/bin/mplayer"
hash = "sha256:e69ac3dd6e518c392ba4704936f0236cd772da2210cf3e2ea386f2eabe07f998"

[sections.rootfs.layers.source]
type = "path"
path = "../../user/bin"

[[sections.rootfs.layers]]
kind = "cargo"
package = "user-bin"
bin = "ui-demo"
to = "/bin/ui-demo"
hash = "sha256:bf10df3521cea4f140bee10a92370ca5a3e10f51ffc57e64ca52d807aae4f596"

[sections.rootfs.layers.source]
type = "path"
path = "../../user/bin"

[[sections.rootfs.layers]]
kind = "cargo"
package = "user-bin"
bin = "ui-benchmark"
to = "/bin/ui-benchmark"
hash = "sha256:57ad0c97d6d119b2e36c4e4a1e1a44b2749e4250f42654f4214ccc8dc5713121"

[sections.rootfs.layers.source]
type = "path"
path = "../../user/bin"

[[sections.rootfs.layers]]
kind = "cargo"
git = "https://github.com/petitstrawberry/scarlet-ui"
git_ref = "c980c960b073b6a7c71a2ab501210e3b3a570e77"
resolved_rev = "c980c960b073b6a7c71a2ab501210e3b3a570e77"
package = "scarlet-ui-widget-factory"
bin = "scarlet-ui-widget-factory"
subdir = "examples/widget-factory"
to = "/bin/widget-factory"
hash = "sha256:072924c5007da25c642738cf57e0259672415e627c8720ec2960019e5128f966"

[sections.rootfs.layers.source]
type = "git"
url = "https://github.com/petitstrawberry/scarlet-ui"
rev = "c980c960b073b6a7c71a2ab501210e3b3a570e77"

[[sections.rootfs.layers]]
kind = "cargo"
bin = "ui-sgfx-showcase"
to = "/bin/ui-sgfx-showcase"
hash = "sha256:311c5850239c1c509836b02d5f418bbcb190528556fcd9a91011022c6be42786"

[sections.rootfs.layers.source]
type = "path"
path = "../../user/std-bin"

[[sections.rootfs.layers]]
kind = "cargo"
package = "user-bin"
bin = "settings"
to = "/bin/settings"
hash = "sha256:f0e61fa032d90031f88df5a0c4c768363fdba4bd887588f9a27b388706385c5b"

[sections.rootfs.layers.source]
type = "path"
path = "../../user/bin"

[[sections.rootfs.layers]]
kind = "cargo"
bin = "task-manager"
to = "/bin/task-manager"
hash = "sha256:28a046fc96e8d443a6787179bb4db7ccc007980a70d216d87a81ba22aaea8940"

[sections.rootfs.layers.source]
type = "path"
path = "../../user/std-bin"

[[sections.rootfs.layers]]
kind = "cargo"
package = "user-bin"
bin = "scarlet-skk"
to = "/bin/scarlet-skk"
hash = "sha256:453a8d086889336336ee27d0e0e951eaf49b1ea51c336c3e93183a0c9eed1ddb"

[sections.rootfs.layers.source]
type = "path"
path = "../../user/bin"

[[sections.rootfs.layers]]
kind = "script"
to = "/share/skk/SKK-JISYO.L"
output = "../../bundles/desktop/.scarlet/cache/skk/SKK-JISYO.L"
hash = "sha256:cb3638df4cf621359db4e5aca385deae3cd0e681540da1c788d004374d261a42"

[sections.rootfs.layers.source]
type = "path"
path = "../../bundles/desktop/tools/fetch_skk_dictionary.sh"

[[sections.rootfs.layers]]
kind = "cargo"
package = "user-bin"
bin = "wayland-bridge"
to = "/bin/wayland-bridge"
hash = "sha256:e281388486b05866bbbf8d948b2fa0b5441dbd9420f84a4bc5e50bb9752a37de"

[sections.rootfs.layers.source]
type = "path"
path = "../../user/bin"

[[sections.rootfs.layers]]
kind = "cargo"
bin = "ansi-banner"
to = "/bin/ansi-banner"
hash = "sha256:3ac47978980ccb29c56c5798763850b89a34688663e5d4e74a1ebc0c79a91474"

[sections.rootfs.layers.source]
type = "path"
path = "../../user/std-bin"

[[sections.rootfs.layers]]
kind = "cargo"
package = "user-bin"
bin = "sgfx-probe"
to = "/bin/sgfx-probe"
hash = "sha256:5642c465f0e56dbb8f8a2868edd8c15ad7b8b781fa0350f37393d61e6bc9ad2b"

[sections.rootfs.layers.source]
type = "path"
path = "../../user/bin"

[[sections.rootfs.layers]]
kind = "cargo"
bin = "sgfx-cube"
to = "/bin/sgfx-cube"
hash = "sha256:08afecae3cc58e814c567c21681e427e86be664d98fc569d4b73e9b6ff7fdbfe"

[sections.rootfs.layers.source]
type = "path"
path = "../../user/std-bin"

[[sections.rootfs.layers]]
kind = "cargo"
bin = "sgfx-texture"
to = "/bin/sgfx-texture"
hash = "sha256:44170682b62096d0672cd82402ada198dd623785b67988f5c118309c34ce5548"

[sections.rootfs.layers.source]
type = "path"
path = "../../user/std-bin"

[[sections.rootfs.layers]]
kind = "cargo"
bin = "sgfx-showcase"
to = "/bin/sgfx-showcase"
hash = "sha256:c8cf8d1708b96e7dd8b979c33abe6c94b76912032447bf9938af153316fc8408"

[sections.rootfs.layers.source]
type = "path"
path = "../../user/std-bin"

[[sections.rootfs.layers]]
kind = "cargo"
bin = "httpd"
to = "/bin/httpd"
hash = "sha256:167e0917af4c12ad92c1361b0d323a644ac3efcb4da11c18112f4a2b309c21c1"

[sections.rootfs.layers.source]
type = "path"
path = "../../user/std-bin"

[[sections.rootfs.layers]]
kind = "cargo"
package = "user-bin"
bin = "ushv"
to = "/bin/ushv"
hash = "sha256:901cd99604b2a51baa100f1ae50729b76ab5f9513e4cfdb48eabc2d28aeaa279"

[sections.rootfs.layers.source]
type = "path"
path = "../../user/bin"

[[sections.rootfs.layers]]
kind = "cargo"
bin = "lsm-list"
to = "/bin/lsm-list"
hash = "sha256:97c6cf243dde8a660d0d3da96d9ff4217df8f40cc13bbb1c07b826c54dd9810e"

[sections.rootfs.layers.source]
type = "path"
path = "../../user/std-bin"

[[sections.rootfs.layers]]
kind = "cargo"
bin = "clock"
to = "/bin/clock"
hash = "sha256:76532578f597ed688d0fade79435d6ed73f4f69aaddd8c277f674477091a841d"

[sections.rootfs.layers.source]
type = "path"
path = "../../user/std-bin"

[[sections.rootfs.layers]]
kind = "cargo"
bin = "lsm-load"
to = "/bin/lsm-load"
hash = "sha256:b92965bfdba8814982ac5e40c8f3d1e44b26a5b990b28bf049a1afa2c571515c"

[sections.rootfs.layers.source]
type = "path"
path = "../../user/std-bin"

[[sections.rootfs.layers]]
kind = "cargo"
bin = "lsm-unload"
to = "/bin/lsm-unload"
hash = "sha256:3f22455799a72df6e2ad4d46468dabdd026d6e211aa4a54d35edc1cddff91220"

[sections.rootfs.layers.source]
type = "path"
path = "../../user/std-bin"

[[sections.rootfs.layers]]
kind = "cargo"
bin = "input-dump"
to = "/bin/input-dump"
hash = "sha256:cff4b0cb61cd83fbc1b229f5f35c486bcce63d4b328f27d160042396ffaff772"

[sections.rootfs.layers.source]
type = "path"
path = "../../user/std-bin"

[[sections.rootfs.layers]]
kind = "cargo"
bin = "displayctl"
to = "/bin/displayctl"
hash = "sha256:d9a37db5af58fd421569ae75be69a978b9c0d93dbf3aa93b54d0bfd67fe13410"

[sections.rootfs.layers.source]
type = "path"
path = "../../user/std-bin"

[[sections.rootfs.layers]]
kind = "cargo"
bin = "sensor-dump"
to = "/bin/sensor-dump"
hash = "sha256:84c059ecae6e82e32fe55216b6a3de21df9d932535f35c19652b4feac51de1a0"

[sections.rootfs.layers.source]
type = "path"
path = "../../user/std-bin"

[[sections.rootfs.layers]]
kind = "cargo"
bin = "tabletctl"
to = "/bin/tabletctl"
hash = "sha256:71728a5a33a251b37abcbbbd4786bf51a7828d26e93d7e28f1d2d521fd5849f3"

[sections.rootfs.layers.source]
type = "path"
path = "../../user/std-bin"

[[sections.rootfs.layers]]
kind = "cargo"
bin = "mozc-server"
to = "/bin/mozc-server"
hash = "sha256:44d2f1a8f0bd35be4a63d7c97e2dcf3fcdd65b765534f23f3c4c2c0b6feb32a7"

[sections.rootfs.layers.source]
type = "path"
path = "../../user/bin"

[[sections.rootfs.layers]]
kind = "cargo"
package = "user-bin"
bin = "scarlet-mozc"
to = "/bin/scarlet-mozc"
hash = "sha256:d85baec264621562ba446a85677ecee275315fd4ede6b32566cfaa0fa9563f1d"

[sections.rootfs.layers.source]
type = "path"
path = "../../user/bin"

[[sections.rootfs.layers]]
kind = "cargo"
package = "user-bin"
bin = "dcp-flip-test"
to = "/bin/dcp-flip-test"
hash = "sha256:3d8905b883b969d47755133f510eed8d44d8247e1b28da62c2d032c8818bf725"

[sections.rootfs.layers.source]
type = "path"
path = "../../user/bin"

[[sections.rootfs.layers]]
kind = "cargo"
git = "https://github.com/petitstrawberry/carmine"
git_ref = "ab5b679b92e141b345549bba11e43555b6bf3eb3"
resolved_rev = "ab5b679b92e141b345549bba11e43555b6bf3eb3"
package = "carmine"
bin = "carmine"
to = "/bin/carmine"
hash = "sha256:be302cd6be2ee94c686fada008ba584b13e4c414244512ee77b62366ff187845"

[sections.rootfs.layers.source]
type = "git"
url = "https://github.com/petitstrawberry/carmine"
rev = "ab5b679b92e141b345549bba11e43555b6bf3eb3"

[[sections.rootfs.layers]]
kind = "cargo"
git = "https://github.com/petitstrawberry/myrica"
git_ref = "9e3e904ad7117162adc5bd3b9415bef8aec59c83"
resolved_rev = "9e3e904ad7117162adc5bd3b9415bef8aec59c83"
package = "myrica"
bin = "myrica"
to = "/bin/myrica"
hash = "sha256:bab7f8f23439e2016f681efd281b0367d2220b4badfa90493a3275b3290a26e7"

[sections.rootfs.layers.source]
type = "git"
url = "https://github.com/petitstrawberry/myrica"
rev = "9e3e904ad7117162adc5bd3b9415bef8aec59c83"

[[sections.rootfs.layers]]
kind = "cargo"
git = "https://github.com/petitstrawberry/vellum"
git_ref = "48e9d9886b1c21c4f33a0433f7f4183d9d3ecb7e"
resolved_rev = "48e9d9886b1c21c4f33a0433f7f4183d9d3ecb7e"
package = "vellum"
bin = "vellum"
to = "/bin/vellum"
hash = "sha256:f6c3f0917cda163f2b702e33c35d48b18ea8556c4b175a60084ddf9f41f29b09"

[sections.rootfs.layers.source]
type = "git"
url = "https://github.com/petitstrawberry/vellum"
rev = "48e9d9886b1c21c4f33a0433f7f4183d9d3ecb7e"

[[sections.rootfs.layers]]
kind = "cargo"
git = "https://github.com/petitstrawberry/boxcraft"
git_ref = "e50a70d77e8c23152a2efff2e0ac11ccafea972f"
resolved_rev = "e50a70d77e8c23152a2efff2e0ac11ccafea972f"
package = "boxcraft"
bin = "boxcraft"
to = "/bin/boxcraft"
hash = "sha256:d03dafef80734d8e6eeba316fd58e42d03dc198b0c298ff34dc27d5825acc2e6"

[sections.rootfs.layers.source]
type = "git"
url = "https://github.com/petitstrawberry/boxcraft"
rev = "e50a70d77e8c23152a2efff2e0ac11ccafea972f"

[[sections.rootfs.layers]]
kind = "cargo"
bin = "remote-desktop"
to = "/bin/remote-desktop"
hash = "sha256:dae297e41f5df6ec467df2c571e27c4fbc3a95d30a63e94c19c3f8b22de28148"

[sections.rootfs.layers.source]
type = "path"
path = "../../user/std-bin"

[[sections.rootfs.layers]]
kind = "archive"
to = "/systems/linux-aarch64"
format = "tar-zst"
strip_components = 1
hash = "sha256:4d94a1870a9be510987c61eb7371d35a7d31415ca49a56ecb8df74791a4e2eb0"

[sections.rootfs.layers.source]
type = "archive"
url = "https://github.com/petitstrawberry/scarlet-bundle-linux/releases/download/v0.1.0/rootfs-aarch64-v0.1.0.tar.zst"
sha256 = "sha256:4d94a1870a9be510987c61eb7371d35a7d31415ca49a56ecb8df74791a4e2eb0"

[[sections.rootfs.layers]]
kind = "archive"
to = "/systems/linux-aarch64"
format = "tar-zst"
strip_components = 1
hash = "sha256:727f20be6a009329e0be7c627f4dd07904588825077e4c431c943d9555499c26"

[sections.rootfs.layers.source]
type = "archive"
url = "https://github.com/petitstrawberry/scarlet-bundle-linux/releases/download/v0.1.0/mozc-aarch64-v0.1.0.tar.zst"
sha256 = "sha256:727f20be6a009329e0be7c627f4dd07904588825077e4c431c943d9555499c26"

[[sections.rootfs.layers]]
kind = "cargo"
git = "https://github.com/petitstrawberry/moonlight-scarlet.git"
git_ref = "7e9708be295aa1b03a4a6737d7e2208635cc599c"
resolved_rev = "7e9708be295aa1b03a4a6737d7e2208635cc599c"
package = "moonlight"
bin = "moonlight"
to = "/bin/moonlight"
hash = "sha256:bb1ce5f8da64c1dc1415aedab31716eda694f9674ac867b01ecc3cb2d36fc89e"

[sections.rootfs.layers.source]
type = "git"
url = "https://github.com/petitstrawberry/moonlight-scarlet.git"
rev = "7e9708be295aa1b03a4a6737d7e2208635cc599c"

[[sections.rootfs.layers]]
kind = "cargo"
package = "video_player"
bin = "video-player"
features = [
    "av1-stateful-hw",
    "h264-stateful-hw",
    "h264-stateless-hw",
    "mp4-aac",
]
default-features = false
to = "/bin/video-player"
hash = "sha256:3cb34c5a56b146a73b932c14503218b9240781ca5fd59123092c3f6e24a53621"

[sections.rootfs.layers.source]
type = "path"
path = "../../user/video_player"

[[sections.rootfs.layers]]
kind = "cargo"
git = "https://github.com/petitstrawberry/yt-for-scarlet"
git_ref = "5b12d06fb86157829b653d9204bf465114814a0a"
resolved_rev = "5b12d06fb86157829b653d9204bf465114814a0a"
package = "yt"
bin = "yt"
to = "/bin/yt"
hash = "sha256:baf6991455fc2f8b63e2edaae1c5f97035217df9dcdafdb393c2b1c6a9c00ab7"

[sections.rootfs.layers.source]
type = "git"
url = "https://github.com/petitstrawberry/yt-for-scarlet"
rev = "5b12d06fb86157829b653d9204bf465114814a0a"

[[sections.rootfs.layers]]
kind = "cargo"
git = "https://github.com/petitstrawberry/yt-for-scarlet"
git_ref = "5b12d06fb86157829b653d9204bf465114814a0a"
resolved_rev = "5b12d06fb86157829b653d9204bf465114814a0a"
package = "yt-gui"
bin = "yt-gui"
to = "/bin/yt-gui"
hash = "sha256:00609fa6272b3e23f82bf939c82918161e16df67e0ace8de7ab89733e97864d7"

[sections.rootfs.layers.source]
type = "git"
url = "https://github.com/petitstrawberry/yt-for-scarlet"
rev = "5b12d06fb86157829b653d9204bf465114814a0a"

[[sections.rootfs.layers]]
kind = "cargo"
package = "scarlet-std-bin"
bin = "axum-demo"
to = "/bin/axum-demo"
hash = "sha256:f1916be50d15351e488d8e9b68a8cb49b5176ad8e8404a064f57dcb208ae6240"

[sections.rootfs.layers.source]
type = "path"
path = "../../user/std-bin"

[[sections.rootfs.layers]]
kind = "cargo"
package = "scarlet-std-bin"
bin = "reqwest-demo"
to = "/bin/reqwest-demo"
hash = "sha256:372090bba94e038bdec62455b71f129d6ffafc8069a242901d45d68e021743be"

[sections.rootfs.layers.source]
type = "path"
path = "../../user/std-bin"

[[sections.rootfs.layers]]
kind = "cargo"
package = "scarlet-tonic-demo"
bin = "tonic-server"
to = "/bin/tonic-server"
hash = "sha256:a433f3e30dbbb89844ddc336bf54fd50fdd69e172f1a468735927bc7af44e280"

[sections.rootfs.layers.source]
type = "path"
path = "../../user/tonic-demo"

[[sections.rootfs.layers]]
kind = "cargo"
package = "scarlet-tonic-demo"
bin = "tonic-client"
to = "/bin/tonic-client"
hash = "sha256:9916ff645eb2ec8b15f533d75c165006c86ce7db7e06c82b580b65709ec8a258"

[sections.rootfs.layers.source]
type = "path"
path = "../../user/tonic-demo"

[[sections.rootfs.layers]]
kind = "cargo"
package = "scarlet-websocket-demo"
bin = "ws-server"
to = "/bin/ws-server"
hash = "sha256:492e336c823cfad1f5164084e13d7daba19d1147d3eaa99d796f90f2c35e64ce"

[sections.rootfs.layers.source]
type = "path"
path = "../../user/websocket-demo"

[[sections.rootfs.layers]]
kind = "cargo"
package = "scarlet-websocket-demo"
bin = "ws-client"
to = "/bin/ws-client"
hash = "sha256:cfa49a82982dd41519516ca7ac65152226a9a608a475c494030fb43fdc4c04a9"

[sections.rootfs.layers.source]
type = "path"
path = "../../user/websocket-demo"

[[sections.rootfs.layers]]
kind = "cargo"
git = "https://github.com/petitstrawberry/blitz"
git_ref = "c26e20dfff971941486ca9f50c8dcd332ec404da"
resolved_rev = "c26e20dfff971941486ca9f50c8dcd332ec404da"
package = "blitz-scarlet-browser"
bin = "blitz"
subdir = "apps/scarlet-browser"
to = "/bin/blitz"
hash = "sha256:d2604a8689c0aa98c7b212d091c5823470527cc296efaa03d8a37dd3b25bcd87"

[sections.rootfs.layers.source]
type = "git"
url = "https://github.com/petitstrawberry/blitz"
rev = "c26e20dfff971941486ca9f50c8dcd332ec404da"
