# Generated by cargo-scarlet — do not edit

[sections.boot]
hash = "sha256:84e689ea32f6ebad9fb9ab5c36ac5ebf84824f4c2969a6081ddb18b7c37a3cb8"
layers = []

[sections.disk]
hash = "sha256:df1ba88bd09f4c716a7f9a7cd638073b412564c8cf9809eb60b76a707d22e26e"
layers = []

[sections.initramfs]
hash = "sha256:f7346c6c95dbbb312ec38bb9e102d4f4833089b69fd3d1a92fad36643258f41e"

[[sections.initramfs.layers]]
kind = "cargo"
package = "user-bin"
bin = "init"
to = "/system/scarlet/bin/init"
hash = "sha256:ac30cfeacd9d85fea8c088249a7043d0aaa4ff9c8e2a4678ca93511555915687"

[sections.initramfs.layers.source]
type = "path"
path = "../../user/bin"

[[sections.initramfs.layers]]
kind = "cargo"
package = "user-bin"
bin = "sh"
to = "/system/scarlet/bin/sh"
hash = "sha256:194fbfce5d95416a94ee48a88d1221b0986ce61831d142b8607db2d54811bf12"

[sections.initramfs.layers.source]
type = "path"
path = "../../user/bin"

[[sections.initramfs.layers]]
kind = "cargo"
package = "user-bin"
bin = "login"
to = "/system/scarlet/bin/login"
hash = "sha256:73bf80368461e50307ab38e80bd255eb826c9ee0f47c3311b055051a3302e906"

[sections.initramfs.layers.source]
type = "path"
path = "../../user/bin"

[[sections.initramfs.layers]]
kind = "cargo"
package = "scarlet-std-bin"
bin = "stemd"
to = "/system/scarlet/bin/stemd"
hash = "sha256:e23d94e55f20873e5038587d797303d72dce112d0bfaf506cd4ec162faa96d09"

[sections.initramfs.layers.source]
type = "path"
path = "../../user/std-bin"

[[sections.initramfs.layers]]
kind = "cargo"
package = "scarlet-std-bin"
bin = "logd"
to = "/system/scarlet/bin/logd"
hash = "sha256:9888d2a8d85a99ea8f82edd45d279b0b93045c17bd60c5a70dbed1ca90a552f4"

[sections.initramfs.layers.source]
type = "path"
path = "../../user/std-bin"

[[sections.initramfs.layers]]
kind = "cargo"
package = "scarlet-std-bin"
bin = "logctl"
to = "/system/scarlet/bin/logctl"
hash = "sha256:f577a9f2d7bd48b7d6c0e2e3106c2510772ded924931a27ecdfded506c78e182"

[sections.initramfs.layers.source]
type = "path"
path = "../../user/std-bin"

[[sections.initramfs.layers]]
kind = "cargo"
package = "user-bin"
bin = "sbusd"
to = "/system/scarlet/bin/sbusd"
hash = "sha256:05e72bdf63a6c32c4ea5fc17425c8aa2b21f33209e7d5edffac518998bb1cf50"

[sections.initramfs.layers.source]
type = "path"
path = "../../user/bin"

[[sections.initramfs.layers]]
kind = "cargo"
bin = "hello"
to = "/system/scarlet/bin/hello"
hash = "sha256:35179ec37b97f2f8ec722a50dbe68142fadb42d9bd6042f32b6323abeca07bbd"

[sections.initramfs.layers.source]
type = "path"
path = "../../user/std-bin"

[[sections.initramfs.layers]]
kind = "cargo"
package = "user-bin"
bin = "ps"
to = "/system/scarlet/bin/ps"
hash = "sha256:bf176e49b157690e9c1614611eb04c1585c2ee7ea5cb6a8f5965e35bcf734a52"

[sections.initramfs.layers.source]
type = "path"
path = "../../user/bin"

[[sections.initramfs.layers]]
kind = "cargo"
bin = "shutdown"
to = "/system/scarlet/bin/shutdown"
hash = "sha256:c50f7ae4d1bf0806032c422ab2ee2c0f48bc7b4399c2b6c6fb3e61fc1689dee2"

[sections.initramfs.layers.source]
type = "path"
path = "../../user/std-bin"

[[sections.initramfs.layers]]
kind = "cargo"
package = "scarlet-std-bin"
bin = "top"
to = "/system/scarlet/bin/top"
hash = "sha256:eb0c7c916aa6f7a9101ec7dbd8f5a2cf5d36b5ed96b31941812590e8cd0e6017"

[sections.initramfs.layers.source]
type = "path"
path = "../../user/std-bin"

[[sections.initramfs.layers]]
kind = "cargo"
package = "scarlet-std-bin"
bin = "kill"
to = "/system/scarlet/bin/kill"
hash = "sha256:2463b6d43a5cda3885c16c56e87bfed07a2b8e7247867d2f62988a2d22e28b84"

[sections.initramfs.layers.source]
type = "path"
path = "../../user/std-bin"

[[sections.initramfs.layers]]
kind = "cargo"
package = "user-bin"
bin = "scpm"
to = "/system/scarlet/bin/scpm"
hash = "sha256:24e89c5ce5e2b645a856282ee50eb455e5c805d7b512d087d4d8fe8a55ff0e2c"

[sections.initramfs.layers.source]
type = "path"
path = "../../user/bin"

[[sections.initramfs.layers]]
kind = "cargo"
package = "user-bin"
bin = "netcfgd"
to = "/system/scarlet/bin/netcfgd"
hash = "sha256:4d2eb5e9f0a5e003369dc4f0ef33ab7ae199fcbd00a78f973d0a572dd43e3632"

[sections.initramfs.layers.source]
type = "path"
path = "../../user/bin"

[[sections.initramfs.layers]]
kind = "cargo"
package = "user-bin"
bin = "sshd"
to = "/system/scarlet/bin/sshd"
hash = "sha256:59be0c1cb859e23ad23dd7714e14b406c31ac4721ae91094204230c2ce7e9cae"

[sections.initramfs.layers.source]
type = "path"
path = "../../user/bin"

[[sections.initramfs.layers]]
kind = "cargo"
bin = "resolverd"
to = "/system/scarlet/bin/resolverd"
hash = "sha256:0bf45da088505b9cf4f0d0bc2f02cd96be523ff77c0984a71e02ada0086b5ae9"

[sections.initramfs.layers.source]
type = "path"
path = "../../user/std-bin"

[[sections.initramfs.layers]]
kind = "cargo"
bin = "ls"
to = "/system/scarlet/bin/ls"
hash = "sha256:028e03188d300471f7cbcc530366084b08e580ffb1c6e056fb0d5b089a8d3904"

[sections.initramfs.layers.source]
type = "path"
path = "../../user/std-bin"

[[sections.initramfs.layers]]
kind = "cargo"
bin = "cat"
to = "/system/scarlet/bin/cat"
hash = "sha256:8d79394c1cc920f1819fc3bdd9e9324105930766bdc2527fe59ae1cf20ffcfba"

[sections.initramfs.layers.source]
type = "path"
path = "../../user/std-bin"

[[sections.initramfs.layers]]
kind = "cargo"
bin = "rm"
to = "/system/scarlet/bin/rm"
hash = "sha256:b74a4af56b68498e984dbe5195a6eb89b23d695d8007f8607fc54d07800eb0a2"

[sections.initramfs.layers.source]
type = "path"
path = "../../user/std-bin"

[[sections.initramfs.layers]]
kind = "cargo"
bin = "resolve"
to = "/system/scarlet/bin/resolve"
hash = "sha256:dbce0a170bdc42bc1c1480abf6be1e7ba0d61817a6768dd91bbc0d14f60421b3"

[sections.initramfs.layers.source]
type = "path"
path = "../../user/std-bin"

[[sections.initramfs.layers]]
kind = "cargo"
bin = "nc"
to = "/system/scarlet/bin/nc"
hash = "sha256:89324274540f017c2c3c5014ac5961e9bec59fc8e9255122e27b483f3f161239"

[sections.initramfs.layers.source]
type = "path"
path = "../../user/std-bin"

[[sections.initramfs.layers]]
kind = "cargo"
bin = "ping"
to = "/system/scarlet/bin/ping"
hash = "sha256:5e0f2a24ac5a8ac5797c6c4275c9363927670b7400b075f8dec1e00f8accbfe5"

[sections.initramfs.layers.source]
type = "path"
path = "../../user/std-bin"

[[sections.initramfs.layers]]
kind = "cargo"
bin = "netcfg"
to = "/system/scarlet/bin/netcfg"
hash = "sha256:2685e1221fa93ff441cfb7b77a21b916e3a3bcbe9dcd2305513c13c5b71ea040"

[sections.initramfs.layers.source]
type = "path"
path = "../../user/std-bin"

[[sections.initramfs.layers]]
kind = "cargo"
bin = "watch"
to = "/system/scarlet/bin/watch"
hash = "sha256:4a98133d3e88ecdb525af1e8a4014fbd005684539e438eb0aceed04659ff4747"

[sections.initramfs.layers.source]
type = "path"
path = "../../user/std-bin"

[[sections.initramfs.layers]]
kind = "cargo"
bin = "date"
to = "/system/scarlet/bin/date"
hash = "sha256:02caeeaf59d9ef622b1ba3a41cfbfed16da4a631bcda8c8e88f9d68f1fd628df"

[sections.initramfs.layers.source]
type = "path"
path = "../../user/std-bin"

[[sections.initramfs.layers]]
kind = "cargo"
bin = "fb-test"
to = "/system/scarlet/bin/fb-test"
hash = "sha256:218adb9f971cb88c32653d758c84e8b2dc1dee2f3ee2a1278e163e9457b7a2b0"

[sections.initramfs.layers.source]
type = "path"
path = "../../user/std-bin"

[sections.rootfs]
hash = "sha256:dbd5362fdd4a9e467cbb81856c582a683aa3a3ac57805803047b4e10ffc60dde"

[[sections.rootfs.layers]]
kind = "cargo"
package = "user-bin"
bin = "init"
to = "/system/scarlet/bin/init"
hash = "sha256:ac30cfeacd9d85fea8c088249a7043d0aaa4ff9c8e2a4678ca93511555915687"

[sections.rootfs.layers.source]
type = "path"
path = "../../user/bin"

[[sections.rootfs.layers]]
kind = "cargo"
package = "user-bin"
bin = "sh"
to = "/system/scarlet/bin/sh"
hash = "sha256:194fbfce5d95416a94ee48a88d1221b0986ce61831d142b8607db2d54811bf12"

[sections.rootfs.layers.source]
type = "path"
path = "../../user/bin"

[[sections.rootfs.layers]]
kind = "cargo"
package = "user-bin"
bin = "login"
to = "/system/scarlet/bin/login"
hash = "sha256:73bf80368461e50307ab38e80bd255eb826c9ee0f47c3311b055051a3302e906"

[sections.rootfs.layers.source]
type = "path"
path = "../../user/bin"

[[sections.rootfs.layers]]
kind = "cargo"
package = "scarlet-std-bin"
bin = "stemd"
to = "/system/scarlet/bin/stemd"
hash = "sha256:e23d94e55f20873e5038587d797303d72dce112d0bfaf506cd4ec162faa96d09"

[sections.rootfs.layers.source]
type = "path"
path = "../../user/std-bin"

[[sections.rootfs.layers]]
kind = "cargo"
package = "scarlet-std-bin"
bin = "logd"
to = "/system/scarlet/bin/logd"
hash = "sha256:9888d2a8d85a99ea8f82edd45d279b0b93045c17bd60c5a70dbed1ca90a552f4"

[sections.rootfs.layers.source]
type = "path"
path = "../../user/std-bin"

[[sections.rootfs.layers]]
kind = "cargo"
package = "scarlet-std-bin"
bin = "logctl"
to = "/system/scarlet/bin/logctl"
hash = "sha256:f577a9f2d7bd48b7d6c0e2e3106c2510772ded924931a27ecdfded506c78e182"

[sections.rootfs.layers.source]
type = "path"
path = "../../user/std-bin"

[[sections.rootfs.layers]]
kind = "cargo"
package = "user-bin"
bin = "sbusd"
to = "/system/scarlet/bin/sbusd"
hash = "sha256:05e72bdf63a6c32c4ea5fc17425c8aa2b21f33209e7d5edffac518998bb1cf50"

[sections.rootfs.layers.source]
type = "path"
path = "../../user/bin"

[[sections.rootfs.layers]]
kind = "cargo"
bin = "hello"
to = "/system/scarlet/bin/hello"
hash = "sha256:35179ec37b97f2f8ec722a50dbe68142fadb42d9bd6042f32b6323abeca07bbd"

[sections.rootfs.layers.source]
type = "path"
path = "../../user/std-bin"

[[sections.rootfs.layers]]
kind = "cargo"
package = "user-bin"
bin = "ps"
to = "/system/scarlet/bin/ps"
hash = "sha256:bf176e49b157690e9c1614611eb04c1585c2ee7ea5cb6a8f5965e35bcf734a52"

[sections.rootfs.layers.source]
type = "path"
path = "../../user/bin"

[[sections.rootfs.layers]]
kind = "cargo"
bin = "shutdown"
to = "/system/scarlet/bin/shutdown"
hash = "sha256:c50f7ae4d1bf0806032c422ab2ee2c0f48bc7b4399c2b6c6fb3e61fc1689dee2"

[sections.rootfs.layers.source]
type = "path"
path = "../../user/std-bin"

[[sections.rootfs.layers]]
kind = "cargo"
package = "scarlet-std-bin"
bin = "top"
to = "/system/scarlet/bin/top"
hash = "sha256:eb0c7c916aa6f7a9101ec7dbd8f5a2cf5d36b5ed96b31941812590e8cd0e6017"

[sections.rootfs.layers.source]
type = "path"
path = "../../user/std-bin"

[[sections.rootfs.layers]]
kind = "cargo"
package = "scarlet-std-bin"
bin = "kill"
to = "/system/scarlet/bin/kill"
hash = "sha256:2463b6d43a5cda3885c16c56e87bfed07a2b8e7247867d2f62988a2d22e28b84"

[sections.rootfs.layers.source]
type = "path"
path = "../../user/std-bin"

[[sections.rootfs.layers]]
kind = "cargo"
package = "user-bin"
bin = "scpm"
to = "/system/scarlet/bin/scpm"
hash = "sha256:24e89c5ce5e2b645a856282ee50eb455e5c805d7b512d087d4d8fe8a55ff0e2c"

[sections.rootfs.layers.source]
type = "path"
path = "../../user/bin"

[[sections.rootfs.layers]]
kind = "cargo"
package = "user-bin"
bin = "netcfgd"
to = "/system/scarlet/bin/netcfgd"
hash = "sha256:4d2eb5e9f0a5e003369dc4f0ef33ab7ae199fcbd00a78f973d0a572dd43e3632"

[sections.rootfs.layers.source]
type = "path"
path = "../../user/bin"

[[sections.rootfs.layers]]
kind = "cargo"
package = "user-bin"
bin = "sshd"
to = "/system/scarlet/bin/sshd"
hash = "sha256:59be0c1cb859e23ad23dd7714e14b406c31ac4721ae91094204230c2ce7e9cae"

[sections.rootfs.layers.source]
type = "path"
path = "../../user/bin"

[[sections.rootfs.layers]]
kind = "cargo"
bin = "resolverd"
to = "/system/scarlet/bin/resolverd"
hash = "sha256:0bf45da088505b9cf4f0d0bc2f02cd96be523ff77c0984a71e02ada0086b5ae9"

[sections.rootfs.layers.source]
type = "path"
path = "../../user/std-bin"

[[sections.rootfs.layers]]
kind = "cargo"
bin = "ls"
to = "/system/scarlet/bin/ls"
hash = "sha256:028e03188d300471f7cbcc530366084b08e580ffb1c6e056fb0d5b089a8d3904"

[sections.rootfs.layers.source]
type = "path"
path = "../../user/std-bin"

[[sections.rootfs.layers]]
kind = "cargo"
bin = "cat"
to = "/system/scarlet/bin/cat"
hash = "sha256:8d79394c1cc920f1819fc3bdd9e9324105930766bdc2527fe59ae1cf20ffcfba"

[sections.rootfs.layers.source]
type = "path"
path = "../../user/std-bin"

[[sections.rootfs.layers]]
kind = "cargo"
bin = "rm"
to = "/system/scarlet/bin/rm"
hash = "sha256:b74a4af56b68498e984dbe5195a6eb89b23d695d8007f8607fc54d07800eb0a2"

[sections.rootfs.layers.source]
type = "path"
path = "../../user/std-bin"

[[sections.rootfs.layers]]
kind = "cargo"
bin = "resolve"
to = "/system/scarlet/bin/resolve"
hash = "sha256:dbce0a170bdc42bc1c1480abf6be1e7ba0d61817a6768dd91bbc0d14f60421b3"

[sections.rootfs.layers.source]
type = "path"
path = "../../user/std-bin"

[[sections.rootfs.layers]]
kind = "cargo"
bin = "nc"
to = "/system/scarlet/bin/nc"
hash = "sha256:89324274540f017c2c3c5014ac5961e9bec59fc8e9255122e27b483f3f161239"

[sections.rootfs.layers.source]
type = "path"
path = "../../user/std-bin"

[[sections.rootfs.layers]]
kind = "cargo"
bin = "ping"
to = "/system/scarlet/bin/ping"
hash = "sha256:5e0f2a24ac5a8ac5797c6c4275c9363927670b7400b075f8dec1e00f8accbfe5"

[sections.rootfs.layers.source]
type = "path"
path = "../../user/std-bin"

[[sections.rootfs.layers]]
kind = "cargo"
bin = "netcfg"
to = "/system/scarlet/bin/netcfg"
hash = "sha256:2685e1221fa93ff441cfb7b77a21b916e3a3bcbe9dcd2305513c13c5b71ea040"

[sections.rootfs.layers.source]
type = "path"
path = "../../user/std-bin"

[[sections.rootfs.layers]]
kind = "cargo"
bin = "watch"
to = "/system/scarlet/bin/watch"
hash = "sha256:4a98133d3e88ecdb525af1e8a4014fbd005684539e438eb0aceed04659ff4747"

[sections.rootfs.layers.source]
type = "path"
path = "../../user/std-bin"

[[sections.rootfs.layers]]
kind = "cargo"
bin = "date"
to = "/system/scarlet/bin/date"
hash = "sha256:02caeeaf59d9ef622b1ba3a41cfbfed16da4a631bcda8c8e88f9d68f1fd628df"

[sections.rootfs.layers.source]
type = "path"
path = "../../user/std-bin"

[[sections.rootfs.layers]]
kind = "cargo"
bin = "fb-test"
to = "/system/scarlet/bin/fb-test"
hash = "sha256:218adb9f971cb88c32653d758c84e8b2dc1dee2f3ee2a1278e163e9457b7a2b0"

[sections.rootfs.layers.source]
type = "path"
path = "../../user/std-bin"

[[sections.rootfs.layers]]
kind = "cargo"
package = "user-bin"
bin = "scarlet-desktop"
to = "/system/scarlet/bin/scarlet-desktop"
hash = "sha256:e38bef7fe9ce14e1bb532e98d3b81b9af82851a02f59529f1069009f851a3d48"

[sections.rootfs.layers.source]
type = "path"
path = "../../user/bin"

[[sections.rootfs.layers]]
kind = "cargo"
package = "user-bin"
bin = "desktop-settings"
to = "/system/scarlet/bin/desktop-settings"
hash = "sha256:d964517a6866bc14257300cc7f23d50f353828f87b84a3e516df58bab0e81589"

[sections.rootfs.layers.source]
type = "path"
path = "../../user/bin"

[[sections.rootfs.layers]]
kind = "cargo"
package = "scarlet-std-bin"
bin = "files"
to = "/system/scarlet/bin/files"
hash = "sha256:16701078a64271b316f33239c18e3d4c95489fe1e89e0854d453c26df9a4f25a"

[sections.rootfs.layers.source]
type = "path"
path = "../../user/std-bin"

[[sections.rootfs.layers]]
kind = "cargo"
package = "scarlet-std-bin"
bin = "notepad"
to = "/system/scarlet/bin/notepad"
hash = "sha256:bd9d6a53922f5ef634e865cbcb40ac3274fe2272c2ab5acc497d24242a9ca670"

[sections.rootfs.layers.source]
type = "path"
path = "../../user/std-bin"

[[sections.rootfs.layers]]
kind = "cargo"
package = "scarlet-std-bin"
bin = "scarlet-shell"
to = "/system/scarlet/bin/scarlet-shell"
hash = "sha256:c23fcd0e7aa4fb1f2409ba0e58da671269c01e1eca8066fbc19dbc2f94a12c32"

[sections.rootfs.layers.source]
type = "path"
path = "../../user/std-bin"

[[sections.rootfs.layers]]
kind = "cargo"
package = "user-bin"
bin = "terminal"
to = "/system/scarlet/bin/terminal"
hash = "sha256:415550993e3131697febe16b9b60b533af50b44eb8b9240cce7d1129c86008d2"

[sections.rootfs.layers.source]
type = "path"
path = "../../user/bin"

[[sections.rootfs.layers]]
kind = "cargo"
package = "scarlet-std-bin"
bin = "sws"
to = "/system/scarlet/bin/sws"
hash = "sha256:e4a4c0ffa2ce13a1077c9e1864c4bdafdd9739cab0a98d897ef1c154f5360199"

[sections.rootfs.layers.source]
type = "path"
path = "../../user/std-bin"

[[sections.rootfs.layers]]
kind = "cargo"
package = "user-bin"
bin = "sas"
to = "/system/scarlet/bin/sas"
hash = "sha256:cee56070dc713a407ed452aa052bce6e25e9a6c0c12a7d19bf2632ccc0c15e96"

[sections.rootfs.layers.source]
type = "path"
path = "../../user/bin"

[[sections.rootfs.layers]]
kind = "cargo"
bin = "sasctl"
to = "/system/scarlet/bin/sasctl"
hash = "sha256:2a78195b1b047f486300567a3ffe953b37be88cf9b24ef63f5f6ff2de51dd427"

[sections.rootfs.layers.source]
type = "path"
path = "../../user/std-bin"

[[sections.rootfs.layers]]
kind = "cargo"
package = "user-bin"
bin = "mplayer"
to = "/system/scarlet/bin/mplayer"
hash = "sha256:b57b677991b432a11f45303268df77bab297b953c7533b91f42b8f36d23634fe"

[sections.rootfs.layers.source]
type = "path"
path = "../../user/bin"

[[sections.rootfs.layers]]
kind = "cargo"
package = "user-bin"
bin = "ui-demo"
to = "/system/scarlet/bin/ui-demo"
hash = "sha256:7be15dd274c57066ccf58e3014644b3d7d964d360652885a8b12531e1a69f6eb"

[sections.rootfs.layers.source]
type = "path"
path = "../../user/bin"

[[sections.rootfs.layers]]
kind = "cargo"
package = "user-bin"
bin = "ui-benchmark"
to = "/system/scarlet/bin/ui-benchmark"
hash = "sha256:ca33249184466529a24c51174b534afe50d9ea0d9d8a2336b41a1ddec77b4101"

[sections.rootfs.layers.source]
type = "path"
path = "../../user/bin"

[[sections.rootfs.layers]]
kind = "cargo"
git = "https://github.com/petitstrawberry/scarlet-ui"
resolved_rev = "fe7e0409c76002a01cb0394979f7c8d2f7ffc21f"
package = "scarlet-ui-widget-factory"
bin = "scarlet-ui-widget-factory"
subdir = "examples/widget-factory"
to = "/system/scarlet/bin/widget-factory"
hash = "sha256:5322bc90a5abe70fe17b4445b7bc880ca6fcb1937726dfd1642bf117472be988"

[sections.rootfs.layers.source]
type = "git"
url = "https://github.com/petitstrawberry/scarlet-ui"
rev = "fe7e0409c76002a01cb0394979f7c8d2f7ffc21f"

[[sections.rootfs.layers]]
kind = "cargo"
bin = "ui-sgfx-showcase"
to = "/system/scarlet/bin/ui-sgfx-showcase"
hash = "sha256:7c08905b307de1bb9fdb7057ca3b2d1c7c2c214a03c219d21e9ee55d716422d9"

[sections.rootfs.layers.source]
type = "path"
path = "../../user/std-bin"

[[sections.rootfs.layers]]
kind = "cargo"
package = "user-bin"
bin = "settings"
to = "/system/scarlet/bin/settings"
hash = "sha256:0db69eac6f136cbe1d8bf783e11e97a519ef8e6556d815bb7f0e8b20151a4b31"

[sections.rootfs.layers.source]
type = "path"
path = "../../user/bin"

[[sections.rootfs.layers]]
kind = "cargo"
bin = "task-manager"
to = "/system/scarlet/bin/task-manager"
hash = "sha256:1ab8340a707277bc8ac70c5e43c9d0f3309b1b259399ef41da70efa4d3bda5f2"

[sections.rootfs.layers.source]
type = "path"
path = "../../user/std-bin"

[[sections.rootfs.layers]]
kind = "cargo"
package = "user-bin"
bin = "scarlet-skk"
to = "/system/scarlet/bin/scarlet-skk"
hash = "sha256:b537a4f1b12fb7a8698c8a3d719ddcddd52a851d8b244d73b0b4a976412cb46f"

[sections.rootfs.layers.source]
type = "path"
path = "../../user/bin"

[[sections.rootfs.layers]]
kind = "script"
to = "/system/scarlet/share/skk/SKK-JISYO.L"
output = "../../bundles/desktop/.scarlet/cache/skk/SKK-JISYO.L"
hash = "sha256:cb3638df4cf621359db4e5aca385deae3cd0e681540da1c788d004374d261a42"

[sections.rootfs.layers.source]
type = "path"
path = "../../bundles/desktop/tools/fetch_skk_dictionary.sh"

[[sections.rootfs.layers]]
kind = "cargo"
package = "user-bin"
bin = "wayland-bridge"
to = "/system/scarlet/bin/wayland-bridge"
hash = "sha256:580a5643a951af8636655b072637b75c19322105808266e030d085491031bd13"

[sections.rootfs.layers.source]
type = "path"
path = "../../user/bin"

[[sections.rootfs.layers]]
kind = "cargo"
bin = "ansi-banner"
to = "/system/scarlet/bin/ansi-banner"
hash = "sha256:7594edf3d3580219e2edeaaa6c25114b72d39cf76cf29f63074e305e6a9ddf66"

[sections.rootfs.layers.source]
type = "path"
path = "../../user/std-bin"

[[sections.rootfs.layers]]
kind = "cargo"
package = "user-bin"
bin = "sgfx-probe"
to = "/system/scarlet/bin/sgfx-probe"
hash = "sha256:85db4d6172a5d7ba70e5417f465b67395a1bca7fc526a69c86197bfe45cbf234"

[sections.rootfs.layers.source]
type = "path"
path = "../../user/bin"

[[sections.rootfs.layers]]
kind = "cargo"
bin = "sgfx-cube"
to = "/system/scarlet/bin/sgfx-cube"
hash = "sha256:002e999d8a95963a0f64a2a90182294ce05816695bbb18f111a2a63c5c54ecec"

[sections.rootfs.layers.source]
type = "path"
path = "../../user/std-bin"

[[sections.rootfs.layers]]
kind = "cargo"
bin = "sgfx-texture"
to = "/system/scarlet/bin/sgfx-texture"
hash = "sha256:9b1df4097ae4afeeec019edc2f5327bb9d8b8c6c4e1727f63b549f9dc3b9d8d9"

[sections.rootfs.layers.source]
type = "path"
path = "../../user/std-bin"

[[sections.rootfs.layers]]
kind = "cargo"
bin = "sgfx-showcase"
to = "/system/scarlet/bin/sgfx-showcase"
hash = "sha256:2b28c95828d8c51f8c4966e6ed8319ab4d4094c75d7238042673439b24964ec3"

[sections.rootfs.layers.source]
type = "path"
path = "../../user/std-bin"

[[sections.rootfs.layers]]
kind = "cargo"
bin = "httpd"
to = "/system/scarlet/bin/httpd"
hash = "sha256:bfb4be3f1e32b15fdbbb834be69107c1ff9292ffb04896ef3f99161b9a898455"

[sections.rootfs.layers.source]
type = "path"
path = "../../user/std-bin"

[[sections.rootfs.layers]]
kind = "cargo"
package = "user-bin"
bin = "ushv"
to = "/system/scarlet/bin/ushv"
hash = "sha256:bee64d540a855cd4cc0280d5c4dbfe4f5eaf4cb47ef31d1463bb5d3b74308a28"

[sections.rootfs.layers.source]
type = "path"
path = "../../user/bin"

[[sections.rootfs.layers]]
kind = "cargo"
bin = "lsm-list"
to = "/system/scarlet/bin/lsm-list"
hash = "sha256:f2c9f3b04c51e1c61f6b59120d9a1b7083688c25dfab6043c7626785e473d266"

[sections.rootfs.layers.source]
type = "path"
path = "../../user/std-bin"

[[sections.rootfs.layers]]
kind = "cargo"
bin = "clock"
to = "/system/scarlet/bin/clock"
hash = "sha256:eb58c763d8b2c6647f1fef584e7682f9c06668f3c5768bec10b035a3993bab86"

[sections.rootfs.layers.source]
type = "path"
path = "../../user/std-bin"

[[sections.rootfs.layers]]
kind = "cargo"
bin = "lsm-load"
to = "/system/scarlet/bin/lsm-load"
hash = "sha256:0dd68d8d16e9e7b226546761aba504960bdee7b6645bbfaaf78832c38bb651be"

[sections.rootfs.layers.source]
type = "path"
path = "../../user/std-bin"

[[sections.rootfs.layers]]
kind = "cargo"
bin = "lsm-unload"
to = "/system/scarlet/bin/lsm-unload"
hash = "sha256:2507dc30d96cc7f738c004456d83e2a2a5cb3d561184c7e88c6b4da8784256e4"

[sections.rootfs.layers.source]
type = "path"
path = "../../user/std-bin"

[[sections.rootfs.layers]]
kind = "cargo"
bin = "input-dump"
to = "/system/scarlet/bin/input-dump"
hash = "sha256:7481e5f393d03f8ec3046f03b7704f8794dc4c739fdc74265abfd6503fd0c568"

[sections.rootfs.layers.source]
type = "path"
path = "../../user/std-bin"

[[sections.rootfs.layers]]
kind = "cargo"
bin = "displayctl"
to = "/system/scarlet/bin/displayctl"
hash = "sha256:70bcadb87cfe7f725598e27e3148bc2dedd4163aac08fb4742a482592a7b64b7"

[sections.rootfs.layers.source]
type = "path"
path = "../../user/std-bin"

[[sections.rootfs.layers]]
kind = "cargo"
bin = "sensor-dump"
to = "/system/scarlet/bin/sensor-dump"
hash = "sha256:2b275fd0d154f5496acb577d5f3bf23d8246e5d4a5a84b33eae645dad2ebe876"

[sections.rootfs.layers.source]
type = "path"
path = "../../user/std-bin"

[[sections.rootfs.layers]]
kind = "cargo"
bin = "tabletctl"
to = "/system/scarlet/bin/tabletctl"
hash = "sha256:a50b7e29c4dc6a4a3adce69fc09887cd057a7d12c953491619d272bbcd4b45ef"

[sections.rootfs.layers.source]
type = "path"
path = "../../user/std-bin"

[[sections.rootfs.layers]]
kind = "cargo"
bin = "mozc-server"
to = "/system/scarlet/bin/mozc-server"
hash = "sha256:5877ce407073b336e6cb18bfd2a9160f58fe24b542c16b24bcbdce4186287434"

[sections.rootfs.layers.source]
type = "path"
path = "../../user/bin"

[[sections.rootfs.layers]]
kind = "cargo"
package = "user-bin"
bin = "scarlet-mozc"
to = "/system/scarlet/bin/scarlet-mozc"
hash = "sha256:75ee17679ff868633ab5a23366561873ddfd54db1f7a82dc296ab1cc2dbf55dd"

[sections.rootfs.layers.source]
type = "path"
path = "../../user/bin"

[[sections.rootfs.layers]]
kind = "cargo"
package = "user-bin"
bin = "dcp-flip-test"
to = "/system/scarlet/bin/dcp-flip-test"
hash = "sha256:91eac4ab93666239a20f3720a5edb4cd02ede23ea53b396c8929974bbed39896"

[sections.rootfs.layers.source]
type = "path"
path = "../../user/bin"

[[sections.rootfs.layers]]
kind = "cargo"
git = "https://github.com/petitstrawberry/carmine"
resolved_rev = "0e4802552761d4cc8d56b21f76f0e17d4dbc5357"
package = "carmine"
bin = "carmine"
to = "/system/scarlet/bin/carmine"
hash = "sha256:ae1b02d078df19e0b7d2fd4cde288937eb9cab396f1c41bfc12b70700a07c7a2"

[sections.rootfs.layers.source]
type = "git"
url = "https://github.com/petitstrawberry/carmine"
rev = "0e4802552761d4cc8d56b21f76f0e17d4dbc5357"

[[sections.rootfs.layers]]
kind = "cargo"
git = "https://github.com/petitstrawberry/vellum"
resolved_rev = "cd7c4b080fd326de640e6f320b0ffd93d4858743"
package = "vellum"
bin = "vellum"
to = "/system/scarlet/bin/vellum"
hash = "sha256:c2b99394785476d8a1de803123acf3c3c5fec369aa38a3a6ded364f70ec784f5"

[sections.rootfs.layers.source]
type = "git"
url = "https://github.com/petitstrawberry/vellum"
rev = "cd7c4b080fd326de640e6f320b0ffd93d4858743"

[[sections.rootfs.layers]]
kind = "cargo"
git = "https://github.com/petitstrawberry/boxcraft"
resolved_rev = "1695a2cdb8ab652b1c7e7da5cb7150d4dd908102"
package = "boxcraft"
bin = "boxcraft"
to = "/system/scarlet/bin/boxcraft"
hash = "sha256:b793b7d679969a6546607d993e33cf3fcaa7624f322098a202a0140d771f183b"

[sections.rootfs.layers.source]
type = "git"
url = "https://github.com/petitstrawberry/boxcraft"
rev = "1695a2cdb8ab652b1c7e7da5cb7150d4dd908102"

[[sections.rootfs.layers]]
kind = "cargo"
bin = "remote-desktop"
to = "/system/scarlet/bin/remote-desktop"
hash = "sha256:40c214371d13febcaca21bffad1d0f1720d870012dacbf33f4d385fe3328bc7a"

[sections.rootfs.layers.source]
type = "path"
path = "../../user/std-bin"

[[sections.rootfs.layers]]
kind = "archive"
to = "/system/linux-aarch64"
format = "tar-zst"
strip_components = 1
hash = "sha256:4d94a1870a9be510987c61eb7371d35a7d31415ca49a56ecb8df74791a4e2eb0"

[sections.rootfs.layers.source]
type = "archive"
url = "https://github.com/petitstrawberry/scarlet-bundle-linux/releases/download/v0.1.0/rootfs-aarch64-v0.1.0.tar.zst"
sha256 = "sha256:4d94a1870a9be510987c61eb7371d35a7d31415ca49a56ecb8df74791a4e2eb0"

[[sections.rootfs.layers]]
kind = "archive"
to = "/system/linux-aarch64"
format = "tar-zst"
strip_components = 1
hash = "sha256:727f20be6a009329e0be7c627f4dd07904588825077e4c431c943d9555499c26"

[sections.rootfs.layers.source]
type = "archive"
url = "https://github.com/petitstrawberry/scarlet-bundle-linux/releases/download/v0.1.0/mozc-aarch64-v0.1.0.tar.zst"
sha256 = "sha256:727f20be6a009329e0be7c627f4dd07904588825077e4c431c943d9555499c26"

[[sections.rootfs.layers]]
kind = "cargo"
package = "video_player"
bin = "video-player"
features = [
    "av1-stateful-hw",
    "h264-stateful-hw",
    "h264-stateless-hw",
    "mp4-aac",
]
default-features = false
to = "/system/scarlet/bin/video-player"
hash = "sha256:9812eae00e0aafc56ddb374c5c9c0bffdfb7ca2b43e2d8a91224b8aa755ec4f5"

[sections.rootfs.layers.source]
type = "path"
path = "../../user/video_player"

[[sections.rootfs.layers]]
kind = "cargo"
git = "https://github.com/petitstrawberry/yt-for-scarlet"
resolved_rev = "4c92409083251093faf0c31a0dad2c8b581242b1"
package = "yt"
bin = "yt"
to = "/system/scarlet/bin/yt"
hash = "sha256:f06c4b80a7e82c39c9c69b7d2c2070d5bc7c797fa0cb192f83ca220354e19700"

[sections.rootfs.layers.source]
type = "git"
url = "https://github.com/petitstrawberry/yt-for-scarlet"
rev = "4c92409083251093faf0c31a0dad2c8b581242b1"

[[sections.rootfs.layers]]
kind = "cargo"
git = "https://github.com/petitstrawberry/yt-for-scarlet"
resolved_rev = "4c92409083251093faf0c31a0dad2c8b581242b1"
package = "yt-gui"
bin = "yt-gui"
to = "/system/scarlet/bin/yt-gui"
hash = "sha256:c0d44fc53ecc3c6b7edc450822fbfbfa5e090bd2358fe4ea1bb71565c5d27ad2"

[sections.rootfs.layers.source]
type = "git"
url = "https://github.com/petitstrawberry/yt-for-scarlet"
rev = "4c92409083251093faf0c31a0dad2c8b581242b1"
