# Generated by cargo-scarlet — do not edit

[sections.boot]
hash = "sha256:dd1c6ea5568e75f97fbbc7ffac5bef542cdde72650d9ab17a64cc0773a9697a2"
layers = []

[sections.initramfs]
hash = "sha256:8186926c372aef5c21c94e5afbd5ceca8e08fc073392b9fe4fa632cc3c7d243c"
layers = []

[sections.rootfs]
hash = "sha256:0f56fc374836a6a5a13015442de8abd5048346f88f8543115c9816a5de8f0e54"
layers = []
